// !$*UTF8*$!
{
	archiveVersion = 1;
	classes = {
	};
	objectVersion = 77;
	objects = {

/* Begin PBXBuildFile section */
		1BF9ECD020EE252F0094C0C1 /* ISBidMachineInterstitialAdapter.h in Headers */ = {isa = PBXBuildFile; fileRef = 6ABE01CDB808BF73367415DC /* ISBidMachineInterstitialAdapter.h */; };
		355AE29F5B9812F8AB352CBE /* ISBidMachineRewardedDelegate.m in Sources */ = {isa = PBXBuildFile; fileRef = FFE6ADFE554851E6918875FD /* ISBidMachineRewardedDelegate.m */; };
		5AFB6549431BD35AB271BB1F /* ISBidMachineBannerAdapter.m in Sources */ = {isa = PBXBuildFile; fileRef = F3ADF42B236C3DC1F2E2EE9A /* ISBidMachineBannerAdapter.m */; };
		67A551C615531971E656C0B8 /* ISBidMachineBannerAdapter.h in Headers */ = {isa = PBXBuildFile; fileRef = B29B7FE9A9182C5C4B3C1ECA /* ISBidMachineBannerAdapter.h */; };
		68EE8B08814FAD184E88C6CB /* ISBidMachineRewardedAdapter.h in Headers */ = {isa = PBXBuildFile; fileRef = AA3989B301701F283E297C5F /* ISBidMachineRewardedAdapter.h */; };
		71273162A1F199D7F4FBE9AF /* ISBidMachineInterstitialDelegate.h in Headers */ = {isa = PBXBuildFile; fileRef = BB5B6CDD08FACEA286173E25 /* ISBidMachineInterstitialDelegate.h */; };
		742082D738B3D39B7924E371 /* ISBidMachineInterstitialAdapter.m in Sources */ = {isa = PBXBuildFile; fileRef = AE0C905A7F378F03B5CC61BF /* ISBidMachineInterstitialAdapter.m */; };
		88D3B1DCD57A0CA3DBBF2609 /* ISBidMachineBannerDelegate.h in Headers */ = {isa = PBXBuildFile; fileRef = C8AAF9C35EE066D941E24642 /* ISBidMachineBannerDelegate.h */; };
		9543628ABEDED91C9ACFAF43 /* ISBidMachineInterstitialDelegate.m in Sources */ = {isa = PBXBuildFile; fileRef = FA194522B2793CBA8F155356 /* ISBidMachineInterstitialDelegate.m */; };
		AE5334FFDF15445BF922CC9F /* ISBidMachineRewardedDelegate.h in Headers */ = {isa = PBXBuildFile; fileRef = 0157E7A1B5C194D38E287BCB /* ISBidMachineRewardedDelegate.h */; };
		C3C764A961E6A4DDD9885627 /* ISBidMachineConstants.h in Headers */ = {isa = PBXBuildFile; fileRef = 376DAF3272FA7F581887F1CE /* ISBidMachineConstants.h */; };
		D19B70560D0D4D88FBBBBAEA /* ISBidMachineAdapter+Internal.h in Headers */ = {isa = PBXBuildFile; fileRef = 8D36BB416005D87BB2228F0E /* ISBidMachineAdapter+Internal.h */; };
		D49A203FE5C372AEE6147600 /* ISBidMachineAdapter.h in Headers */ = {isa = PBXBuildFile; fileRef = 65E2EF17C6A63215E9C27734 /* ISBidMachineAdapter.h */; settings = {ATTRIBUTES = (Public, ); }; };
		E67DDB99961DA3475BF47457 /* ISBidMachineAdapter.m in Sources */ = {isa = PBXBuildFile; fileRef = 6308AE10A8001BF067B95223 /* ISBidMachineAdapter.m */; };
		F4242E9D315887ECE2F9C3F3 /* ISBidMachineRewardedAdapter.m in Sources */ = {isa = PBXBuildFile; fileRef = A5FB637B8E8CCFAF9A14BAC2 /* ISBidMachineRewardedAdapter.m */; };
		FA9B52FBE497EB8116A51893 /* ISBidMachineBannerDelegate.m in Sources */ = {isa = PBXBuildFile; fileRef = 2AFBCC8EDE6692EC5A6821BD /* ISBidMachineBannerDelegate.m */; };
/* End PBXBuildFile section */

/* Begin PBXFileReference section */
		0157E7A1B5C194D38E287BCB /* ISBidMachineRewardedDelegate.h */ = {isa = PBXFileReference; lastKnownFileType = sourcecode.c.h; path = ISBidMachineRewardedDelegate.h; sourceTree = "<group>"; };
		2AFBCC8EDE6692EC5A6821BD /* ISBidMachineBannerDelegate.m */ = {isa = PBXFileReference; lastKnownFileType = sourcecode.c.objc; path = ISBidMachineBannerDelegate.m; sourceTree = "<group>"; };
		376DAF3272FA7F581887F1CE /* ISBidMachineConstants.h */ = {isa = PBXFileReference; lastKnownFileType = sourcecode.c.h; path = ISBidMachineConstants.h; sourceTree = "<group>"; };
		6308AE10A8001BF067B95223 /* ISBidMachineAdapter.m */ = {isa = PBXFileReference; lastKnownFileType = sourcecode.c.objc; path = ISBidMachineAdapter.m; sourceTree = "<group>"; };
		65E2EF17C6A63215E9C27734 /* ISBidMachineAdapter.h */ = {isa = PBXFileReference; lastKnownFileType = sourcecode.c.h; path = ISBidMachineAdapter.h; sourceTree = "<group>"; };
		6ABE01CDB808BF73367415DC /* ISBidMachineInterstitialAdapter.h */ = {isa = PBXFileReference; lastKnownFileType = sourcecode.c.h; path = ISBidMachineInterstitialAdapter.h; sourceTree = "<group>"; };
		8D36BB416005D87BB2228F0E /* ISBidMachineAdapter+Internal.h */ = {isa = PBXFileReference; lastKnownFileType = sourcecode.c.h; path = "ISBidMachineAdapter+Internal.h"; sourceTree = "<group>"; };
		A5FB637B8E8CCFAF9A14BAC2 /* ISBidMachineRewardedAdapter.m */ = {isa = PBXFileReference; lastKnownFileType = sourcecode.c.objc; path = ISBidMachineRewardedAdapter.m; sourceTree = "<group>"; };
		AA3989B301701F283E297C5F /* ISBidMachineRewardedAdapter.h */ = {isa = PBXFileReference; lastKnownFileType = sourcecode.c.h; path = ISBidMachineRewardedAdapter.h; sourceTree = "<group>"; };
		AE0C905A7F378F03B5CC61BF /* ISBidMachineInterstitialAdapter.m */ = {isa = PBXFileReference; lastKnownFileType = sourcecode.c.objc; path = ISBidMachineInterstitialAdapter.m; sourceTree = "<group>"; };
		B29B7FE9A9182C5C4B3C1ECA /* ISBidMachineBannerAdapter.h */ = {isa = PBXFileReference; lastKnownFileType = sourcecode.c.h; path = ISBidMachineBannerAdapter.h; sourceTree = "<group>"; };
		BB5B6CDD08FACEA286173E25 /* ISBidMachineInterstitialDelegate.h */ = {isa = PBXFileReference; lastKnownFileType = sourcecode.c.h; path = ISBidMachineInterstitialDelegate.h; sourceTree = "<group>"; };
		C8AAF9C35EE066D941E24642 /* ISBidMachineBannerDelegate.h */ = {isa = PBXFileReference; lastKnownFileType = sourcecode.c.h; path = ISBidMachineBannerDelegate.h; sourceTree = "<group>"; };
		F3ADF42B236C3DC1F2E2EE9A /* ISBidMachineBannerAdapter.m */ = {isa = PBXFileReference; lastKnownFileType = sourcecode.c.objc; path = ISBidMachineBannerAdapter.m; sourceTree = "<group>"; };
		FA194522B2793CBA8F155356 /* ISBidMachineInterstitialDelegate.m */ = {isa = PBXFileReference; lastKnownFileType = sourcecode.c.objc; path = ISBidMachineInterstitialDelegate.m; sourceTree = "<group>"; };
		FF562D6EEAC0E7FD9CBE5349 /* ISBidMachineAdapter.framework */ = {isa = PBXFileReference; explicitFileType = wrapper.framework; includeInIndex = 0; path = ISBidMachineAdapter.framework; sourceTree = BUILT_PRODUCTS_DIR; };
		FFE6ADFE554851E6918875FD /* ISBidMachineRewardedDelegate.m */ = {isa = PBXFileReference; lastKnownFileType = sourcecode.c.objc; path = ISBidMachineRewardedDelegate.m; sourceTree = "<group>"; };
/* End PBXFileReference section */

/* Begin PBXGroup section */
		0325F7E6CE42245C1A774D89 /* Products */ = {
			isa = PBXGroup;
			children = (
				FF562D6EEAC0E7FD9CBE5349 /* ISBidMachineAdapter.framework */,
			);
			name = Products;
			sourceTree = "<group>";
		};
		5F3D2B3037B6F8246CDD028D /* ISBidMachineAdapter */ = {
			isa = PBXGroup;
			children = (
				65E2EF17C6A63215E9C27734 /* ISBidMachineAdapter.h */,
				6308AE10A8001BF067B95223 /* ISBidMachineAdapter.m */,
				8D36BB416005D87BB2228F0E /* ISBidMachineAdapter+Internal.h */,
				376DAF3272FA7F581887F1CE /* ISBidMachineConstants.h */,
				EA3D15AA0A03E530C7719D04 /* Banner */,
				D680A54EF70E48A0A20499E5 /* Interstitial */,
				EE45B08C3FD6D5BDB54EA121 /* Rewarded */,
			);
			path = ISBidMachineAdapter;
			sourceTree = "<group>";
		};
		AB23C3F74DE09E0C4E161F59 = {
			isa = PBXGroup;
			children = (
				5F3D2B3037B6F8246CDD028D /* ISBidMachineAdapter */,
				0325F7E6CE42245C1A774D89 /* Products */,
			);
			sourceTree = "<group>";
		};
		D680A54EF70E48A0A20499E5 /* Interstitial */ = {
			isa = PBXGroup;
			children = (
				6ABE01CDB808BF73367415DC /* ISBidMachineInterstitialAdapter.h */,
				AE0C905A7F378F03B5CC61BF /* ISBidMachineInterstitialAdapter.m */,
				BB5B6CDD08FACEA286173E25 /* ISBidMachineInterstitialDelegate.h */,
				FA194522B2793CBA8F155356 /* ISBidMachineInterstitialDelegate.m */,
			);
			path = Interstitial;
			sourceTree = "<group>";
		};
		EA3D15AA0A03E530C7719D04 /* Banner */ = {
			isa = PBXGroup;
			children = (
				B29B7FE9A9182C5C4B3C1ECA /* ISBidMachineBannerAdapter.h */,
				F3ADF42B236C3DC1F2E2EE9A /* ISBidMachineBannerAdapter.m */,
				C8AAF9C35EE066D941E24642 /* ISBidMachineBannerDelegate.h */,
				2AFBCC8EDE6692EC5A6821BD /* ISBidMachineBannerDelegate.m */,
			);
			path = Banner;
			sourceTree = "<group>";
		};
		EE45B08C3FD6D5BDB54EA121 /* Rewarded */ = {
			isa = PBXGroup;
			children = (
				AA3989B301701F283E297C5F /* ISBidMachineRewardedAdapter.h */,
				A5FB637B8E8CCFAF9A14BAC2 /* ISBidMachineRewardedAdapter.m */,
				0157E7A1B5C194D38E287BCB /* ISBidMachineRewardedDelegate.h */,
				FFE6ADFE554851E6918875FD /* ISBidMachineRewardedDelegate.m */,
			);
			path = Rewarded;
			sourceTree = "<group>";
		};
/* End PBXGroup section */

/* Begin PBXHeadersBuildPhase section */
		F8678119016D60D37BA685A7 /* Headers */ = {
			isa = PBXHeadersBuildPhase;
			buildActionMask = 2147483647;
			files = (
				D19B70560D0D4D88FBBBBAEA /* ISBidMachineAdapter+Internal.h in Headers */,
				D49A203FE5C372AEE6147600 /* ISBidMachineAdapter.h in Headers */,
				67A551C615531971E656C0B8 /* ISBidMachineBannerAdapter.h in Headers */,
				88D3B1DCD57A0CA3DBBF2609 /* ISBidMachineBannerDelegate.h in Headers */,
				C3C764A961E6A4DDD9885627 /* ISBidMachineConstants.h in Headers */,
				1BF9ECD020EE252F0094C0C1 /* ISBidMachineInterstitialAdapter.h in Headers */,
				71273162A1F199D7F4FBE9AF /* ISBidMachineInterstitialDelegate.h in Headers */,
				68EE8B08814FAD184E88C6CB /* ISBidMachineRewardedAdapter.h in Headers */,
				AE5334FFDF15445BF922CC9F /* ISBidMachineRewardedDelegate.h in Headers */,
			);
			runOnlyForDeploymentPostprocessing = 0;
		};
/* End PBXHeadersBuildPhase section */

/* Begin PBXNativeTarget section */
		FCDB6BB74EEA23FF026509B1 /* ISBidMachineAdapter */ = {
			isa = PBXNativeTarget;
			buildConfigurationList = 967D86B5483814943FD65185 /* Build configuration list for PBXNativeTarget "ISBidMachineAdapter" */;
			buildPhases = (
				0D65B7A4ABCD105FC659D83B /* Create XCFramework */,
				F8678119016D60D37BA685A7 /* Headers */,
				06AEA4B70AC847CA1033D07C /* Sources */,
			);
			buildRules = (
			);
			dependencies = (
			);
			name = ISBidMachineAdapter;
			packageProductDependencies = (
			);
			productName = ISBidMachineAdapter;
			productReference = FF562D6EEAC0E7FD9CBE5349 /* ISBidMachineAdapter.framework */;
			productType = "com.apple.product-type.framework";
		};
/* End PBXNativeTarget section */

/* Begin PBXProject section */
		9439981DB8BF500704346631 /* Project object */ = {
			isa = PBXProject;
			attributes = {
				BuildIndependentTargetsInParallel = YES;
				LastUpgradeCheck = 1430;
				TargetAttributes = {
					FCDB6BB74EEA23FF026509B1 = {
						DevelopmentTeam = NLKYWCU5C3;
						ProvisioningStyle = AUTOMATIC;
					};
				};
			};
			buildConfigurationList = 2BDD32B5099F82F21F0D4AAE /* Build configuration list for PBXProject "ISBidMachineAdapter" */;
			developmentRegion = en;
			hasScannedForEncodings = 0;
			knownRegions = (
				Base,
				en,
			);
			mainGroup = AB23C3F74DE09E0C4E161F59;
			minimizedProjectReferenceProxies = 1;
			preferredProjectObjectVersion = 77;
			productRefGroup = 0325F7E6CE42245C1A774D89 /* Products */;
			projectDirPath = "";
			projectRoot = "";
			targets = (
				FCDB6BB74EEA23FF026509B1 /* ISBidMachineAdapter */,
			);
		};
/* End PBXProject section */

/* Begin PBXShellScriptBuildPhase section */
		0D65B7A4ABCD105FC659D83B /* Create XCFramework */ = {
			isa = PBXShellScriptBuildPhase;
			buildActionMask = 2147483647;
			files = (
			);
			inputFileListPaths = (
			);
			inputPaths = (
			);
			name = "Create XCFramework";
			outputFileListPaths = (
			);
			outputPaths = (
			);
			runOnlyForDeploymentPostprocessing = 0;
			shellPath = /bin/sh;
			shellScript = "chmod +x BuildScript/add_Git_Hash.sh\nBuildScript/add_Git_Hash.sh\nBuildScript/build_XCFramework.sh";
		};
/* End PBXShellScriptBuildPhase section */

/* Begin PBXSourcesBuildPhase section */
		06AEA4B70AC847CA1033D07C /* Sources */ = {
			isa = PBXSourcesBuildPhase;
			buildActionMask = 2147483647;
			files = (
				E67DDB99961DA3475BF47457 /* ISBidMachineAdapter.m in Sources */,
				5AFB6549431BD35AB271BB1F /* ISBidMachineBannerAdapter.m in Sources */,
				FA9B52FBE497EB8116A51893 /* ISBidMachineBannerDelegate.m in Sources */,
				742082D738B3D39B7924E371 /* ISBidMachineInterstitialAdapter.m in Sources */,
				9543628ABEDED91C9ACFAF43 /* ISBidMachineInterstitialDelegate.m in Sources */,
				F4242E9D315887ECE2F9C3F3 /* ISBidMachineRewardedAdapter.m in Sources */,
				355AE29F5B9812F8AB352CBE /* ISBidMachineRewardedDelegate.m in Sources */,
			);
			runOnlyForDeploymentPostprocessing = 0;
		};
/* End PBXSourcesBuildPhase section */

/* Begin XCBuildConfiguration section */
		0D9C93C1D435CDD21DF7BA2B /* Release */ = {
			isa = XCBuildConfiguration;
			buildSettings = {
				BUILD_LIBRARY_FOR_DISTRIBUTION = YES;
				CODE_SIGN_IDENTITY = "";
				CODE_SIGN_STYLE = AUTOMATIC;
				CURRENT_PROJECT_VERSION = 1;
				DEFINES_MODULE = YES;
				DEVELOPMENT_TEAM = NLKYWCU5C3;
				DYLIB_COMPATIBILITY_VERSION = 1;
				DYLIB_CURRENT_VERSION = 1;
				DYLIB_INSTALL_NAME_BASE = "@rpath";
				INFOPLIST_FILE = ISBidMachineAdapter/Info.plist;
				INSTALL_PATH = "$(LOCAL_LIBRARY_DIR)/Frameworks";
				IPHONEOS_DEPLOYMENT_TARGET = 12.0;
				LD_RUNPATH_SEARCH_PATHS = (
					"$(inherited)",
					"@executable_path/Frameworks",
				);
				MACH_O_TYPE = staticlib;
				PRODUCT_BUNDLE_IDENTIFIER = com.ironsrcmobile.ISBidMachineAdapter;
				SDKROOT = iphoneos;
				SKIP_INSTALL = NO;
				SUPPORTS_MACCATALYST = NO;
				TARGETED_DEVICE_FAMILY = "1,2";
				VERSIONING_SYSTEM = "apple-generic";
			};
			name = Release;
		};
		484FB17E5A8002D761EDEDFF /* Release */ = {
			isa = XCBuildConfiguration;
			buildSettings = {
				ALWAYS_SEARCH_USER_PATHS = NO;
				CLANG_ANALYZER_NONNULL = YES;
				CLANG_ANALYZER_NUMBER_OBJECT_CONVERSION = YES_AGGRESSIVE;
				CLANG_CXX_LANGUAGE_STANDARD = "gnu++14";
				CLANG_CXX_LIBRARY = "libc++";
				CLANG_ENABLE_MODULES = YES;
				CLANG_ENABLE_OBJC_ARC = YES;
				CLANG_ENABLE_OBJC_WEAK = YES;
				CLANG_WARN_BLOCK_CAPTURE_AUTORELEASING = YES;
				CLANG_WARN_BOOL_CONVERSION = YES;
				CLANG_WARN_COMMA = YES;
				CLANG_WARN_CONSTANT_CONVERSION = YES;
				CLANG_WARN_DEPRECATED_OBJC_IMPLEMENTATIONS = YES;
				CLANG_WARN_DIRECT_OBJC_ISA_USAGE = YES_ERROR;
				CLANG_WARN_DOCUMENTATION_COMMENTS = YES;
				CLANG_WARN_EMPTY_BODY = YES;
				CLANG_WARN_ENUM_CONVERSION = YES;
				CLANG_WARN_INFINITE_RECURSION = YES;
				CLANG_WARN_INT_CONVERSION = YES;
				CLANG_WARN_NON_LITERAL_NULL_CONVERSION = YES;
				CLANG_WARN_OBJC_IMPLICIT_RETAIN_SELF = YES;
				CLANG_WARN_OBJC_LITERAL_CONVERSION = YES;
				CLANG_WARN_OBJC_ROOT_CLASS = YES_ERROR;
				CLANG_WARN_QUOTED_INCLUDE_IN_FRAMEWORK_HEADER = YES;
				CLANG_WARN_RANGE_LOOP_ANALYSIS = YES;
				CLANG_WARN_STRICT_PROTOTYPES = YES;
				CLANG_WARN_SUSPICIOUS_MOVE = YES;
				CLANG_WARN_UNGUARDED_AVAILABILITY = YES_AGGRESSIVE;
				CLANG_WARN_UNREACHABLE_CODE = YES;
				CLANG_WARN__DUPLICATE_METHOD_MATCH = YES;
				COPY_PHASE_STRIP = NO;
				DEBUG_INFORMATION_FORMAT = "dwarf-with-dsym";
				ENABLE_NS_ASSERTIONS = NO;
				ENABLE_STRICT_OBJC_MSGSEND = YES;
				GCC_C_LANGUAGE_STANDARD = gnu11;
				GCC_NO_COMMON_BLOCKS = YES;
				GCC_WARN_64_TO_32_BIT_CONVERSION = YES;
				GCC_WARN_ABOUT_RETURN_TYPE = YES_ERROR;
				GCC_WARN_UNDECLARED_SELECTOR = YES;
				GCC_WARN_UNINITIALIZED_AUTOS = YES_AGGRESSIVE;
				GCC_WARN_UNUSED_FUNCTION = YES;
				GCC_WARN_UNUSED_VARIABLE = YES;
				MTL_ENABLE_DEBUG_INFO = NO;
				MTL_FAST_MATH = YES;
				PRODUCT_NAME = "$(TARGET_NAME)";
				SDKROOT = iphoneos;
				SWIFT_COMPILATION_MODE = wholemodule;
				SWIFT_OPTIMIZATION_LEVEL = "-O";
				SWIFT_VERSION = 5.0;
			};
			name = Release;
		};
		79B77CCDEC9D4C32E9FC0F23 /* Debug */ = {
			isa = XCBuildConfiguration;
			buildSettings = {
				BUILD_LIBRARY_FOR_DISTRIBUTION = YES;
				CODE_SIGN_IDENTITY = "";
				CODE_SIGN_STYLE = AUTOMATIC;
				CURRENT_PROJECT_VERSION = 1;
				DEFINES_MODULE = YES;
				DEVELOPMENT_TEAM = NLKYWCU5C3;
				DYLIB_COMPATIBILITY_VERSION = 1;
				DYLIB_CURRENT_VERSION = 1;
				DYLIB_INSTALL_NAME_BASE = "@rpath";
				INFOPLIST_FILE = ISBidMachineAdapter/Info.plist;
				INSTALL_PATH = "$(LOCAL_LIBRARY_DIR)/Frameworks";
				IPHONEOS_DEPLOYMENT_TARGET = 12.0;
				LD_RUNPATH_SEARCH_PATHS = (
					"$(inherited)",
					"@executable_path/Frameworks",
				);
				MACH_O_TYPE = staticlib;
				PRODUCT_BUNDLE_IDENTIFIER = com.ironsrcmobile.ISBidMachineAdapter;
				SDKROOT = iphoneos;
				SKIP_INSTALL = NO;
				SUPPORTS_MACCATALYST = NO;
				TARGETED_DEVICE_FAMILY = "1,2";
				VERSIONING_SYSTEM = "apple-generic";
			};
			name = Debug;
		};
		C5057D00D6DDB908FBE1C1BC /* Debug */ = {
			isa = XCBuildConfiguration;
			buildSettings = {
				ALWAYS_SEARCH_USER_PATHS = NO;
				CLANG_ANALYZER_NONNULL = YES;
				CLANG_ANALYZER_NUMBER_OBJECT_CONVERSION = YES_AGGRESSIVE;
				CLANG_CXX_LANGUAGE_STANDARD = "gnu++14";
				CLANG_CXX_LIBRARY = "libc++";
				CLANG_ENABLE_MODULES = YES;
				CLANG_ENABLE_OBJC_ARC = YES;
				CLANG_ENABLE_OBJC_WEAK = YES;
				CLANG_WARN_BLOCK_CAPTURE_AUTORELEASING = YES;
				CLANG_WARN_BOOL_CONVERSION = YES;
				CLANG_WARN_COMMA = YES;
				CLANG_WARN_CONSTANT_CONVERSION = YES;
				CLANG_WARN_DEPRECATED_OBJC_IMPLEMENTATIONS = YES;
				CLANG_WARN_DIRECT_OBJC_ISA_USAGE = YES_ERROR;
				CLANG_WARN_DOCUMENTATION_COMMENTS = YES;
				CLANG_WARN_EMPTY_BODY = YES;
				CLANG_WARN_ENUM_CONVERSION = YES;
				CLANG_WARN_INFINITE_RECURSION = YES;
				CLANG_WARN_INT_CONVERSION = YES;
				CLANG_WARN_NON_LITERAL_NULL_CONVERSION = YES;
				CLANG_WARN_OBJC_IMPLICIT_RETAIN_SELF = YES;
				CLANG_WARN_OBJC_LITERAL_CONVERSION = YES;
				CLANG_WARN_OBJC_ROOT_CLASS = YES_ERROR;
				CLANG_WARN_QUOTED_INCLUDE_IN_FRAMEWORK_HEADER = YES;
				CLANG_WARN_RANGE_LOOP_ANALYSIS = YES;
				CLANG_WARN_STRICT_PROTOTYPES = YES;
				CLANG_WARN_SUSPICIOUS_MOVE = YES;
				CLANG_WARN_UNGUARDED_AVAILABILITY = YES_AGGRESSIVE;
				CLANG_WARN_UNREACHABLE_CODE = YES;
				CLANG_WARN__DUPLICATE_METHOD_MATCH = YES;
				COPY_PHASE_STRIP = NO;
				DEBUG_INFORMATION_FORMAT = dwarf;
				ENABLE_STRICT_OBJC_MSGSEND = YES;
				ENABLE_TESTABILITY = YES;
				GCC_C_LANGUAGE_STANDARD = gnu11;
				GCC_DYNAMIC_NO_PIC = NO;
				GCC_NO_COMMON_BLOCKS = YES;
				GCC_OPTIMIZATION_LEVEL = 0;
				GCC_PREPROCESSOR_DEFINITIONS = (
					"$(inherited)",
					"DEBUG=1",
				);
				GCC_WARN_64_TO_32_BIT_CONVERSION = YES;
				GCC_WARN_ABOUT_RETURN_TYPE = YES_ERROR;
				GCC_WARN_UNDECLARED_SELECTOR = YES;
				GCC_WARN_UNINITIALIZED_AUTOS = YES_AGGRESSIVE;
				GCC_WARN_UNUSED_FUNCTION = YES;
				GCC_WARN_UNUSED_VARIABLE = YES;
				MTL_ENABLE_DEBUG_INFO = INCLUDE_SOURCE;
				MTL_FAST_MATH = YES;
				ONLY_ACTIVE_ARCH = YES;
				PRODUCT_NAME = "$(TARGET_NAME)";
				SDKROOT = iphoneos;
				SWIFT_ACTIVE_COMPILATION_CONDITIONS = DEBUG;
				SWIFT_OPTIMIZATION_LEVEL = "-Onone";
				SWIFT_VERSION = 5.0;
			};
			name = Debug;
		};
/* End XCBuildConfiguration section */

/* Begin XCConfigurationList section */
		2BDD32B5099F82F21F0D4AAE /* Build configuration list for PBXProject "ISBidMachineAdapter" */ = {
			isa = XCConfigurationList;
			buildConfigurations = (
				C5057D00D6DDB908FBE1C1BC /* Debug */,
				484FB17E5A8002D761EDEDFF /* Release */,
			);
			defaultConfigurationIsVisible = 0;
			defaultConfigurationName = Debug;
		};
		967D86B5483814943FD65185 /* Build configuration list for PBXNativeTarget "ISBidMachineAdapter" */ = {
			isa = XCConfigurationList;
			buildConfigurations = (
				79B77CCDEC9D4C32E9FC0F23 /* Debug */,
				0D9C93C1D435CDD21DF7BA2B /* Release */,
			);
			defaultConfigurationIsVisible = 0;
			defaultConfigurationName = Debug;
		};
/* End XCConfigurationList section */
	};
	rootObject = 9439981DB8BF500704346631 /* Project object */;
}
