// !$*UTF8*$!
{
	archiveVersion = 1;
	classes = {
	};
	objectVersion = 77;
	objects = {

/* Begin PBXBuildFile section */
		0596252F1630954B19ECBBAB /* ISVungleRewardedDelegate.h in Headers */ = {isa = PBXBuildFile; fileRef = 31CFBA72EBCF6037CD959346 /* ISVungleRewardedDelegate.h */; };
		22BEDB471E4CDA0F0721DE2F /* ISVungleInterstitialAdapter.m in Sources */ = {isa = PBXBuildFile; fileRef = 6022317B51F5CCF5D2FB1BEC /* ISVungleInterstitialAdapter.m */; };
		31060C668D3EF49A41DD8C7C /* ISVungleAdapter.m in Sources */ = {isa = PBXBuildFile; fileRef = 2693D857B84893996EA2D7DB /* ISVungleAdapter.m */; };
		3731E7B24C9619B891891D8E /* ISVungleBannerAdapter.m in Sources */ = {isa = PBXBuildFile; fileRef = 05E0D86537B019E5959E07A0 /* ISVungleBannerAdapter.m */; };
		38DCDB800FE4D0A3788FB3C5 /* ISVungleConstants.h in Headers */ = {isa = PBXBuildFile; fileRef = EB226621C628BBFC6A5F8ADB /* ISVungleConstants.h */; };
		3D4819F52C5F43F304A66AAB /* ISVungleBannerAdapter.h in Headers */ = {isa = PBXBuildFile; fileRef = 1EA5E26E1D76F62DD43481F2 /* ISVungleBannerAdapter.h */; };
		492C33E152D287FCE0070E39 /* ISVungleInterstitialAdapter.h in Headers */ = {isa = PBXBuildFile; fileRef = 2209AED721E12E2E42776831 /* ISVungleInterstitialAdapter.h */; };
		67672E12A4CD0430E6FAC7E0 /* ISVungleRewardedAdapter.m in Sources */ = {isa = PBXBuildFile; fileRef = 4566E6BF7C46AAC7B9B42A86 /* ISVungleRewardedAdapter.m */; };
		876EEA1B96E3BE16F6E3975A /* ISVungleAdapter.h in Headers */ = {isa = PBXBuildFile; fileRef = 7BC0DA254A79B92184F3ADF5 /* ISVungleAdapter.h */; settings = {ATTRIBUTES = (Public, ); }; };
		8C021B68310FBD7E007D777B /* ISVungleInterstitialDelegate.h in Headers */ = {isa = PBXBuildFile; fileRef = 8A9B4AA9DB2D5F2AD3491BB2 /* ISVungleInterstitialDelegate.h */; };
		A30E2BBCEDA4042D1E05B8E8 /* ISVungleBannerDelegate.h in Headers */ = {isa = PBXBuildFile; fileRef = 41F58FE5785EF786AAD74CCB /* ISVungleBannerDelegate.h */; };
		AD43E68A969479E3A609A2B8 /* ISVungleRewardedAdapter.h in Headers */ = {isa = PBXBuildFile; fileRef = C562AF7906B0BE72C8350B78 /* ISVungleRewardedAdapter.h */; };
		BAECCD2A1CD93C79BF92FB38 /* ISVungleAdapter+Internal.h in Headers */ = {isa = PBXBuildFile; fileRef = B7B596FB87C3375083ABD693 /* ISVungleAdapter+Internal.h */; };
		E055774C80AFA6C77AEF7C3E /* ISVungleInterstitialDelegate.m in Sources */ = {isa = PBXBuildFile; fileRef = BB25198D74C9603170FD434E /* ISVungleInterstitialDelegate.m */; };
		EE90B49914C1EE73A16A9D24 /* ISVungleRewardedDelegate.m in Sources */ = {isa = PBXBuildFile; fileRef = BF8883690BBA936D66A73E9B /* ISVungleRewardedDelegate.m */; };
		F6DF8031D304AFED2DEBD997 /* ISVungleBannerDelegate.m in Sources */ = {isa = PBXBuildFile; fileRef = EA6710A131A68877A7F4F142 /* ISVungleBannerDelegate.m */; };
/* End PBXBuildFile section */

/* Begin PBXFileReference section */
		05E0D86537B019E5959E07A0 /* ISVungleBannerAdapter.m */ = {isa = PBXFileReference; lastKnownFileType = sourcecode.c.objc; path = ISVungleBannerAdapter.m; sourceTree = "<group>"; };
		1EA5E26E1D76F62DD43481F2 /* ISVungleBannerAdapter.h */ = {isa = PBXFileReference; lastKnownFileType = sourcecode.c.h; path = ISVungleBannerAdapter.h; sourceTree = "<group>"; };
		2209AED721E12E2E42776831 /* ISVungleInterstitialAdapter.h */ = {isa = PBXFileReference; lastKnownFileType = sourcecode.c.h; path = ISVungleInterstitialAdapter.h; sourceTree = "<group>"; };
		2693D857B84893996EA2D7DB /* ISVungleAdapter.m */ = {isa = PBXFileReference; lastKnownFileType = sourcecode.c.objc; path = ISVungleAdapter.m; sourceTree = "<group>"; };
		31CFBA72EBCF6037CD959346 /* ISVungleRewardedDelegate.h */ = {isa = PBXFileReference; lastKnownFileType = sourcecode.c.h; path = ISVungleRewardedDelegate.h; sourceTree = "<group>"; };
		41F58FE5785EF786AAD74CCB /* ISVungleBannerDelegate.h */ = {isa = PBXFileReference; lastKnownFileType = sourcecode.c.h; path = ISVungleBannerDelegate.h; sourceTree = "<group>"; };
		4566E6BF7C46AAC7B9B42A86 /* ISVungleRewardedAdapter.m */ = {isa = PBXFileReference; lastKnownFileType = sourcecode.c.objc; path = ISVungleRewardedAdapter.m; sourceTree = "<group>"; };
		6022317B51F5CCF5D2FB1BEC /* ISVungleInterstitialAdapter.m */ = {isa = PBXFileReference; lastKnownFileType = sourcecode.c.objc; path = ISVungleInterstitialAdapter.m; sourceTree = "<group>"; };
		7BC0DA254A79B92184F3ADF5 /* ISVungleAdapter.h */ = {isa = PBXFileReference; lastKnownFileType = sourcecode.c.h; path = ISVungleAdapter.h; sourceTree = "<group>"; };
		8A9B4AA9DB2D5F2AD3491BB2 /* ISVungleInterstitialDelegate.h */ = {isa = PBXFileReference; lastKnownFileType = sourcecode.c.h; path = ISVungleInterstitialDelegate.h; sourceTree = "<group>"; };
		B7B596FB87C3375083ABD693 /* ISVungleAdapter+Internal.h */ = {isa = PBXFileReference; lastKnownFileType = sourcecode.c.h; path = "ISVungleAdapter+Internal.h"; sourceTree = "<group>"; };
		BB25198D74C9603170FD434E /* ISVungleInterstitialDelegate.m */ = {isa = PBXFileReference; lastKnownFileType = sourcecode.c.objc; path = ISVungleInterstitialDelegate.m; sourceTree = "<group>"; };
		BF8883690BBA936D66A73E9B /* ISVungleRewardedDelegate.m */ = {isa = PBXFileReference; lastKnownFileType = sourcecode.c.objc; path = ISVungleRewardedDelegate.m; sourceTree = "<group>"; };
		C562AF7906B0BE72C8350B78 /* ISVungleRewardedAdapter.h */ = {isa = PBXFileReference; lastKnownFileType = sourcecode.c.h; path = ISVungleRewardedAdapter.h; sourceTree = "<group>"; };
		E1ACD9A9C37B9201D75E2B0E /* ISVungleAdapter.framework */ = {isa = PBXFileReference; explicitFileType = wrapper.framework; includeInIndex = 0; path = ISVungleAdapter.framework; sourceTree = BUILT_PRODUCTS_DIR; };
		EA6710A131A68877A7F4F142 /* ISVungleBannerDelegate.m */ = {isa = PBXFileReference; lastKnownFileType = sourcecode.c.objc; path = ISVungleBannerDelegate.m; sourceTree = "<group>"; };
		EB226621C628BBFC6A5F8ADB /* ISVungleConstants.h */ = {isa = PBXFileReference; lastKnownFileType = sourcecode.c.h; path = ISVungleConstants.h; sourceTree = "<group>"; };
/* End PBXFileReference section */

/* Begin PBXGroup section */
		2C7F705D64DB97569A1652E3 /* ISVungleAdapter */ = {
			isa = PBXGroup;
			children = (
				7BC0DA254A79B92184F3ADF5 /* ISVungleAdapter.h */,
				2693D857B84893996EA2D7DB /* ISVungleAdapter.m */,
				B7B596FB87C3375083ABD693 /* ISVungleAdapter+Internal.h */,
				EB226621C628BBFC6A5F8ADB /* ISVungleConstants.h */,
				34198179824B1AC18EDE3B7C /* Banner */,
				50FF43D20041E6B8F2A89AF3 /* Interstitial */,
				D9E1E7CA73DADF38D8756C2B /* Rewarded */,
			);
			path = ISVungleAdapter;
			sourceTree = "<group>";
		};
		34198179824B1AC18EDE3B7C /* Banner */ = {
			isa = PBXGroup;
			children = (
				1EA5E26E1D76F62DD43481F2 /* ISVungleBannerAdapter.h */,
				05E0D86537B019E5959E07A0 /* ISVungleBannerAdapter.m */,
				41F58FE5785EF786AAD74CCB /* ISVungleBannerDelegate.h */,
				EA6710A131A68877A7F4F142 /* ISVungleBannerDelegate.m */,
			);
			path = Banner;
			sourceTree = "<group>";
		};
		50FF43D20041E6B8F2A89AF3 /* Interstitial */ = {
			isa = PBXGroup;
			children = (
				2209AED721E12E2E42776831 /* ISVungleInterstitialAdapter.h */,
				6022317B51F5CCF5D2FB1BEC /* ISVungleInterstitialAdapter.m */,
				8A9B4AA9DB2D5F2AD3491BB2 /* ISVungleInterstitialDelegate.h */,
				BB25198D74C9603170FD434E /* ISVungleInterstitialDelegate.m */,
			);
			path = Interstitial;
			sourceTree = "<group>";
		};
		B9E079CE5AF175281F87B1C1 = {
			isa = PBXGroup;
			children = (
				2C7F705D64DB97569A1652E3 /* ISVungleAdapter */,
				D8CB3AA482A1A9091247580C /* Products */,
			);
			sourceTree = "<group>";
		};
		D8CB3AA482A1A9091247580C /* Products */ = {
			isa = PBXGroup;
			children = (
				E1ACD9A9C37B9201D75E2B0E /* ISVungleAdapter.framework */,
			);
			name = Products;
			sourceTree = "<group>";
		};
		D9E1E7CA73DADF38D8756C2B /* Rewarded */ = {
			isa = PBXGroup;
			children = (
				C562AF7906B0BE72C8350B78 /* ISVungleRewardedAdapter.h */,
				4566E6BF7C46AAC7B9B42A86 /* ISVungleRewardedAdapter.m */,
				31CFBA72EBCF6037CD959346 /* ISVungleRewardedDelegate.h */,
				BF8883690BBA936D66A73E9B /* ISVungleRewardedDelegate.m */,
			);
			path = Rewarded;
			sourceTree = "<group>";
		};
/* End PBXGroup section */

/* Begin PBXHeadersBuildPhase section */
		D9FD1EFE4769316B6D5B72DC /* Headers */ = {
			isa = PBXHeadersBuildPhase;
			buildActionMask = 2147483647;
			files = (
				BAECCD2A1CD93C79BF92FB38 /* ISVungleAdapter+Internal.h in Headers */,
				876EEA1B96E3BE16F6E3975A /* ISVungleAdapter.h in Headers */,
				3D4819F52C5F43F304A66AAB /* ISVungleBannerAdapter.h in Headers */,
				A30E2BBCEDA4042D1E05B8E8 /* ISVungleBannerDelegate.h in Headers */,
				38DCDB800FE4D0A3788FB3C5 /* ISVungleConstants.h in Headers */,
				492C33E152D287FCE0070E39 /* ISVungleInterstitialAdapter.h in Headers */,
				8C021B68310FBD7E007D777B /* ISVungleInterstitialDelegate.h in Headers */,
				AD43E68A969479E3A609A2B8 /* ISVungleRewardedAdapter.h in Headers */,
				0596252F1630954B19ECBBAB /* ISVungleRewardedDelegate.h in Headers */,
			);
			runOnlyForDeploymentPostprocessing = 0;
		};
/* End PBXHeadersBuildPhase section */

/* Begin PBXNativeTarget section */
		28103198E0D8AF2093BBD9C7 /* ISVungleAdapter */ = {
			isa = PBXNativeTarget;
			buildConfigurationList = 6CA7EA0852A2979FF88F757C /* Build configuration list for PBXNativeTarget "ISVungleAdapter" */;
			buildPhases = (
				A4150A4DA243AD2AF97E1336 /* Create XCFramework */,
				D9FD1EFE4769316B6D5B72DC /* Headers */,
				90E1E942B7FA3A9E3C6431D1 /* Sources */,
			);
			buildRules = (
			);
			dependencies = (
			);
			name = ISVungleAdapter;
			packageProductDependencies = (
			);
			productName = ISVungleAdapter;
			productReference = E1ACD9A9C37B9201D75E2B0E /* ISVungleAdapter.framework */;
			productType = "com.apple.product-type.framework";
		};
/* End PBXNativeTarget section */

/* Begin PBXProject section */
		6C7D48741FC30B370970C262 /* Project object */ = {
			isa = PBXProject;
			attributes = {
				BuildIndependentTargetsInParallel = YES;
				LastUpgradeCheck = 1430;
				TargetAttributes = {
					28103198E0D8AF2093BBD9C7 = {
						DevelopmentTeam = NLKYWCU5C3;
						ProvisioningStyle = AUTOMATIC;
					};
				};
			};
			buildConfigurationList = 218224BB1B9F6B7133C947E5 /* Build configuration list for PBXProject "ISVungleAdapter" */;
			developmentRegion = en;
			hasScannedForEncodings = 0;
			knownRegions = (
				Base,
				en,
			);
			mainGroup = B9E079CE5AF175281F87B1C1;
			minimizedProjectReferenceProxies = 1;
			preferredProjectObjectVersion = 77;
			productRefGroup = D8CB3AA482A1A9091247580C /* Products */;
			projectDirPath = "";
			projectRoot = "";
			targets = (
				28103198E0D8AF2093BBD9C7 /* ISVungleAdapter */,
			);
		};
/* End PBXProject section */

/* Begin PBXShellScriptBuildPhase section */
		A4150A4DA243AD2AF97E1336 /* Create XCFramework */ = {
			isa = PBXShellScriptBuildPhase;
			buildActionMask = 2147483647;
			files = (
			);
			inputFileListPaths = (
			);
			inputPaths = (
			);
			name = "Create XCFramework";
			outputFileListPaths = (
			);
			outputPaths = (
			);
			runOnlyForDeploymentPostprocessing = 0;
			shellPath = /bin/sh;
			shellScript = "chmod +x BuildScript/add_Git_Hash.sh\nBuildScript/add_Git_Hash.sh\nBuildScript/build_XCFramework.sh";
		};
/* End PBXShellScriptBuildPhase section */

/* Begin PBXSourcesBuildPhase section */
		90E1E942B7FA3A9E3C6431D1 /* Sources */ = {
			isa = PBXSourcesBuildPhase;
			buildActionMask = 2147483647;
			files = (
				31060C668D3EF49A41DD8C7C /* ISVungleAdapter.m in Sources */,
				3731E7B24C9619B891891D8E /* ISVungleBannerAdapter.m in Sources */,
				F6DF8031D304AFED2DEBD997 /* ISVungleBannerDelegate.m in Sources */,
				22BEDB471E4CDA0F0721DE2F /* ISVungleInterstitialAdapter.m in Sources */,
				E055774C80AFA6C77AEF7C3E /* ISVungleInterstitialDelegate.m in Sources */,
				67672E12A4CD0430E6FAC7E0 /* ISVungleRewardedAdapter.m in Sources */,
				EE90B49914C1EE73A16A9D24 /* ISVungleRewardedDelegate.m in Sources */,
			);
			runOnlyForDeploymentPostprocessing = 0;
		};
/* End PBXSourcesBuildPhase section */

/* Begin XCBuildConfiguration section */
		0DFBAF61CD5AAA7887EC342E /* Release */ = {
			isa = XCBuildConfiguration;
			buildSettings = {
				ALWAYS_SEARCH_USER_PATHS = NO;
				CLANG_ANALYZER_NONNULL = YES;
				CLANG_ANALYZER_NUMBER_OBJECT_CONVERSION = YES_AGGRESSIVE;
				CLANG_CXX_LANGUAGE_STANDARD = "gnu++14";
				CLANG_CXX_LIBRARY = "libc++";
				CLANG_ENABLE_MODULES = YES;
				CLANG_ENABLE_OBJC_ARC = YES;
				CLANG_ENABLE_OBJC_WEAK = YES;
				CLANG_WARN_BLOCK_CAPTURE_AUTORELEASING = YES;
				CLANG_WARN_BOOL_CONVERSION = YES;
				CLANG_WARN_COMMA = YES;
				CLANG_WARN_CONSTANT_CONVERSION = YES;
				CLANG_WARN_DEPRECATED_OBJC_IMPLEMENTATIONS = YES;
				CLANG_WARN_DIRECT_OBJC_ISA_USAGE = YES_ERROR;
				CLANG_WARN_DOCUMENTATION_COMMENTS = YES;
				CLANG_WARN_EMPTY_BODY = YES;
				CLANG_WARN_ENUM_CONVERSION = YES;
				CLANG_WARN_INFINITE_RECURSION = YES;
				CLANG_WARN_INT_CONVERSION = YES;
				CLANG_WARN_NON_LITERAL_NULL_CONVERSION = YES;
				CLANG_WARN_OBJC_IMPLICIT_RETAIN_SELF = YES;
				CLANG_WARN_OBJC_LITERAL_CONVERSION = YES;
				CLANG_WARN_OBJC_ROOT_CLASS = YES_ERROR;
				CLANG_WARN_QUOTED_INCLUDE_IN_FRAMEWORK_HEADER = YES;
				CLANG_WARN_RANGE_LOOP_ANALYSIS = YES;
				CLANG_WARN_STRICT_PROTOTYPES = YES;
				CLANG_WARN_SUSPICIOUS_MOVE = YES;
				CLANG_WARN_UNGUARDED_AVAILABILITY = YES_AGGRESSIVE;
				CLANG_WARN_UNREACHABLE_CODE = YES;
				CLANG_WARN__DUPLICATE_METHOD_MATCH = YES;
				COPY_PHASE_STRIP = NO;
				DEBUG_INFORMATION_FORMAT = "dwarf-with-dsym";
				ENABLE_NS_ASSERTIONS = NO;
				ENABLE_STRICT_OBJC_MSGSEND = YES;
				GCC_C_LANGUAGE_STANDARD = gnu11;
				GCC_NO_COMMON_BLOCKS = YES;
				GCC_WARN_64_TO_32_BIT_CONVERSION = YES;
				GCC_WARN_ABOUT_RETURN_TYPE = YES_ERROR;
				GCC_WARN_UNDECLARED_SELECTOR = YES;
				GCC_WARN_UNINITIALIZED_AUTOS = YES_AGGRESSIVE;
				GCC_WARN_UNUSED_FUNCTION = YES;
				GCC_WARN_UNUSED_VARIABLE = YES;
				MTL_ENABLE_DEBUG_INFO = NO;
				MTL_FAST_MATH = YES;
				PRODUCT_NAME = "$(TARGET_NAME)";
				SDKROOT = iphoneos;
				SWIFT_COMPILATION_MODE = wholemodule;
				SWIFT_OPTIMIZATION_LEVEL = "-O";
				SWIFT_VERSION = 5.0;
			};
			name = Release;
		};
		21327526F5B4A3F0A9108A86 /* Debug */ = {
			isa = XCBuildConfiguration;
			buildSettings = {
				BUILD_LIBRARY_FOR_DISTRIBUTION = YES;
				CODE_SIGN_IDENTITY = "";
				CODE_SIGN_STYLE = AUTOMATIC;
				CURRENT_PROJECT_VERSION = 1;
				DEFINES_MODULE = YES;
				DEVELOPMENT_TEAM = NLKYWCU5C3;
				DYLIB_COMPATIBILITY_VERSION = 1;
				DYLIB_CURRENT_VERSION = 1;
				DYLIB_INSTALL_NAME_BASE = "@rpath";
				INFOPLIST_FILE = ISVungleAdapter/Info.plist;
				INSTALL_PATH = "$(LOCAL_LIBRARY_DIR)/Frameworks";
				IPHONEOS_DEPLOYMENT_TARGET = 12.0;
				LD_RUNPATH_SEARCH_PATHS = (
					"$(inherited)",
					"@executable_path/Frameworks",
				);
				MACH_O_TYPE = staticlib;
				PRODUCT_BUNDLE_IDENTIFIER = com.ironsrcmobile.ISVungleAdapter;
				SDKROOT = iphoneos;
				SKIP_INSTALL = NO;
				SUPPORTS_MACCATALYST = NO;
				TARGETED_DEVICE_FAMILY = "1,2";
				VERSIONING_SYSTEM = "apple-generic";
			};
			name = Debug;
		};
		44D375F63F7F276AE0511E92 /* Debug */ = {
			isa = XCBuildConfiguration;
			buildSettings = {
				ALWAYS_SEARCH_USER_PATHS = NO;
				CLANG_ANALYZER_NONNULL = YES;
				CLANG_ANALYZER_NUMBER_OBJECT_CONVERSION = YES_AGGRESSIVE;
				CLANG_CXX_LANGUAGE_STANDARD = "gnu++14";
				CLANG_CXX_LIBRARY = "libc++";
				CLANG_ENABLE_MODULES = YES;
				CLANG_ENABLE_OBJC_ARC = YES;
				CLANG_ENABLE_OBJC_WEAK = YES;
				CLANG_WARN_BLOCK_CAPTURE_AUTORELEASING = YES;
				CLANG_WARN_BOOL_CONVERSION = YES;
				CLANG_WARN_COMMA = YES;
				CLANG_WARN_CONSTANT_CONVERSION = YES;
				CLANG_WARN_DEPRECATED_OBJC_IMPLEMENTATIONS = YES;
				CLANG_WARN_DIRECT_OBJC_ISA_USAGE = YES_ERROR;
				CLANG_WARN_DOCUMENTATION_COMMENTS = YES;
				CLANG_WARN_EMPTY_BODY = YES;
				CLANG_WARN_ENUM_CONVERSION = YES;
				CLANG_WARN_INFINITE_RECURSION = YES;
				CLANG_WARN_INT_CONVERSION = YES;
				CLANG_WARN_NON_LITERAL_NULL_CONVERSION = YES;
				CLANG_WARN_OBJC_IMPLICIT_RETAIN_SELF = YES;
				CLANG_WARN_OBJC_LITERAL_CONVERSION = YES;
				CLANG_WARN_OBJC_ROOT_CLASS = YES_ERROR;
				CLANG_WARN_QUOTED_INCLUDE_IN_FRAMEWORK_HEADER = YES;
				CLANG_WARN_RANGE_LOOP_ANALYSIS = YES;
				CLANG_WARN_STRICT_PROTOTYPES = YES;
				CLANG_WARN_SUSPICIOUS_MOVE = YES;
				CLANG_WARN_UNGUARDED_AVAILABILITY = YES_AGGRESSIVE;
				CLANG_WARN_UNREACHABLE_CODE = YES;
				CLANG_WARN__DUPLICATE_METHOD_MATCH = YES;
				COPY_PHASE_STRIP = NO;
				DEBUG_INFORMATION_FORMAT = dwarf;
				ENABLE_STRICT_OBJC_MSGSEND = YES;
				ENABLE_TESTABILITY = YES;
				GCC_C_LANGUAGE_STANDARD = gnu11;
				GCC_DYNAMIC_NO_PIC = NO;
				GCC_NO_COMMON_BLOCKS = YES;
				GCC_OPTIMIZATION_LEVEL = 0;
				GCC_PREPROCESSOR_DEFINITIONS = (
					"$(inherited)",
					"DEBUG=1",
				);
				GCC_WARN_64_TO_32_BIT_CONVERSION = YES;
				GCC_WARN_ABOUT_RETURN_TYPE = YES_ERROR;
				GCC_WARN_UNDECLARED_SELECTOR = YES;
				GCC_WARN_UNINITIALIZED_AUTOS = YES_AGGRESSIVE;
				GCC_WARN_UNUSED_FUNCTION = YES;
				GCC_WARN_UNUSED_VARIABLE = YES;
				MTL_ENABLE_DEBUG_INFO = INCLUDE_SOURCE;
				MTL_FAST_MATH = YES;
				ONLY_ACTIVE_ARCH = YES;
				PRODUCT_NAME = "$(TARGET_NAME)";
				SDKROOT = iphoneos;
				SWIFT_ACTIVE_COMPILATION_CONDITIONS = DEBUG;
				SWIFT_OPTIMIZATION_LEVEL = "-Onone";
				SWIFT_VERSION = 5.0;
			};
			name = Debug;
		};
		BBACB7DA32319A922B853DBF /* Release */ = {
			isa = XCBuildConfiguration;
			buildSettings = {
				BUILD_LIBRARY_FOR_DISTRIBUTION = YES;
				CODE_SIGN_IDENTITY = "";
				CODE_SIGN_STYLE = AUTOMATIC;
				CURRENT_PROJECT_VERSION = 1;
				DEFINES_MODULE = YES;
				DEVELOPMENT_TEAM = NLKYWCU5C3;
				DYLIB_COMPATIBILITY_VERSION = 1;
				DYLIB_CURRENT_VERSION = 1;
				DYLIB_INSTALL_NAME_BASE = "@rpath";
				INFOPLIST_FILE = ISVungleAdapter/Info.plist;
				INSTALL_PATH = "$(LOCAL_LIBRARY_DIR)/Frameworks";
				IPHONEOS_DEPLOYMENT_TARGET = 12.0;
				LD_RUNPATH_SEARCH_PATHS = (
					"$(inherited)",
					"@executable_path/Frameworks",
				);
				MACH_O_TYPE = staticlib;
				PRODUCT_BUNDLE_IDENTIFIER = com.ironsrcmobile.ISVungleAdapter;
				SDKROOT = iphoneos;
				SKIP_INSTALL = NO;
				SUPPORTS_MACCATALYST = NO;
				TARGETED_DEVICE_FAMILY = "1,2";
				VERSIONING_SYSTEM = "apple-generic";
			};
			name = Release;
		};
/* End XCBuildConfiguration section */

/* Begin XCConfigurationList section */
		218224BB1B9F6B7133C947E5 /* Build configuration list for PBXProject "ISVungleAdapter" */ = {
			isa = XCConfigurationList;
			buildConfigurations = (
				44D375F63F7F276AE0511E92 /* Debug */,
				0DFBAF61CD5AAA7887EC342E /* Release */,
			);
			defaultConfigurationIsVisible = 0;
			defaultConfigurationName = Debug;
		};
		6CA7EA0852A2979FF88F757C /* Build configuration list for PBXNativeTarget "ISVungleAdapter" */ = {
			isa = XCConfigurationList;
			buildConfigurations = (
				21327526F5B4A3F0A9108A86 /* Debug */,
				BBACB7DA32319A922B853DBF /* Release */,
			);
			defaultConfigurationIsVisible = 0;
			defaultConfigurationName = Debug;
		};
/* End XCConfigurationList section */
	};
	rootObject = 6C7D48741FC30B370970C262 /* Project object */;
}
