// !$*UTF8*$!
{
	archiveVersion = 1;
	classes = {
	};
	objectVersion = 77;
	objects = {

/* Begin PBXBuildFile section */
		05D70936BF73D961E85D0226 /* ISOguryRewardedVideoDelegate.h in Headers */ = {isa = PBXBuildFile; fileRef = A40F0F1410C7F67418131D74 /* ISOguryRewardedVideoDelegate.h */; };
		36ECCBC84C00761D5707265D /* ISOguryInterstitialDelegate.h in Headers */ = {isa = PBXBuildFile; fileRef = BD77046E96343AE624E2777E /* ISOguryInterstitialDelegate.h */; };
		3C02F98CB21B52EE1DD7B15F /* ISOguryInterstitialAdapter.m in Sources */ = {isa = PBXBuildFile; fileRef = 7CCB2433B09F20091456F3A4 /* ISOguryInterstitialAdapter.m */; };
		3C12DDBAAC86DE9664ADCCA2 /* ISOguryInterstitialAdapter.h in Headers */ = {isa = PBXBuildFile; fileRef = 6690970DD443861FD38AABC5 /* ISOguryInterstitialAdapter.h */; };
		4134C303F2AC3EF9EBFE1BD6 /* ISOguryBannerDelegate.m in Sources */ = {isa = PBXBuildFile; fileRef = A5787449B11F83D233485932 /* ISOguryBannerDelegate.m */; };
		51910A9AA6451470FF4C8C41 /* ISOguryRewardedVideoDelegate.m in Sources */ = {isa = PBXBuildFile; fileRef = 5266C068CBF4C90DDD515861 /* ISOguryRewardedVideoDelegate.m */; };
		5640CE42FBEAC3DE85E691A9 /* ISOguryBannerAdapter.h in Headers */ = {isa = PBXBuildFile; fileRef = 787E5186CB472E4EA04F8339 /* ISOguryBannerAdapter.h */; };
		59B729D35DE01BD2286DB4EC /* ISOguryBannerDelegate.h in Headers */ = {isa = PBXBuildFile; fileRef = E5E10D0266D2BF3AD25DAA18 /* ISOguryBannerDelegate.h */; };
		8A7A4B608A9EADF00BA26F9F /* ISOguryConstants.h in Headers */ = {isa = PBXBuildFile; fileRef = 85959893E8231FC5EEB15653 /* ISOguryConstants.h */; };
		B176D911833D294AC6739A73 /* ISOguryRewardedVideoAdapter.m in Sources */ = {isa = PBXBuildFile; fileRef = FCDA22A3F731D83F35E48DF0 /* ISOguryRewardedVideoAdapter.m */; };
		B2CB39D8D1A8121022DA04B6 /* ISOguryBannerAdapter.m in Sources */ = {isa = PBXBuildFile; fileRef = 642456989D6B1B3B2DBE80E9 /* ISOguryBannerAdapter.m */; };
		B2FE29450DE553A937BAB5B5 /* ISOguryAdapter.m in Sources */ = {isa = PBXBuildFile; fileRef = F3B4308B3E8C47084C2C0B89 /* ISOguryAdapter.m */; };
		E1793D15E229024937B09E14 /* ISOguryInterstitialDelegate.m in Sources */ = {isa = PBXBuildFile; fileRef = 798B6FEF4BB01724113E64C8 /* ISOguryInterstitialDelegate.m */; };
		EC09EAC3179EEA866FBC75C8 /* ISOguryRewardedVideoAdapter.h in Headers */ = {isa = PBXBuildFile; fileRef = 60FCC9D95E3CB054D271EACE /* ISOguryRewardedVideoAdapter.h */; };
		ECDEA1FFBE4B3CDB62CF8554 /* ISOguryAdapter+Internal.h in Headers */ = {isa = PBXBuildFile; fileRef = E6F4CC1176EA16CD6767510D /* ISOguryAdapter+Internal.h */; };
		FFC5F39C3318200A51EF35D9 /* ISOguryAdapter.h in Headers */ = {isa = PBXBuildFile; fileRef = 093AF11F13C2575FE2757372 /* ISOguryAdapter.h */; settings = {ATTRIBUTES = (Public, ); }; };
/* End PBXBuildFile section */

/* Begin PBXFileReference section */
		093AF11F13C2575FE2757372 /* ISOguryAdapter.h */ = {isa = PBXFileReference; lastKnownFileType = sourcecode.c.h; path = ISOguryAdapter.h; sourceTree = "<group>"; };
		5266C068CBF4C90DDD515861 /* ISOguryRewardedVideoDelegate.m */ = {isa = PBXFileReference; lastKnownFileType = sourcecode.c.objc; path = ISOguryRewardedVideoDelegate.m; sourceTree = "<group>"; };
		60FCC9D95E3CB054D271EACE /* ISOguryRewardedVideoAdapter.h */ = {isa = PBXFileReference; lastKnownFileType = sourcecode.c.h; path = ISOguryRewardedVideoAdapter.h; sourceTree = "<group>"; };
		642456989D6B1B3B2DBE80E9 /* ISOguryBannerAdapter.m */ = {isa = PBXFileReference; lastKnownFileType = sourcecode.c.objc; path = ISOguryBannerAdapter.m; sourceTree = "<group>"; };
		6690970DD443861FD38AABC5 /* ISOguryInterstitialAdapter.h */ = {isa = PBXFileReference; lastKnownFileType = sourcecode.c.h; path = ISOguryInterstitialAdapter.h; sourceTree = "<group>"; };
		787E5186CB472E4EA04F8339 /* ISOguryBannerAdapter.h */ = {isa = PBXFileReference; lastKnownFileType = sourcecode.c.h; path = ISOguryBannerAdapter.h; sourceTree = "<group>"; };
		798B6FEF4BB01724113E64C8 /* ISOguryInterstitialDelegate.m */ = {isa = PBXFileReference; lastKnownFileType = sourcecode.c.objc; path = ISOguryInterstitialDelegate.m; sourceTree = "<group>"; };
		7CCB2433B09F20091456F3A4 /* ISOguryInterstitialAdapter.m */ = {isa = PBXFileReference; lastKnownFileType = sourcecode.c.objc; path = ISOguryInterstitialAdapter.m; sourceTree = "<group>"; };
		84C3E29F6F787FD89023F5DD /* ISOguryAdapter.framework */ = {isa = PBXFileReference; explicitFileType = wrapper.framework; includeInIndex = 0; path = ISOguryAdapter.framework; sourceTree = BUILT_PRODUCTS_DIR; };
		85959893E8231FC5EEB15653 /* ISOguryConstants.h */ = {isa = PBXFileReference; lastKnownFileType = sourcecode.c.h; path = ISOguryConstants.h; sourceTree = "<group>"; };
		A40F0F1410C7F67418131D74 /* ISOguryRewardedVideoDelegate.h */ = {isa = PBXFileReference; lastKnownFileType = sourcecode.c.h; path = ISOguryRewardedVideoDelegate.h; sourceTree = "<group>"; };
		A5787449B11F83D233485932 /* ISOguryBannerDelegate.m */ = {isa = PBXFileReference; lastKnownFileType = sourcecode.c.objc; path = ISOguryBannerDelegate.m; sourceTree = "<group>"; };
		BD77046E96343AE624E2777E /* ISOguryInterstitialDelegate.h */ = {isa = PBXFileReference; lastKnownFileType = sourcecode.c.h; path = ISOguryInterstitialDelegate.h; sourceTree = "<group>"; };
		E5E10D0266D2BF3AD25DAA18 /* ISOguryBannerDelegate.h */ = {isa = PBXFileReference; lastKnownFileType = sourcecode.c.h; path = ISOguryBannerDelegate.h; sourceTree = "<group>"; };
		E6F4CC1176EA16CD6767510D /* ISOguryAdapter+Internal.h */ = {isa = PBXFileReference; lastKnownFileType = sourcecode.c.h; path = "ISOguryAdapter+Internal.h"; sourceTree = "<group>"; };
		F3B4308B3E8C47084C2C0B89 /* ISOguryAdapter.m */ = {isa = PBXFileReference; lastKnownFileType = sourcecode.c.objc; path = ISOguryAdapter.m; sourceTree = "<group>"; };
		FCDA22A3F731D83F35E48DF0 /* ISOguryRewardedVideoAdapter.m */ = {isa = PBXFileReference; lastKnownFileType = sourcecode.c.objc; path = ISOguryRewardedVideoAdapter.m; sourceTree = "<group>"; };
/* End PBXFileReference section */

/* Begin PBXGroup section */
		10C2EE4E072F9B899223423F /* RewardedVideo */ = {
			isa = PBXGroup;
			children = (
				60FCC9D95E3CB054D271EACE /* ISOguryRewardedVideoAdapter.h */,
				FCDA22A3F731D83F35E48DF0 /* ISOguryRewardedVideoAdapter.m */,
				A40F0F1410C7F67418131D74 /* ISOguryRewardedVideoDelegate.h */,
				5266C068CBF4C90DDD515861 /* ISOguryRewardedVideoDelegate.m */,
			);
			path = RewardedVideo;
			sourceTree = "<group>";
		};
		9FFC7A9D4E50C47E05D5182A /* Interstitial */ = {
			isa = PBXGroup;
			children = (
				6690970DD443861FD38AABC5 /* ISOguryInterstitialAdapter.h */,
				7CCB2433B09F20091456F3A4 /* ISOguryInterstitialAdapter.m */,
				BD77046E96343AE624E2777E /* ISOguryInterstitialDelegate.h */,
				798B6FEF4BB01724113E64C8 /* ISOguryInterstitialDelegate.m */,
			);
			path = Interstitial;
			sourceTree = "<group>";
		};
		A4BB667ADED726E5774B7B72 /* Products */ = {
			isa = PBXGroup;
			children = (
				84C3E29F6F787FD89023F5DD /* ISOguryAdapter.framework */,
			);
			name = Products;
			sourceTree = "<group>";
		};
		B236D21BDB28DDED369ACD95 = {
			isa = PBXGroup;
			children = (
				FE3147FB920A2074BEB9CD05 /* ISOguryAdapter */,
				A4BB667ADED726E5774B7B72 /* Products */,
			);
			sourceTree = "<group>";
		};
		C1F80B73B7262261238C0145 /* Banner */ = {
			isa = PBXGroup;
			children = (
				787E5186CB472E4EA04F8339 /* ISOguryBannerAdapter.h */,
				642456989D6B1B3B2DBE80E9 /* ISOguryBannerAdapter.m */,
				E5E10D0266D2BF3AD25DAA18 /* ISOguryBannerDelegate.h */,
				A5787449B11F83D233485932 /* ISOguryBannerDelegate.m */,
			);
			path = Banner;
			sourceTree = "<group>";
		};
		FE3147FB920A2074BEB9CD05 /* ISOguryAdapter */ = {
			isa = PBXGroup;
			children = (
				093AF11F13C2575FE2757372 /* ISOguryAdapter.h */,
				F3B4308B3E8C47084C2C0B89 /* ISOguryAdapter.m */,
				E6F4CC1176EA16CD6767510D /* ISOguryAdapter+Internal.h */,
				85959893E8231FC5EEB15653 /* ISOguryConstants.h */,
				C1F80B73B7262261238C0145 /* Banner */,
				9FFC7A9D4E50C47E05D5182A /* Interstitial */,
				10C2EE4E072F9B899223423F /* RewardedVideo */,
			);
			path = ISOguryAdapter;
			sourceTree = "<group>";
		};
/* End PBXGroup section */

/* Begin PBXHeadersBuildPhase section */
		84D33D01674625C33D668A8F /* Headers */ = {
			isa = PBXHeadersBuildPhase;
			buildActionMask = 2147483647;
			files = (
				ECDEA1FFBE4B3CDB62CF8554 /* ISOguryAdapter+Internal.h in Headers */,
				FFC5F39C3318200A51EF35D9 /* ISOguryAdapter.h in Headers */,
				5640CE42FBEAC3DE85E691A9 /* ISOguryBannerAdapter.h in Headers */,
				59B729D35DE01BD2286DB4EC /* ISOguryBannerDelegate.h in Headers */,
				8A7A4B608A9EADF00BA26F9F /* ISOguryConstants.h in Headers */,
				3C12DDBAAC86DE9664ADCCA2 /* ISOguryInterstitialAdapter.h in Headers */,
				36ECCBC84C00761D5707265D /* ISOguryInterstitialDelegate.h in Headers */,
				EC09EAC3179EEA866FBC75C8 /* ISOguryRewardedVideoAdapter.h in Headers */,
				05D70936BF73D961E85D0226 /* ISOguryRewardedVideoDelegate.h in Headers */,
			);
			runOnlyForDeploymentPostprocessing = 0;
		};
/* End PBXHeadersBuildPhase section */

/* Begin PBXNativeTarget section */
		C04168281248E0BD0DF07454 /* ISOguryAdapter */ = {
			isa = PBXNativeTarget;
			buildConfigurationList = B96D3828D7BA5DD43815706C /* Build configuration list for PBXNativeTarget "ISOguryAdapter" */;
			buildPhases = (
				5F4B7A151EA7DB8A2426D536 /* Create XCFramework */,
				84D33D01674625C33D668A8F /* Headers */,
				7A90B0742DDE244AB8511EC5 /* Sources */,
			);
			buildRules = (
			);
			dependencies = (
			);
			name = ISOguryAdapter;
			packageProductDependencies = (
			);
			productName = ISOguryAdapter;
			productReference = 84C3E29F6F787FD89023F5DD /* ISOguryAdapter.framework */;
			productType = "com.apple.product-type.framework";
		};
/* End PBXNativeTarget section */

/* Begin PBXProject section */
		AD21F6460B0C0C2AB5457AA7 /* Project object */ = {
			isa = PBXProject;
			attributes = {
				BuildIndependentTargetsInParallel = YES;
				LastUpgradeCheck = 1430;
				TargetAttributes = {
					C04168281248E0BD0DF07454 = {
						DevelopmentTeam = NLKYWCU5C3;
						ProvisioningStyle = AUTOMATIC;
					};
				};
			};
			buildConfigurationList = 6E222381A4F872F7BE94089D /* Build configuration list for PBXProject "ISOguryAdapter" */;
			compatibilityVersion = "Xcode 14.0";
			developmentRegion = en;
			hasScannedForEncodings = 0;
			knownRegions = (
				Base,
				en,
			);
			mainGroup = B236D21BDB28DDED369ACD95;
			minimizedProjectReferenceProxies = 1;
			preferredProjectObjectVersion = 77;
			projectDirPath = "";
			projectRoot = "";
			targets = (
				C04168281248E0BD0DF07454 /* ISOguryAdapter */,
			);
		};
/* End PBXProject section */

/* Begin PBXShellScriptBuildPhase section */
		5F4B7A151EA7DB8A2426D536 /* Create XCFramework */ = {
			isa = PBXShellScriptBuildPhase;
			buildActionMask = 2147483647;
			files = (
			);
			inputFileListPaths = (
			);
			inputPaths = (
			);
			name = "Create XCFramework";
			outputFileListPaths = (
			);
			outputPaths = (
			);
			runOnlyForDeploymentPostprocessing = 0;
			shellPath = /bin/sh;
			shellScript = "chmod +x BuildScript/add_Git_Hash.sh\nBuildScript/add_Git_Hash.sh\nBuildScript/build_XCFramework.sh";
		};
/* End PBXShellScriptBuildPhase section */

/* Begin PBXSourcesBuildPhase section */
		7A90B0742DDE244AB8511EC5 /* Sources */ = {
			isa = PBXSourcesBuildPhase;
			buildActionMask = 2147483647;
			files = (
				B2FE29450DE553A937BAB5B5 /* ISOguryAdapter.m in Sources */,
				B2CB39D8D1A8121022DA04B6 /* ISOguryBannerAdapter.m in Sources */,
				4134C303F2AC3EF9EBFE1BD6 /* ISOguryBannerDelegate.m in Sources */,
				3C02F98CB21B52EE1DD7B15F /* ISOguryInterstitialAdapter.m in Sources */,
				E1793D15E229024937B09E14 /* ISOguryInterstitialDelegate.m in Sources */,
				B176D911833D294AC6739A73 /* ISOguryRewardedVideoAdapter.m in Sources */,
				51910A9AA6451470FF4C8C41 /* ISOguryRewardedVideoDelegate.m in Sources */,
			);
			runOnlyForDeploymentPostprocessing = 0;
		};
/* End PBXSourcesBuildPhase section */

/* Begin XCBuildConfiguration section */
		2FA657EA17F6472DA55447CB /* Debug */ = {
			isa = XCBuildConfiguration;
			buildSettings = {
				ALWAYS_SEARCH_USER_PATHS = NO;
				CLANG_ANALYZER_NONNULL = YES;
				CLANG_ANALYZER_NUMBER_OBJECT_CONVERSION = YES_AGGRESSIVE;
				CLANG_CXX_LANGUAGE_STANDARD = "gnu++14";
				CLANG_CXX_LIBRARY = "libc++";
				CLANG_ENABLE_MODULES = YES;
				CLANG_ENABLE_OBJC_ARC = YES;
				CLANG_ENABLE_OBJC_WEAK = YES;
				CLANG_WARN_BLOCK_CAPTURE_AUTORELEASING = YES;
				CLANG_WARN_BOOL_CONVERSION = YES;
				CLANG_WARN_COMMA = YES;
				CLANG_WARN_CONSTANT_CONVERSION = YES;
				CLANG_WARN_DEPRECATED_OBJC_IMPLEMENTATIONS = YES;
				CLANG_WARN_DIRECT_OBJC_ISA_USAGE = YES_ERROR;
				CLANG_WARN_DOCUMENTATION_COMMENTS = YES;
				CLANG_WARN_EMPTY_BODY = YES;
				CLANG_WARN_ENUM_CONVERSION = YES;
				CLANG_WARN_INFINITE_RECURSION = YES;
				CLANG_WARN_INT_CONVERSION = YES;
				CLANG_WARN_NON_LITERAL_NULL_CONVERSION = YES;
				CLANG_WARN_OBJC_IMPLICIT_RETAIN_SELF = YES;
				CLANG_WARN_OBJC_LITERAL_CONVERSION = YES;
				CLANG_WARN_OBJC_ROOT_CLASS = YES_ERROR;
				CLANG_WARN_QUOTED_INCLUDE_IN_FRAMEWORK_HEADER = YES;
				CLANG_WARN_RANGE_LOOP_ANALYSIS = YES;
				CLANG_WARN_STRICT_PROTOTYPES = YES;
				CLANG_WARN_SUSPICIOUS_MOVE = YES;
				CLANG_WARN_UNGUARDED_AVAILABILITY = YES_AGGRESSIVE;
				CLANG_WARN_UNREACHABLE_CODE = YES;
				CLANG_WARN__DUPLICATE_METHOD_MATCH = YES;
				COPY_PHASE_STRIP = NO;
				DEBUG_INFORMATION_FORMAT = dwarf;
				ENABLE_STRICT_OBJC_MSGSEND = YES;
				ENABLE_TESTABILITY = YES;
				GCC_C_LANGUAGE_STANDARD = gnu11;
				GCC_DYNAMIC_NO_PIC = NO;
				GCC_NO_COMMON_BLOCKS = YES;
				GCC_OPTIMIZATION_LEVEL = 0;
				GCC_PREPROCESSOR_DEFINITIONS = (
					"$(inherited)",
					"DEBUG=1",
				);
				GCC_WARN_64_TO_32_BIT_CONVERSION = YES;
				GCC_WARN_ABOUT_RETURN_TYPE = YES_ERROR;
				GCC_WARN_UNDECLARED_SELECTOR = YES;
				GCC_WARN_UNINITIALIZED_AUTOS = YES_AGGRESSIVE;
				GCC_WARN_UNUSED_FUNCTION = YES;
				GCC_WARN_UNUSED_VARIABLE = YES;
				MTL_ENABLE_DEBUG_INFO = INCLUDE_SOURCE;
				MTL_FAST_MATH = YES;
				ONLY_ACTIVE_ARCH = YES;
				PRODUCT_NAME = "$(TARGET_NAME)";
				SDKROOT = iphoneos;
				SWIFT_ACTIVE_COMPILATION_CONDITIONS = DEBUG;
				SWIFT_OPTIMIZATION_LEVEL = "-Onone";
				SWIFT_VERSION = 5.0;
			};
			name = Debug;
		};
		6CDCE83F89B2DF4AF1D208F5 /* Debug */ = {
			isa = XCBuildConfiguration;
			buildSettings = {
				BUILD_LIBRARY_FOR_DISTRIBUTION = YES;
				CLANG_ALLOW_NON_MODULAR_INCLUDES_IN_FRAMEWORK_MODULES = YES;
				CODE_SIGN_IDENTITY = "";
				CODE_SIGN_STYLE = AUTOMATIC;
				CURRENT_PROJECT_VERSION = 1;
				DEFINES_MODULE = YES;
				DEVELOPMENT_TEAM = NLKYWCU5C3;
				DYLIB_COMPATIBILITY_VERSION = 1;
				DYLIB_CURRENT_VERSION = 1;
				DYLIB_INSTALL_NAME_BASE = "@rpath";
				INFOPLIST_FILE = ISOguryAdapter/Info.plist;
				INSTALL_PATH = "$(LOCAL_LIBRARY_DIR)/Frameworks";
				IPHONEOS_DEPLOYMENT_TARGET = 12.0;
				LD_RUNPATH_SEARCH_PATHS = (
					"$(inherited)",
					"@executable_path/Frameworks",
				);
				MACH_O_TYPE = staticlib;
				PRODUCT_BUNDLE_IDENTIFIER = com.ironsrcmobile.ISOguryAdapter;
				SDKROOT = iphoneos;
				SKIP_INSTALL = NO;
				SUPPORTS_MACCATALYST = NO;
				TARGETED_DEVICE_FAMILY = "1,2";
				VERSIONING_SYSTEM = "apple-generic";
			};
			name = Debug;
		};
		9358E318145B7E3D97F24BB9 /* Release */ = {
			isa = XCBuildConfiguration;
			buildSettings = {
				ALWAYS_SEARCH_USER_PATHS = NO;
				CLANG_ANALYZER_NONNULL = YES;
				CLANG_ANALYZER_NUMBER_OBJECT_CONVERSION = YES_AGGRESSIVE;
				CLANG_CXX_LANGUAGE_STANDARD = "gnu++14";
				CLANG_CXX_LIBRARY = "libc++";
				CLANG_ENABLE_MODULES = YES;
				CLANG_ENABLE_OBJC_ARC = YES;
				CLANG_ENABLE_OBJC_WEAK = YES;
				CLANG_WARN_BLOCK_CAPTURE_AUTORELEASING = YES;
				CLANG_WARN_BOOL_CONVERSION = YES;
				CLANG_WARN_COMMA = YES;
				CLANG_WARN_CONSTANT_CONVERSION = YES;
				CLANG_WARN_DEPRECATED_OBJC_IMPLEMENTATIONS = YES;
				CLANG_WARN_DIRECT_OBJC_ISA_USAGE = YES_ERROR;
				CLANG_WARN_DOCUMENTATION_COMMENTS = YES;
				CLANG_WARN_EMPTY_BODY = YES;
				CLANG_WARN_ENUM_CONVERSION = YES;
				CLANG_WARN_INFINITE_RECURSION = YES;
				CLANG_WARN_INT_CONVERSION = YES;
				CLANG_WARN_NON_LITERAL_NULL_CONVERSION = YES;
				CLANG_WARN_OBJC_IMPLICIT_RETAIN_SELF = YES;
				CLANG_WARN_OBJC_LITERAL_CONVERSION = YES;
				CLANG_WARN_OBJC_ROOT_CLASS = YES_ERROR;
				CLANG_WARN_QUOTED_INCLUDE_IN_FRAMEWORK_HEADER = YES;
				CLANG_WARN_RANGE_LOOP_ANALYSIS = YES;
				CLANG_WARN_STRICT_PROTOTYPES = YES;
				CLANG_WARN_SUSPICIOUS_MOVE = YES;
				CLANG_WARN_UNGUARDED_AVAILABILITY = YES_AGGRESSIVE;
				CLANG_WARN_UNREACHABLE_CODE = YES;
				CLANG_WARN__DUPLICATE_METHOD_MATCH = YES;
				COPY_PHASE_STRIP = NO;
				DEBUG_INFORMATION_FORMAT = "dwarf-with-dsym";
				ENABLE_NS_ASSERTIONS = NO;
				ENABLE_STRICT_OBJC_MSGSEND = YES;
				GCC_C_LANGUAGE_STANDARD = gnu11;
				GCC_NO_COMMON_BLOCKS = YES;
				GCC_WARN_64_TO_32_BIT_CONVERSION = YES;
				GCC_WARN_ABOUT_RETURN_TYPE = YES_ERROR;
				GCC_WARN_UNDECLARED_SELECTOR = YES;
				GCC_WARN_UNINITIALIZED_AUTOS = YES_AGGRESSIVE;
				GCC_WARN_UNUSED_FUNCTION = YES;
				GCC_WARN_UNUSED_VARIABLE = YES;
				MTL_ENABLE_DEBUG_INFO = NO;
				MTL_FAST_MATH = YES;
				PRODUCT_NAME = "$(TARGET_NAME)";
				SDKROOT = iphoneos;
				SWIFT_COMPILATION_MODE = wholemodule;
				SWIFT_OPTIMIZATION_LEVEL = "-O";
				SWIFT_VERSION = 5.0;
			};
			name = Release;
		};
		E529F5CFD75D0ADB4D275DCE /* Release */ = {
			isa = XCBuildConfiguration;
			buildSettings = {
				BUILD_LIBRARY_FOR_DISTRIBUTION = YES;
				CLANG_ALLOW_NON_MODULAR_INCLUDES_IN_FRAMEWORK_MODULES = YES;
				CODE_SIGN_IDENTITY = "";
				CODE_SIGN_STYLE = AUTOMATIC;
				CURRENT_PROJECT_VERSION = 1;
				DEFINES_MODULE = YES;
				DEVELOPMENT_TEAM = NLKYWCU5C3;
				DYLIB_COMPATIBILITY_VERSION = 1;
				DYLIB_CURRENT_VERSION = 1;
				DYLIB_INSTALL_NAME_BASE = "@rpath";
				INFOPLIST_FILE = ISOguryAdapter/Info.plist;
				INSTALL_PATH = "$(LOCAL_LIBRARY_DIR)/Frameworks";
				IPHONEOS_DEPLOYMENT_TARGET = 12.0;
				LD_RUNPATH_SEARCH_PATHS = (
					"$(inherited)",
					"@executable_path/Frameworks",
				);
				MACH_O_TYPE = staticlib;
				PRODUCT_BUNDLE_IDENTIFIER = com.ironsrcmobile.ISOguryAdapter;
				SDKROOT = iphoneos;
				SKIP_INSTALL = NO;
				SUPPORTS_MACCATALYST = NO;
				TARGETED_DEVICE_FAMILY = "1,2";
				VERSIONING_SYSTEM = "apple-generic";
			};
			name = Release;
		};
/* End XCBuildConfiguration section */

/* Begin XCConfigurationList section */
		6E222381A4F872F7BE94089D /* Build configuration list for PBXProject "ISOguryAdapter" */ = {
			isa = XCConfigurationList;
			buildConfigurations = (
				2FA657EA17F6472DA55447CB /* Debug */,
				9358E318145B7E3D97F24BB9 /* Release */,
			);
			defaultConfigurationIsVisible = 0;
			defaultConfigurationName = Debug;
		};
		B96D3828D7BA5DD43815706C /* Build configuration list for PBXNativeTarget "ISOguryAdapter" */ = {
			isa = XCConfigurationList;
			buildConfigurations = (
				6CDCE83F89B2DF4AF1D208F5 /* Debug */,
				E529F5CFD75D0ADB4D275DCE /* Release */,
			);
			defaultConfigurationIsVisible = 0;
			defaultConfigurationName = Debug;
		};
/* End XCConfigurationList section */
	};
	rootObject = AD21F6460B0C0C2AB5457AA7 /* Project object */;
}
