// !$*UTF8*$!
{
	archiveVersion = 1;
	classes = {
	};
	objectVersion = 77;
	objects = {

/* Begin PBXBuildFile section */
		06494C4BCAA5898EF9C12566 /* ISBigoRewardedVideoAdapter.m in Sources */ = {isa = PBXBuildFile; fileRef = B4A8E2AED032C2156DEC3FC7 /* ISBigoRewardedVideoAdapter.m */; };
		0A2E6C773D7E742F067BBF4E /* ISBigoRewardedVideoDelegate.m in Sources */ = {isa = PBXBuildFile; fileRef = CFA3BB24BE911FAC25EF99BD /* ISBigoRewardedVideoDelegate.m */; };
		0A75CEBE6E01B41B941D8E6D /* ISBigoInterstitialAdapter.m in Sources */ = {isa = PBXBuildFile; fileRef = 232BD00A32B1EE3BCE3FD1A1 /* ISBigoInterstitialAdapter.m */; };
		0D4669727070BC0C992B3013 /* ISBigoRewardedVideoAdapter.h in Headers */ = {isa = PBXBuildFile; fileRef = FFE3D8875EED0B40AD6D3C3E /* ISBigoRewardedVideoAdapter.h */; };
		1673EE849B14060628461DD3 /* ISBigoInterstitialAdapter.h in Headers */ = {isa = PBXBuildFile; fileRef = 02178F63A5CDDF85D7112F44 /* ISBigoInterstitialAdapter.h */; };
		33548F0AD76B4B69F90F22FC /* ISBigoRewardedVideoDelegate.h in Headers */ = {isa = PBXBuildFile; fileRef = E92CA4AD9C236E5CAE71FC06 /* ISBigoRewardedVideoDelegate.h */; };
		35178479A578EB08BFC10C01 /* ISBigoConstants.h in Headers */ = {isa = PBXBuildFile; fileRef = ABF42AED781E108DB4E714B5 /* ISBigoConstants.h */; };
		3B07F498DA9B00F76619A66B /* ISBigoAdapter.m in Sources */ = {isa = PBXBuildFile; fileRef = 8C0FC09F2776C7DFF4DE0C99 /* ISBigoAdapter.m */; };
		404A6F806BD6577126A1E9F0 /* ISBigoBannerDelegate.h in Headers */ = {isa = PBXBuildFile; fileRef = 4635FB35BFE8A7FB09DA7450 /* ISBigoBannerDelegate.h */; };
		7FE9D4EBB5D9D0615D0C7847 /* ISBigoBannerAdapter.m in Sources */ = {isa = PBXBuildFile; fileRef = B520719DF5C87F5E58AB1E00 /* ISBigoBannerAdapter.m */; };
		968349C5BA4E87BF0BBFBE01 /* ISBigoInterstitialDelegate.m in Sources */ = {isa = PBXBuildFile; fileRef = 7208A697672C60A7DABD6F2D /* ISBigoInterstitialDelegate.m */; };
		A1EF865B69F6F7F6D86AE9E0 /* ISBigoBannerAdapter.h in Headers */ = {isa = PBXBuildFile; fileRef = 9DBF7BC8C3BA4037A4A03DF3 /* ISBigoBannerAdapter.h */; };
		ACD26D1174D0DE9407EB1024 /* ISBigoAdapter+Internal.h in Headers */ = {isa = PBXBuildFile; fileRef = 36250776866C5530C4874BF2 /* ISBigoAdapter+Internal.h */; };
		D44B55DEEC332B37BFC92917 /* ISBigoBannerDelegate.m in Sources */ = {isa = PBXBuildFile; fileRef = 4678A85563C2A9860CAE91AE /* ISBigoBannerDelegate.m */; };
		D72D26AD960ED60CDDE4181D /* ISBigoAdapter.h in Headers */ = {isa = PBXBuildFile; fileRef = 38AB73711FFCFC9C3F4685BC /* ISBigoAdapter.h */; settings = {ATTRIBUTES = (Public, ); }; };
		F2187007871185CFCFC145CD /* ISBigoInterstitialDelegate.h in Headers */ = {isa = PBXBuildFile; fileRef = C65B9FE5B7FB60205B620C17 /* ISBigoInterstitialDelegate.h */; };
/* End PBXBuildFile section */

/* Begin PBXFileReference section */
		02178F63A5CDDF85D7112F44 /* ISBigoInterstitialAdapter.h */ = {isa = PBXFileReference; lastKnownFileType = sourcecode.c.h; path = ISBigoInterstitialAdapter.h; sourceTree = "<group>"; };
		232BD00A32B1EE3BCE3FD1A1 /* ISBigoInterstitialAdapter.m */ = {isa = PBXFileReference; lastKnownFileType = sourcecode.c.objc; path = ISBigoInterstitialAdapter.m; sourceTree = "<group>"; };
		36250776866C5530C4874BF2 /* ISBigoAdapter+Internal.h */ = {isa = PBXFileReference; lastKnownFileType = sourcecode.c.h; path = "ISBigoAdapter+Internal.h"; sourceTree = "<group>"; };
		38AB73711FFCFC9C3F4685BC /* ISBigoAdapter.h */ = {isa = PBXFileReference; lastKnownFileType = sourcecode.c.h; path = ISBigoAdapter.h; sourceTree = "<group>"; };
		4635FB35BFE8A7FB09DA7450 /* ISBigoBannerDelegate.h */ = {isa = PBXFileReference; lastKnownFileType = sourcecode.c.h; path = ISBigoBannerDelegate.h; sourceTree = "<group>"; };
		4678A85563C2A9860CAE91AE /* ISBigoBannerDelegate.m */ = {isa = PBXFileReference; lastKnownFileType = sourcecode.c.objc; path = ISBigoBannerDelegate.m; sourceTree = "<group>"; };
		4F5A6147A7FED2D1A4681F05 /* ISBigoAdapter.framework */ = {isa = PBXFileReference; explicitFileType = wrapper.framework; includeInIndex = 0; path = ISBigoAdapter.framework; sourceTree = BUILT_PRODUCTS_DIR; };
		7208A697672C60A7DABD6F2D /* ISBigoInterstitialDelegate.m */ = {isa = PBXFileReference; lastKnownFileType = sourcecode.c.objc; path = ISBigoInterstitialDelegate.m; sourceTree = "<group>"; };
		8C0FC09F2776C7DFF4DE0C99 /* ISBigoAdapter.m */ = {isa = PBXFileReference; lastKnownFileType = sourcecode.c.objc; path = ISBigoAdapter.m; sourceTree = "<group>"; };
		9DBF7BC8C3BA4037A4A03DF3 /* ISBigoBannerAdapter.h */ = {isa = PBXFileReference; lastKnownFileType = sourcecode.c.h; path = ISBigoBannerAdapter.h; sourceTree = "<group>"; };
		ABF42AED781E108DB4E714B5 /* ISBigoConstants.h */ = {isa = PBXFileReference; lastKnownFileType = sourcecode.c.h; path = ISBigoConstants.h; sourceTree = "<group>"; };
		B4A8E2AED032C2156DEC3FC7 /* ISBigoRewardedVideoAdapter.m */ = {isa = PBXFileReference; lastKnownFileType = sourcecode.c.objc; path = ISBigoRewardedVideoAdapter.m; sourceTree = "<group>"; };
		B520719DF5C87F5E58AB1E00 /* ISBigoBannerAdapter.m */ = {isa = PBXFileReference; lastKnownFileType = sourcecode.c.objc; path = ISBigoBannerAdapter.m; sourceTree = "<group>"; };
		C65B9FE5B7FB60205B620C17 /* ISBigoInterstitialDelegate.h */ = {isa = PBXFileReference; lastKnownFileType = sourcecode.c.h; path = ISBigoInterstitialDelegate.h; sourceTree = "<group>"; };
		CFA3BB24BE911FAC25EF99BD /* ISBigoRewardedVideoDelegate.m */ = {isa = PBXFileReference; lastKnownFileType = sourcecode.c.objc; path = ISBigoRewardedVideoDelegate.m; sourceTree = "<group>"; };
		E92CA4AD9C236E5CAE71FC06 /* ISBigoRewardedVideoDelegate.h */ = {isa = PBXFileReference; lastKnownFileType = sourcecode.c.h; path = ISBigoRewardedVideoDelegate.h; sourceTree = "<group>"; };
		FFE3D8875EED0B40AD6D3C3E /* ISBigoRewardedVideoAdapter.h */ = {isa = PBXFileReference; lastKnownFileType = sourcecode.c.h; path = ISBigoRewardedVideoAdapter.h; sourceTree = "<group>"; };
/* End PBXFileReference section */

/* Begin PBXGroup section */
		2C6AB1A6DE79A672D0633BA8 /* Products */ = {
			isa = PBXGroup;
			children = (
				4F5A6147A7FED2D1A4681F05 /* ISBigoAdapter.framework */,
			);
			name = Products;
			sourceTree = "<group>";
		};
		46E538D2A27857A3A6B66D63 = {
			isa = PBXGroup;
			children = (
				FAA980E22B0F322829460731 /* ISBigoAdapter */,
				2C6AB1A6DE79A672D0633BA8 /* Products */,
			);
			sourceTree = "<group>";
		};
		A220288E462577A78599B24D /* RewardedVideo */ = {
			isa = PBXGroup;
			children = (
				FFE3D8875EED0B40AD6D3C3E /* ISBigoRewardedVideoAdapter.h */,
				B4A8E2AED032C2156DEC3FC7 /* ISBigoRewardedVideoAdapter.m */,
				E92CA4AD9C236E5CAE71FC06 /* ISBigoRewardedVideoDelegate.h */,
				CFA3BB24BE911FAC25EF99BD /* ISBigoRewardedVideoDelegate.m */,
			);
			path = RewardedVideo;
			sourceTree = "<group>";
		};
		C582331FD61610290A221F1A /* Banner */ = {
			isa = PBXGroup;
			children = (
				9DBF7BC8C3BA4037A4A03DF3 /* ISBigoBannerAdapter.h */,
				B520719DF5C87F5E58AB1E00 /* ISBigoBannerAdapter.m */,
				4635FB35BFE8A7FB09DA7450 /* ISBigoBannerDelegate.h */,
				4678A85563C2A9860CAE91AE /* ISBigoBannerDelegate.m */,
			);
			path = Banner;
			sourceTree = "<group>";
		};
		F5DB9ED9309584D796A63D06 /* Interstitial */ = {
			isa = PBXGroup;
			children = (
				02178F63A5CDDF85D7112F44 /* ISBigoInterstitialAdapter.h */,
				232BD00A32B1EE3BCE3FD1A1 /* ISBigoInterstitialAdapter.m */,
				C65B9FE5B7FB60205B620C17 /* ISBigoInterstitialDelegate.h */,
				7208A697672C60A7DABD6F2D /* ISBigoInterstitialDelegate.m */,
			);
			path = Interstitial;
			sourceTree = "<group>";
		};
		FAA980E22B0F322829460731 /* ISBigoAdapter */ = {
			isa = PBXGroup;
			children = (
				38AB73711FFCFC9C3F4685BC /* ISBigoAdapter.h */,
				8C0FC09F2776C7DFF4DE0C99 /* ISBigoAdapter.m */,
				36250776866C5530C4874BF2 /* ISBigoAdapter+Internal.h */,
				ABF42AED781E108DB4E714B5 /* ISBigoConstants.h */,
				C582331FD61610290A221F1A /* Banner */,
				F5DB9ED9309584D796A63D06 /* Interstitial */,
				A220288E462577A78599B24D /* RewardedVideo */,
			);
			path = ISBigoAdapter;
			sourceTree = "<group>";
		};
/* End PBXGroup section */

/* Begin PBXHeadersBuildPhase section */
		35604A114319C844FD5719B4 /* Headers */ = {
			isa = PBXHeadersBuildPhase;
			buildActionMask = 2147483647;
			files = (
				ACD26D1174D0DE9407EB1024 /* ISBigoAdapter+Internal.h in Headers */,
				D72D26AD960ED60CDDE4181D /* ISBigoAdapter.h in Headers */,
				A1EF865B69F6F7F6D86AE9E0 /* ISBigoBannerAdapter.h in Headers */,
				404A6F806BD6577126A1E9F0 /* ISBigoBannerDelegate.h in Headers */,
				35178479A578EB08BFC10C01 /* ISBigoConstants.h in Headers */,
				1673EE849B14060628461DD3 /* ISBigoInterstitialAdapter.h in Headers */,
				F2187007871185CFCFC145CD /* ISBigoInterstitialDelegate.h in Headers */,
				0D4669727070BC0C992B3013 /* ISBigoRewardedVideoAdapter.h in Headers */,
				33548F0AD76B4B69F90F22FC /* ISBigoRewardedVideoDelegate.h in Headers */,
			);
			runOnlyForDeploymentPostprocessing = 0;
		};
/* End PBXHeadersBuildPhase section */

/* Begin PBXNativeTarget section */
		4580E913C6CDC010188108B7 /* ISBigoAdapter */ = {
			isa = PBXNativeTarget;
			buildConfigurationList = 267D67687681680097497FB8 /* Build configuration list for PBXNativeTarget "ISBigoAdapter" */;
			buildPhases = (
				A288C47D60A7C574F4199796 /* Create XCFramework */,
				35604A114319C844FD5719B4 /* Headers */,
				B95E559801E91ED26775EEBF /* Sources */,
			);
			buildRules = (
			);
			dependencies = (
			);
			name = ISBigoAdapter;
			packageProductDependencies = (
			);
			productName = ISBigoAdapter;
			productReference = 4F5A6147A7FED2D1A4681F05 /* ISBigoAdapter.framework */;
			productType = "com.apple.product-type.framework";
		};
/* End PBXNativeTarget section */

/* Begin PBXProject section */
		CCA436BDA7C3D499FDE28D20 /* Project object */ = {
			isa = PBXProject;
			attributes = {
				BuildIndependentTargetsInParallel = YES;
				LastUpgradeCheck = 1430;
				TargetAttributes = {
					4580E913C6CDC010188108B7 = {
						DevelopmentTeam = NLKYWCU5C3;
						ProvisioningStyle = AUTOMATIC;
					};
				};
			};
			buildConfigurationList = F17C6CD53BE50C86369D2740 /* Build configuration list for PBXProject "ISBigoAdapter" */;
			compatibilityVersion = "Xcode 14.0";
			developmentRegion = en;
			hasScannedForEncodings = 0;
			knownRegions = (
				Base,
				en,
			);
			mainGroup = 46E538D2A27857A3A6B66D63;
			minimizedProjectReferenceProxies = 1;
			preferredProjectObjectVersion = 77;
			projectDirPath = "";
			projectRoot = "";
			targets = (
				4580E913C6CDC010188108B7 /* ISBigoAdapter */,
			);
		};
/* End PBXProject section */

/* Begin PBXShellScriptBuildPhase section */
		A288C47D60A7C574F4199796 /* Create XCFramework */ = {
			isa = PBXShellScriptBuildPhase;
			buildActionMask = 2147483647;
			files = (
			);
			inputFileListPaths = (
			);
			inputPaths = (
			);
			name = "Create XCFramework";
			outputFileListPaths = (
			);
			outputPaths = (
			);
			runOnlyForDeploymentPostprocessing = 0;
			shellPath = /bin/sh;
			shellScript = "chmod +x BuildScript/add_Git_Hash.sh\nBuildScript/add_Git_Hash.sh\nBuildScript/build_XCFramework.sh";
		};
/* End PBXShellScriptBuildPhase section */

/* Begin PBXSourcesBuildPhase section */
		B95E559801E91ED26775EEBF /* Sources */ = {
			isa = PBXSourcesBuildPhase;
			buildActionMask = 2147483647;
			files = (
				3B07F498DA9B00F76619A66B /* ISBigoAdapter.m in Sources */,
				7FE9D4EBB5D9D0615D0C7847 /* ISBigoBannerAdapter.m in Sources */,
				D44B55DEEC332B37BFC92917 /* ISBigoBannerDelegate.m in Sources */,
				0A75CEBE6E01B41B941D8E6D /* ISBigoInterstitialAdapter.m in Sources */,
				968349C5BA4E87BF0BBFBE01 /* ISBigoInterstitialDelegate.m in Sources */,
				06494C4BCAA5898EF9C12566 /* ISBigoRewardedVideoAdapter.m in Sources */,
				0A2E6C773D7E742F067BBF4E /* ISBigoRewardedVideoDelegate.m in Sources */,
			);
			runOnlyForDeploymentPostprocessing = 0;
		};
/* End PBXSourcesBuildPhase section */

/* Begin XCBuildConfiguration section */
		0C7CA3ACFB34FDF13EAB3F7C /* Release */ = {
			isa = XCBuildConfiguration;
			buildSettings = {
				ALWAYS_SEARCH_USER_PATHS = NO;
				CLANG_ANALYZER_NONNULL = YES;
				CLANG_ANALYZER_NUMBER_OBJECT_CONVERSION = YES_AGGRESSIVE;
				CLANG_CXX_LANGUAGE_STANDARD = "gnu++14";
				CLANG_CXX_LIBRARY = "libc++";
				CLANG_ENABLE_MODULES = YES;
				CLANG_ENABLE_OBJC_ARC = YES;
				CLANG_ENABLE_OBJC_WEAK = YES;
				CLANG_WARN_BLOCK_CAPTURE_AUTORELEASING = YES;
				CLANG_WARN_BOOL_CONVERSION = YES;
				CLANG_WARN_COMMA = YES;
				CLANG_WARN_CONSTANT_CONVERSION = YES;
				CLANG_WARN_DEPRECATED_OBJC_IMPLEMENTATIONS = YES;
				CLANG_WARN_DIRECT_OBJC_ISA_USAGE = YES_ERROR;
				CLANG_WARN_DOCUMENTATION_COMMENTS = YES;
				CLANG_WARN_EMPTY_BODY = YES;
				CLANG_WARN_ENUM_CONVERSION = YES;
				CLANG_WARN_INFINITE_RECURSION = YES;
				CLANG_WARN_INT_CONVERSION = YES;
				CLANG_WARN_NON_LITERAL_NULL_CONVERSION = YES;
				CLANG_WARN_OBJC_IMPLICIT_RETAIN_SELF = YES;
				CLANG_WARN_OBJC_LITERAL_CONVERSION = YES;
				CLANG_WARN_OBJC_ROOT_CLASS = YES_ERROR;
				CLANG_WARN_QUOTED_INCLUDE_IN_FRAMEWORK_HEADER = YES;
				CLANG_WARN_RANGE_LOOP_ANALYSIS = YES;
				CLANG_WARN_STRICT_PROTOTYPES = YES;
				CLANG_WARN_SUSPICIOUS_MOVE = YES;
				CLANG_WARN_UNGUARDED_AVAILABILITY = YES_AGGRESSIVE;
				CLANG_WARN_UNREACHABLE_CODE = YES;
				CLANG_WARN__DUPLICATE_METHOD_MATCH = YES;
				COPY_PHASE_STRIP = NO;
				DEBUG_INFORMATION_FORMAT = "dwarf-with-dsym";
				ENABLE_NS_ASSERTIONS = NO;
				ENABLE_STRICT_OBJC_MSGSEND = YES;
				GCC_C_LANGUAGE_STANDARD = gnu11;
				GCC_NO_COMMON_BLOCKS = YES;
				GCC_WARN_64_TO_32_BIT_CONVERSION = YES;
				GCC_WARN_ABOUT_RETURN_TYPE = YES_ERROR;
				GCC_WARN_UNDECLARED_SELECTOR = YES;
				GCC_WARN_UNINITIALIZED_AUTOS = YES_AGGRESSIVE;
				GCC_WARN_UNUSED_FUNCTION = YES;
				GCC_WARN_UNUSED_VARIABLE = YES;
				MTL_ENABLE_DEBUG_INFO = NO;
				MTL_FAST_MATH = YES;
				PRODUCT_NAME = "$(TARGET_NAME)";
				SDKROOT = iphoneos;
				SWIFT_COMPILATION_MODE = wholemodule;
				SWIFT_OPTIMIZATION_LEVEL = "-O";
				SWIFT_VERSION = 5.0;
			};
			name = Release;
		};
		99D801FB7310DFAFAD58E712 /* Release */ = {
			isa = XCBuildConfiguration;
			buildSettings = {
				BUILD_LIBRARY_FOR_DISTRIBUTION = YES;
				CODE_SIGN_IDENTITY = "";
				CODE_SIGN_STYLE = AUTOMATIC;
				CURRENT_PROJECT_VERSION = 1;
				DEFINES_MODULE = YES;
				DEVELOPMENT_TEAM = NLKYWCU5C3;
				DYLIB_COMPATIBILITY_VERSION = 1;
				DYLIB_CURRENT_VERSION = 1;
				DYLIB_INSTALL_NAME_BASE = "@rpath";
				INFOPLIST_FILE = ISBigoAdapter/Info.plist;
				INSTALL_PATH = "$(LOCAL_LIBRARY_DIR)/Frameworks";
				IPHONEOS_DEPLOYMENT_TARGET = 12.0;
				LD_RUNPATH_SEARCH_PATHS = (
					"$(inherited)",
					"@executable_path/Frameworks",
				);
				MACH_O_TYPE = staticlib;
				PRODUCT_BUNDLE_IDENTIFIER = com.ironsrcmobile.ISBigoAdapter;
				SDKROOT = iphoneos;
				SKIP_INSTALL = NO;
				SUPPORTS_MACCATALYST = NO;
				TARGETED_DEVICE_FAMILY = "1,2";
				VERSIONING_SYSTEM = "apple-generic";
			};
			name = Release;
		};
		A29B622FDA804D6FF5DD2C6C /* Debug */ = {
			isa = XCBuildConfiguration;
			buildSettings = {
				BUILD_LIBRARY_FOR_DISTRIBUTION = YES;
				CODE_SIGN_IDENTITY = "";
				CODE_SIGN_STYLE = AUTOMATIC;
				CURRENT_PROJECT_VERSION = 1;
				DEFINES_MODULE = YES;
				DEVELOPMENT_TEAM = NLKYWCU5C3;
				DYLIB_COMPATIBILITY_VERSION = 1;
				DYLIB_CURRENT_VERSION = 1;
				DYLIB_INSTALL_NAME_BASE = "@rpath";
				INFOPLIST_FILE = ISBigoAdapter/Info.plist;
				INSTALL_PATH = "$(LOCAL_LIBRARY_DIR)/Frameworks";
				IPHONEOS_DEPLOYMENT_TARGET = 12.0;
				LD_RUNPATH_SEARCH_PATHS = (
					"$(inherited)",
					"@executable_path/Frameworks",
				);
				MACH_O_TYPE = staticlib;
				PRODUCT_BUNDLE_IDENTIFIER = com.ironsrcmobile.ISBigoAdapter;
				SDKROOT = iphoneos;
				SKIP_INSTALL = NO;
				SUPPORTS_MACCATALYST = NO;
				TARGETED_DEVICE_FAMILY = "1,2";
				VERSIONING_SYSTEM = "apple-generic";
			};
			name = Debug;
		};
		E4F80A93E604E364C71FD5D5 /* Debug */ = {
			isa = XCBuildConfiguration;
			buildSettings = {
				ALWAYS_SEARCH_USER_PATHS = NO;
				CLANG_ANALYZER_NONNULL = YES;
				CLANG_ANALYZER_NUMBER_OBJECT_CONVERSION = YES_AGGRESSIVE;
				CLANG_CXX_LANGUAGE_STANDARD = "gnu++14";
				CLANG_CXX_LIBRARY = "libc++";
				CLANG_ENABLE_MODULES = YES;
				CLANG_ENABLE_OBJC_ARC = YES;
				CLANG_ENABLE_OBJC_WEAK = YES;
				CLANG_WARN_BLOCK_CAPTURE_AUTORELEASING = YES;
				CLANG_WARN_BOOL_CONVERSION = YES;
				CLANG_WARN_COMMA = YES;
				CLANG_WARN_CONSTANT_CONVERSION = YES;
				CLANG_WARN_DEPRECATED_OBJC_IMPLEMENTATIONS = YES;
				CLANG_WARN_DIRECT_OBJC_ISA_USAGE = YES_ERROR;
				CLANG_WARN_DOCUMENTATION_COMMENTS = YES;
				CLANG_WARN_EMPTY_BODY = YES;
				CLANG_WARN_ENUM_CONVERSION = YES;
				CLANG_WARN_INFINITE_RECURSION = YES;
				CLANG_WARN_INT_CONVERSION = YES;
				CLANG_WARN_NON_LITERAL_NULL_CONVERSION = YES;
				CLANG_WARN_OBJC_IMPLICIT_RETAIN_SELF = YES;
				CLANG_WARN_OBJC_LITERAL_CONVERSION = YES;
				CLANG_WARN_OBJC_ROOT_CLASS = YES_ERROR;
				CLANG_WARN_QUOTED_INCLUDE_IN_FRAMEWORK_HEADER = YES;
				CLANG_WARN_RANGE_LOOP_ANALYSIS = YES;
				CLANG_WARN_STRICT_PROTOTYPES = YES;
				CLANG_WARN_SUSPICIOUS_MOVE = YES;
				CLANG_WARN_UNGUARDED_AVAILABILITY = YES_AGGRESSIVE;
				CLANG_WARN_UNREACHABLE_CODE = YES;
				CLANG_WARN__DUPLICATE_METHOD_MATCH = YES;
				COPY_PHASE_STRIP = NO;
				DEBUG_INFORMATION_FORMAT = dwarf;
				ENABLE_STRICT_OBJC_MSGSEND = YES;
				ENABLE_TESTABILITY = YES;
				GCC_C_LANGUAGE_STANDARD = gnu11;
				GCC_DYNAMIC_NO_PIC = NO;
				GCC_NO_COMMON_BLOCKS = YES;
				GCC_OPTIMIZATION_LEVEL = 0;
				GCC_PREPROCESSOR_DEFINITIONS = (
					"$(inherited)",
					"DEBUG=1",
				);
				GCC_WARN_64_TO_32_BIT_CONVERSION = YES;
				GCC_WARN_ABOUT_RETURN_TYPE = YES_ERROR;
				GCC_WARN_UNDECLARED_SELECTOR = YES;
				GCC_WARN_UNINITIALIZED_AUTOS = YES_AGGRESSIVE;
				GCC_WARN_UNUSED_FUNCTION = YES;
				GCC_WARN_UNUSED_VARIABLE = YES;
				MTL_ENABLE_DEBUG_INFO = INCLUDE_SOURCE;
				MTL_FAST_MATH = YES;
				ONLY_ACTIVE_ARCH = YES;
				PRODUCT_NAME = "$(TARGET_NAME)";
				SDKROOT = iphoneos;
				SWIFT_ACTIVE_COMPILATION_CONDITIONS = DEBUG;
				SWIFT_OPTIMIZATION_LEVEL = "-Onone";
				SWIFT_VERSION = 5.0;
			};
			name = Debug;
		};
/* End XCBuildConfiguration section */

/* Begin XCConfigurationList section */
		267D67687681680097497FB8 /* Build configuration list for PBXNativeTarget "ISBigoAdapter" */ = {
			isa = XCConfigurationList;
			buildConfigurations = (
				A29B622FDA804D6FF5DD2C6C /* Debug */,
				99D801FB7310DFAFAD58E712 /* Release */,
			);
			defaultConfigurationIsVisible = 0;
			defaultConfigurationName = Debug;
		};
		F17C6CD53BE50C86369D2740 /* Build configuration list for PBXProject "ISBigoAdapter" */ = {
			isa = XCConfigurationList;
			buildConfigurations = (
				E4F80A93E604E364C71FD5D5 /* Debug */,
				0C7CA3ACFB34FDF13EAB3F7C /* Release */,
			);
			defaultConfigurationIsVisible = 0;
			defaultConfigurationName = Debug;
		};
/* End XCConfigurationList section */
	};
	rootObject = CCA436BDA7C3D499FDE28D20 /* Project object */;
}
