// !$*UTF8*$!
{
	archiveVersion = 1;
	classes = {
	};
	objectVersion = 55;
	objects = {

/* Begin PBXBuildFile section */
		2AE7D2E78BD4EB71B9D0F91E /* libPods-ISAdMobAdapter.a in Frameworks */ = {isa = PBXBuildFile; fileRef = F91AA3EFB74BF4F9C7DA1E52 /* libPods-ISAdMobAdapter.a */; };
		C79A07492A9E26B60033502E /* ISAdMobBannerDelegate.m in Sources */ = {isa = PBXBuildFile; fileRef = C79A072E2A9E26B60033502E /* ISAdMobBannerDelegate.m */; };
		C79A074B2A9E26B60033502E /* ISAdMobNativeView.m in Sources */ = {isa = PBXBuildFile; fileRef = C79A07302A9E26B60033502E /* ISAdMobNativeView.m */; };
		C79A074C2A9E26B60033502E /* ISAdMobNativeBannerTemplate.h in Headers */ = {isa = PBXBuildFile; fileRef = C79A07312A9E26B60033502E /* ISAdMobNativeBannerTemplate.h */; };
		C79A074E2A9E26B60033502E /* ISAdMobBannerAdapter.m in Sources */ = {isa = PBXBuildFile; fileRef = C79A07332A9E26B60033502E /* ISAdMobBannerAdapter.m */; };
		C79A074F2A9E26B60033502E /* ISAdMobNativeBannerDelegate.m in Sources */ = {isa = PBXBuildFile; fileRef = C79A07342A9E26B60033502E /* ISAdMobNativeBannerDelegate.m */; };
		C79A07522A9E26B60033502E /* ISAdMobBannerDelegate.h in Headers */ = {isa = PBXBuildFile; fileRef = C79A07372A9E26B60033502E /* ISAdMobBannerDelegate.h */; };
		C79A07532A9E26B60033502E /* ISAdMobBannerAdapter.h in Headers */ = {isa = PBXBuildFile; fileRef = C79A07382A9E26B60033502E /* ISAdMobBannerAdapter.h */; };
		C79A07542A9E26B60033502E /* ISAdMobNativeBannerTemplate.m in Sources */ = {isa = PBXBuildFile; fileRef = C79A07392A9E26B60033502E /* ISAdMobNativeBannerTemplate.m */; };
		C79A07552A9E26B60033502E /* ISAdMobNativeView.h in Headers */ = {isa = PBXBuildFile; fileRef = C79A073A2A9E26B60033502E /* ISAdMobNativeView.h */; };
		C79A07562A9E26B60033502E /* ISAdMobNativeBannerDelegate.h in Headers */ = {isa = PBXBuildFile; fileRef = C79A073B2A9E26B60033502E /* ISAdMobNativeBannerDelegate.h */; };
		C79A07572A9E26B60033502E /* ISAdMobInterstitialAdapter.h in Headers */ = {isa = PBXBuildFile; fileRef = C79A073D2A9E26B60033502E /* ISAdMobInterstitialAdapter.h */; };
		C79A07582A9E26B60033502E /* ISAdMobInterstitialDelegate.m in Sources */ = {isa = PBXBuildFile; fileRef = C79A073E2A9E26B60033502E /* ISAdMobInterstitialDelegate.m */; };
		C79A07592A9E26B60033502E /* ISAdMobInterstitialAdapter.m in Sources */ = {isa = PBXBuildFile; fileRef = C79A073F2A9E26B60033502E /* ISAdMobInterstitialAdapter.m */; };
		C79A075A2A9E26B60033502E /* ISAdMobInterstitialDelegate.h in Headers */ = {isa = PBXBuildFile; fileRef = C79A07402A9E26B60033502E /* ISAdMobInterstitialDelegate.h */; };
		C79A075B2A9E26B60033502E /* ISAdMobAdapter.m in Sources */ = {isa = PBXBuildFile; fileRef = C79A07412A9E26B60033502E /* ISAdMobAdapter.m */; };
		C79A075C2A9E26B60033502E /* ISAdMobConstants.h in Headers */ = {isa = PBXBuildFile; fileRef = C79A07422A9E26B60033502E /* ISAdMobConstants.h */; };
		C79A075D2A9E26B60033502E /* ISAdMobRewardedVideoDelegate.m in Sources */ = {isa = PBXBuildFile; fileRef = C79A07442A9E26B60033502E /* ISAdMobRewardedVideoDelegate.m */; };
		C79A075E2A9E26B60033502E /* ISAdMobRewardedVideoAdapter.m in Sources */ = {isa = PBXBuildFile; fileRef = C79A07452A9E26B60033502E /* ISAdMobRewardedVideoAdapter.m */; };
		C79A075F2A9E26B60033502E /* ISAdMobRewardedVideoDelegate.h in Headers */ = {isa = PBXBuildFile; fileRef = C79A07462A9E26B60033502E /* ISAdMobRewardedVideoDelegate.h */; };
		C79A07602A9E26B60033502E /* ISAdMobRewardedVideoAdapter.h in Headers */ = {isa = PBXBuildFile; fileRef = C79A07472A9E26B60033502E /* ISAdMobRewardedVideoAdapter.h */; };
		C79A07612A9E26B60033502E /* ISAdMobAdapter.h in Headers */ = {isa = PBXBuildFile; fileRef = C79A07482A9E26B60033502E /* ISAdMobAdapter.h */; };
		FD665D252B1DFAA40009FDE5 /* ISAdMobNativeAdDelegate.m in Sources */ = {isa = PBXBuildFile; fileRef = FD665D1D2B1DFAA40009FDE5 /* ISAdMobNativeAdDelegate.m */; };
		FD665D262B1DFAA40009FDE5 /* ISAdMobNativeAdAdapter.h in Headers */ = {isa = PBXBuildFile; fileRef = FD665D1E2B1DFAA40009FDE5 /* ISAdMobNativeAdAdapter.h */; };
		FD665D272B1DFAA40009FDE5 /* ISAdMobNativeAdViewBinder.h in Headers */ = {isa = PBXBuildFile; fileRef = FD665D1F2B1DFAA40009FDE5 /* ISAdMobNativeAdViewBinder.h */; };
		FD665D282B1DFAA40009FDE5 /* ISAdMobNativeAdData.m in Sources */ = {isa = PBXBuildFile; fileRef = FD665D202B1DFAA40009FDE5 /* ISAdMobNativeAdData.m */; };
		FD665D292B1DFAA40009FDE5 /* ISAdMobNativeAdAdapter.m in Sources */ = {isa = PBXBuildFile; fileRef = FD665D212B1DFAA40009FDE5 /* ISAdMobNativeAdAdapter.m */; };
		FD665D2A2B1DFAA40009FDE5 /* ISAdMobNativeAdDelegate.h in Headers */ = {isa = PBXBuildFile; fileRef = FD665D222B1DFAA40009FDE5 /* ISAdMobNativeAdDelegate.h */; };
		FD665D2B2B1DFAA40009FDE5 /* ISAdMobNativeAdViewBinder.m in Sources */ = {isa = PBXBuildFile; fileRef = FD665D232B1DFAA40009FDE5 /* ISAdMobNativeAdViewBinder.m */; };
		FD665D2C2B1DFAA40009FDE5 /* ISAdMobNativeAdData.h in Headers */ = {isa = PBXBuildFile; fileRef = FD665D242B1DFAA40009FDE5 /* ISAdMobNativeAdData.h */; };
		FD665D2D2B1DFAAC0009FDE5 /* ISAdMobNativeBannerTemplateRectView.xib in Resources */ = {isa = PBXBuildFile; fileRef = C79A07352A9E26B60033502E /* ISAdMobNativeBannerTemplateRectView.xib */; };
		FD665D2E2B1DFAAF0009FDE5 /* ISAdMobNativeBannerTemplateIconTextView.xib in Resources */ = {isa = PBXBuildFile; fileRef = C79A07362A9E26B60033502E /* ISAdMobNativeBannerTemplateIconTextView.xib */; };
		FD665D2F2B1DFAB20009FDE5 /* ISAdMobNativeBannerTemplateTextCTAView.xib in Resources */ = {isa = PBXBuildFile; fileRef = C79A07322A9E26B60033502E /* ISAdMobNativeBannerTemplateTextCTAView.xib */; };
		FD665D302B1DFAB50009FDE5 /* ISAdMobNativeBannerTemplateBasicView.xib in Resources */ = {isa = PBXBuildFile; fileRef = C79A072F2A9E26B60033502E /* ISAdMobNativeBannerTemplateBasicView.xib */; };
		FD665D322B1DFAD40009FDE5 /* ISAdMobAdapter+Internal.h in Headers */ = {isa = PBXBuildFile; fileRef = FD665D312B1DFAD40009FDE5 /* ISAdMobAdapter+Internal.h */; };
/* End PBXBuildFile section */

/* Begin PBXContainerItemProxy section */
		FDA2182F29546BCA001FBD8C /* PBXContainerItemProxy */ = {
			isa = PBXContainerItemProxy;
			containerPortal = EFAEC70827AFFB2600C424B7 /* Project object */;
			proxyType = 1;
			remoteGlobalIDString = FDA2182A29546BC3001FBD8C;
			remoteInfo = ISAdMobResources;
		};
/* End PBXContainerItemProxy section */

/* Begin PBXFileReference section */
		AB91FCCE2B689D573579E9C6 /* Pods-ISAdMobAdapter.release.xcconfig */ = {isa = PBXFileReference; includeInIndex = 1; lastKnownFileType = text.xcconfig; name = "Pods-ISAdMobAdapter.release.xcconfig"; path = "Target Support Files/Pods-ISAdMobAdapter/Pods-ISAdMobAdapter.release.xcconfig"; sourceTree = "<group>"; };
		C79A072E2A9E26B60033502E /* ISAdMobBannerDelegate.m */ = {isa = PBXFileReference; fileEncoding = 4; lastKnownFileType = sourcecode.c.objc; path = ISAdMobBannerDelegate.m; sourceTree = "<group>"; };
		C79A072F2A9E26B60033502E /* ISAdMobNativeBannerTemplateBasicView.xib */ = {isa = PBXFileReference; fileEncoding = 4; lastKnownFileType = file.xib; path = ISAdMobNativeBannerTemplateBasicView.xib; sourceTree = "<group>"; };
		C79A07302A9E26B60033502E /* ISAdMobNativeView.m */ = {isa = PBXFileReference; fileEncoding = 4; lastKnownFileType = sourcecode.c.objc; path = ISAdMobNativeView.m; sourceTree = "<group>"; };
		C79A07312A9E26B60033502E /* ISAdMobNativeBannerTemplate.h */ = {isa = PBXFileReference; fileEncoding = 4; lastKnownFileType = sourcecode.c.h; path = ISAdMobNativeBannerTemplate.h; sourceTree = "<group>"; };
		C79A07322A9E26B60033502E /* ISAdMobNativeBannerTemplateTextCTAView.xib */ = {isa = PBXFileReference; fileEncoding = 4; lastKnownFileType = file.xib; path = ISAdMobNativeBannerTemplateTextCTAView.xib; sourceTree = "<group>"; };
		C79A07332A9E26B60033502E /* ISAdMobBannerAdapter.m */ = {isa = PBXFileReference; fileEncoding = 4; lastKnownFileType = sourcecode.c.objc; path = ISAdMobBannerAdapter.m; sourceTree = "<group>"; };
		C79A07342A9E26B60033502E /* ISAdMobNativeBannerDelegate.m */ = {isa = PBXFileReference; fileEncoding = 4; lastKnownFileType = sourcecode.c.objc; path = ISAdMobNativeBannerDelegate.m; sourceTree = "<group>"; };
		C79A07352A9E26B60033502E /* ISAdMobNativeBannerTemplateRectView.xib */ = {isa = PBXFileReference; fileEncoding = 4; lastKnownFileType = file.xib; path = ISAdMobNativeBannerTemplateRectView.xib; sourceTree = "<group>"; };
		C79A07362A9E26B60033502E /* ISAdMobNativeBannerTemplateIconTextView.xib */ = {isa = PBXFileReference; fileEncoding = 4; lastKnownFileType = file.xib; path = ISAdMobNativeBannerTemplateIconTextView.xib; sourceTree = "<group>"; };
		C79A07372A9E26B60033502E /* ISAdMobBannerDelegate.h */ = {isa = PBXFileReference; fileEncoding = 4; lastKnownFileType = sourcecode.c.h; path = ISAdMobBannerDelegate.h; sourceTree = "<group>"; };
		C79A07382A9E26B60033502E /* ISAdMobBannerAdapter.h */ = {isa = PBXFileReference; fileEncoding = 4; lastKnownFileType = sourcecode.c.h; path = ISAdMobBannerAdapter.h; sourceTree = "<group>"; };
		C79A07392A9E26B60033502E /* ISAdMobNativeBannerTemplate.m */ = {isa = PBXFileReference; fileEncoding = 4; lastKnownFileType = sourcecode.c.objc; path = ISAdMobNativeBannerTemplate.m; sourceTree = "<group>"; };
		C79A073A2A9E26B60033502E /* ISAdMobNativeView.h */ = {isa = PBXFileReference; fileEncoding = 4; lastKnownFileType = sourcecode.c.h; path = ISAdMobNativeView.h; sourceTree = "<group>"; };
		C79A073B2A9E26B60033502E /* ISAdMobNativeBannerDelegate.h */ = {isa = PBXFileReference; fileEncoding = 4; lastKnownFileType = sourcecode.c.h; path = ISAdMobNativeBannerDelegate.h; sourceTree = "<group>"; };
		C79A073D2A9E26B60033502E /* ISAdMobInterstitialAdapter.h */ = {isa = PBXFileReference; fileEncoding = 4; lastKnownFileType = sourcecode.c.h; path = ISAdMobInterstitialAdapter.h; sourceTree = "<group>"; };
		C79A073E2A9E26B60033502E /* ISAdMobInterstitialDelegate.m */ = {isa = PBXFileReference; fileEncoding = 4; lastKnownFileType = sourcecode.c.objc; path = ISAdMobInterstitialDelegate.m; sourceTree = "<group>"; };
		C79A073F2A9E26B60033502E /* ISAdMobInterstitialAdapter.m */ = {isa = PBXFileReference; fileEncoding = 4; lastKnownFileType = sourcecode.c.objc; path = ISAdMobInterstitialAdapter.m; sourceTree = "<group>"; };
		C79A07402A9E26B60033502E /* ISAdMobInterstitialDelegate.h */ = {isa = PBXFileReference; fileEncoding = 4; lastKnownFileType = sourcecode.c.h; path = ISAdMobInterstitialDelegate.h; sourceTree = "<group>"; };
		C79A07412A9E26B60033502E /* ISAdMobAdapter.m */ = {isa = PBXFileReference; fileEncoding = 4; lastKnownFileType = sourcecode.c.objc; path = ISAdMobAdapter.m; sourceTree = "<group>"; };
		C79A07422A9E26B60033502E /* ISAdMobConstants.h */ = {isa = PBXFileReference; fileEncoding = 4; lastKnownFileType = sourcecode.c.h; path = ISAdMobConstants.h; sourceTree = "<group>"; };
		C79A07442A9E26B60033502E /* ISAdMobRewardedVideoDelegate.m */ = {isa = PBXFileReference; fileEncoding = 4; lastKnownFileType = sourcecode.c.objc; path = ISAdMobRewardedVideoDelegate.m; sourceTree = "<group>"; };
		C79A07452A9E26B60033502E /* ISAdMobRewardedVideoAdapter.m */ = {isa = PBXFileReference; fileEncoding = 4; lastKnownFileType = sourcecode.c.objc; path = ISAdMobRewardedVideoAdapter.m; sourceTree = "<group>"; };
		C79A07462A9E26B60033502E /* ISAdMobRewardedVideoDelegate.h */ = {isa = PBXFileReference; fileEncoding = 4; lastKnownFileType = sourcecode.c.h; path = ISAdMobRewardedVideoDelegate.h; sourceTree = "<group>"; };
		C79A07472A9E26B60033502E /* ISAdMobRewardedVideoAdapter.h */ = {isa = PBXFileReference; fileEncoding = 4; lastKnownFileType = sourcecode.c.h; path = ISAdMobRewardedVideoAdapter.h; sourceTree = "<group>"; };
		C79A07482A9E26B60033502E /* ISAdMobAdapter.h */ = {isa = PBXFileReference; fileEncoding = 4; lastKnownFileType = sourcecode.c.h; path = ISAdMobAdapter.h; sourceTree = "<group>"; };
		EFAEC71127AFFB2600C424B7 /* ISAdMobAdapter.framework */ = {isa = PBXFileReference; explicitFileType = wrapper.framework; includeInIndex = 0; path = ISAdMobAdapter.framework; sourceTree = BUILT_PRODUCTS_DIR; };
		F1702D79B324CA9EF4BC9487 /* Pods-ISAdMobAdapter.debug.xcconfig */ = {isa = PBXFileReference; includeInIndex = 1; lastKnownFileType = text.xcconfig; name = "Pods-ISAdMobAdapter.debug.xcconfig"; path = "Target Support Files/Pods-ISAdMobAdapter/Pods-ISAdMobAdapter.debug.xcconfig"; sourceTree = "<group>"; };
		F91AA3EFB74BF4F9C7DA1E52 /* libPods-ISAdMobAdapter.a */ = {isa = PBXFileReference; explicitFileType = archive.ar; includeInIndex = 0; path = "libPods-ISAdMobAdapter.a"; sourceTree = BUILT_PRODUCTS_DIR; };
		FD665D1D2B1DFAA40009FDE5 /* ISAdMobNativeAdDelegate.m */ = {isa = PBXFileReference; fileEncoding = 4; lastKnownFileType = sourcecode.c.objc; path = ISAdMobNativeAdDelegate.m; sourceTree = "<group>"; };
		FD665D1E2B1DFAA40009FDE5 /* ISAdMobNativeAdAdapter.h */ = {isa = PBXFileReference; fileEncoding = 4; lastKnownFileType = sourcecode.c.h; path = ISAdMobNativeAdAdapter.h; sourceTree = "<group>"; };
		FD665D1F2B1DFAA40009FDE5 /* ISAdMobNativeAdViewBinder.h */ = {isa = PBXFileReference; fileEncoding = 4; lastKnownFileType = sourcecode.c.h; path = ISAdMobNativeAdViewBinder.h; sourceTree = "<group>"; };
		FD665D202B1DFAA40009FDE5 /* ISAdMobNativeAdData.m */ = {isa = PBXFileReference; fileEncoding = 4; lastKnownFileType = sourcecode.c.objc; path = ISAdMobNativeAdData.m; sourceTree = "<group>"; };
		FD665D212B1DFAA40009FDE5 /* ISAdMobNativeAdAdapter.m */ = {isa = PBXFileReference; fileEncoding = 4; lastKnownFileType = sourcecode.c.objc; path = ISAdMobNativeAdAdapter.m; sourceTree = "<group>"; };
		FD665D222B1DFAA40009FDE5 /* ISAdMobNativeAdDelegate.h */ = {isa = PBXFileReference; fileEncoding = 4; lastKnownFileType = sourcecode.c.h; path = ISAdMobNativeAdDelegate.h; sourceTree = "<group>"; };
		FD665D232B1DFAA40009FDE5 /* ISAdMobNativeAdViewBinder.m */ = {isa = PBXFileReference; fileEncoding = 4; lastKnownFileType = sourcecode.c.objc; path = ISAdMobNativeAdViewBinder.m; sourceTree = "<group>"; };
		FD665D242B1DFAA40009FDE5 /* ISAdMobNativeAdData.h */ = {isa = PBXFileReference; fileEncoding = 4; lastKnownFileType = sourcecode.c.h; path = ISAdMobNativeAdData.h; sourceTree = "<group>"; };
		FD665D312B1DFAD40009FDE5 /* ISAdMobAdapter+Internal.h */ = {isa = PBXFileReference; fileEncoding = 4; lastKnownFileType = sourcecode.c.h; path = "ISAdMobAdapter+Internal.h"; sourceTree = "<group>"; };
		FDA2182B29546BC3001FBD8C /* ISAdMobResources.bundle */ = {isa = PBXFileReference; explicitFileType = wrapper.cfbundle; includeInIndex = 0; path = ISAdMobResources.bundle; sourceTree = BUILT_PRODUCTS_DIR; };
/* End PBXFileReference section */

/* Begin PBXFrameworksBuildPhase section */
		EFAEC70E27AFFB2600C424B7 /* Frameworks */ = {
			isa = PBXFrameworksBuildPhase;
			buildActionMask = 2147483647;
			files = (
				2AE7D2E78BD4EB71B9D0F91E /* libPods-ISAdMobAdapter.a in Frameworks */,
			);
			runOnlyForDeploymentPostprocessing = 0;
		};
		FDA2182829546BC3001FBD8C /* Frameworks */ = {
			isa = PBXFrameworksBuildPhase;
			buildActionMask = 2147483647;
			files = (
			);
			runOnlyForDeploymentPostprocessing = 0;
		};
/* End PBXFrameworksBuildPhase section */

/* Begin PBXGroup section */
		45946D6C7B3B1798FA4F0D0F /* Frameworks */ = {
			isa = PBXGroup;
			children = (
				F91AA3EFB74BF4F9C7DA1E52 /* libPods-ISAdMobAdapter.a */,
			);
			name = Frameworks;
			sourceTree = "<group>";
		};
		75FF3AC1D6E77494765BA02F /* Pods */ = {
			isa = PBXGroup;
			children = (
				F1702D79B324CA9EF4BC9487 /* Pods-ISAdMobAdapter.debug.xcconfig */,
				AB91FCCE2B689D573579E9C6 /* Pods-ISAdMobAdapter.release.xcconfig */,
			);
			path = Pods;
			sourceTree = "<group>";
		};
		C79A072D2A9E26B60033502E /* Banner */ = {
			isa = PBXGroup;
			children = (
				C79A07382A9E26B60033502E /* ISAdMobBannerAdapter.h */,
				C79A07332A9E26B60033502E /* ISAdMobBannerAdapter.m */,
				C79A07372A9E26B60033502E /* ISAdMobBannerDelegate.h */,
				C79A072E2A9E26B60033502E /* ISAdMobBannerDelegate.m */,
				C79A073B2A9E26B60033502E /* ISAdMobNativeBannerDelegate.h */,
				C79A07342A9E26B60033502E /* ISAdMobNativeBannerDelegate.m */,
				C79A07392A9E26B60033502E /* ISAdMobNativeBannerTemplate.m */,
				C79A07312A9E26B60033502E /* ISAdMobNativeBannerTemplate.h */,
				C79A072F2A9E26B60033502E /* ISAdMobNativeBannerTemplateBasicView.xib */,
				C79A07322A9E26B60033502E /* ISAdMobNativeBannerTemplateTextCTAView.xib */,
				C79A07352A9E26B60033502E /* ISAdMobNativeBannerTemplateRectView.xib */,
				C79A07362A9E26B60033502E /* ISAdMobNativeBannerTemplateIconTextView.xib */,
				C79A073A2A9E26B60033502E /* ISAdMobNativeView.h */,
				C79A07302A9E26B60033502E /* ISAdMobNativeView.m */,
			);
			path = Banner;
			sourceTree = "<group>";
		};
		C79A073C2A9E26B60033502E /* Interstitial */ = {
			isa = PBXGroup;
			children = (
				C79A073D2A9E26B60033502E /* ISAdMobInterstitialAdapter.h */,
				C79A073F2A9E26B60033502E /* ISAdMobInterstitialAdapter.m */,
				C79A07402A9E26B60033502E /* ISAdMobInterstitialDelegate.h */,
				C79A073E2A9E26B60033502E /* ISAdMobInterstitialDelegate.m */,
			);
			path = Interstitial;
			sourceTree = "<group>";
		};
		C79A07432A9E26B60033502E /* RewardedVideo */ = {
			isa = PBXGroup;
			children = (
				C79A07472A9E26B60033502E /* ISAdMobRewardedVideoAdapter.h */,
				C79A07452A9E26B60033502E /* ISAdMobRewardedVideoAdapter.m */,
				C79A07462A9E26B60033502E /* ISAdMobRewardedVideoDelegate.h */,
				C79A07442A9E26B60033502E /* ISAdMobRewardedVideoDelegate.m */,
			);
			path = RewardedVideo;
			sourceTree = "<group>";
		};
		EFAEC70727AFFB2600C424B7 = {
			isa = PBXGroup;
			children = (
				EFAEC71327AFFB2600C424B7 /* ISAdMobAdapter */,
				EFAEC71227AFFB2600C424B7 /* Products */,
				75FF3AC1D6E77494765BA02F /* Pods */,
				45946D6C7B3B1798FA4F0D0F /* Frameworks */,
			);
			sourceTree = "<group>";
		};
		EFAEC71227AFFB2600C424B7 /* Products */ = {
			isa = PBXGroup;
			children = (
				EFAEC71127AFFB2600C424B7 /* ISAdMobAdapter.framework */,
				FDA2182B29546BC3001FBD8C /* ISAdMobResources.bundle */,
			);
			name = Products;
			sourceTree = "<group>";
		};
		EFAEC71327AFFB2600C424B7 /* ISAdMobAdapter */ = {
			isa = PBXGroup;
			children = (
				C79A07482A9E26B60033502E /* ISAdMobAdapter.h */,
				C79A07412A9E26B60033502E /* ISAdMobAdapter.m */,
				C79A07422A9E26B60033502E /* ISAdMobConstants.h */,
				FD665D312B1DFAD40009FDE5 /* ISAdMobAdapter+Internal.h */,
				C79A072D2A9E26B60033502E /* Banner */,
				C79A073C2A9E26B60033502E /* Interstitial */,
				FD665D1C2B1DFAA40009FDE5 /* NativeAd */,
				C79A07432A9E26B60033502E /* RewardedVideo */,
			);
			path = ISAdMobAdapter;
			sourceTree = "<group>";
		};
		FD665D1C2B1DFAA40009FDE5 /* NativeAd */ = {
			isa = PBXGroup;
			children = (
				FD665D1E2B1DFAA40009FDE5 /* ISAdMobNativeAdAdapter.h */,
				FD665D212B1DFAA40009FDE5 /* ISAdMobNativeAdAdapter.m */,
				FD665D242B1DFAA40009FDE5 /* ISAdMobNativeAdData.h */,
				FD665D202B1DFAA40009FDE5 /* ISAdMobNativeAdData.m */,
				FD665D222B1DFAA40009FDE5 /* ISAdMobNativeAdDelegate.h */,
				FD665D1D2B1DFAA40009FDE5 /* ISAdMobNativeAdDelegate.m */,
				FD665D1F2B1DFAA40009FDE5 /* ISAdMobNativeAdViewBinder.h */,
				FD665D232B1DFAA40009FDE5 /* ISAdMobNativeAdViewBinder.m */,
			);
			path = NativeAd;
			sourceTree = "<group>";
		};
/* End PBXGroup section */

/* Begin PBXHeadersBuildPhase section */
		EFAEC70C27AFFB2600C424B7 /* Headers */ = {
			isa = PBXHeadersBuildPhase;
			buildActionMask = 2147483647;
			files = (
				C79A075A2A9E26B60033502E /* ISAdMobInterstitialDelegate.h in Headers */,
				C79A074C2A9E26B60033502E /* ISAdMobNativeBannerTemplate.h in Headers */,
				C79A075F2A9E26B60033502E /* ISAdMobRewardedVideoDelegate.h in Headers */,
				C79A07562A9E26B60033502E /* ISAdMobNativeBannerDelegate.h in Headers */,
				C79A07602A9E26B60033502E /* ISAdMobRewardedVideoAdapter.h in Headers */,
				FD665D272B1DFAA40009FDE5 /* ISAdMobNativeAdViewBinder.h in Headers */,
				C79A07522A9E26B60033502E /* ISAdMobBannerDelegate.h in Headers */,
				FD665D322B1DFAD40009FDE5 /* ISAdMobAdapter+Internal.h in Headers */,
				FD665D262B1DFAA40009FDE5 /* ISAdMobNativeAdAdapter.h in Headers */,
				C79A075C2A9E26B60033502E /* ISAdMobConstants.h in Headers */,
				C79A07552A9E26B60033502E /* ISAdMobNativeView.h in Headers */,
				C79A07572A9E26B60033502E /* ISAdMobInterstitialAdapter.h in Headers */,
				FD665D2A2B1DFAA40009FDE5 /* ISAdMobNativeAdDelegate.h in Headers */,
				C79A07532A9E26B60033502E /* ISAdMobBannerAdapter.h in Headers */,
				C79A07612A9E26B60033502E /* ISAdMobAdapter.h in Headers */,
				FD665D2C2B1DFAA40009FDE5 /* ISAdMobNativeAdData.h in Headers */,
			);
			runOnlyForDeploymentPostprocessing = 0;
		};
/* End PBXHeadersBuildPhase section */

/* Begin PBXNativeTarget section */
		EFAEC71027AFFB2600C424B7 /* ISAdMobAdapter */ = {
			isa = PBXNativeTarget;
			buildConfigurationList = EFAEC71827AFFB2600C424B7 /* Build configuration list for PBXNativeTarget "ISAdMobAdapter" */;
			buildPhases = (
				AB49DDB36B32F65EBB45643C /* [CP] Check Pods Manifest.lock */,
				EFAEC70C27AFFB2600C424B7 /* Headers */,
				EFAEC70D27AFFB2600C424B7 /* Sources */,
				EFAEC70E27AFFB2600C424B7 /* Frameworks */,
				EFAEC70F27AFFB2600C424B7 /* Resources */,
				EFAEC72527AFFC2800C424B7 /* Create XCFramework */,
				B73C7038A14A4BE293635A82 /* [CP] Copy Pods Resources */,
			);
			buildRules = (
			);
			dependencies = (
				FDA2183029546BCA001FBD8C /* PBXTargetDependency */,
			);
			name = ISAdMobAdapter;
			productName = ISAdMobAdapter;
			productReference = EFAEC71127AFFB2600C424B7 /* ISAdMobAdapter.framework */;
			productType = "com.apple.product-type.framework";
		};
		FDA2182A29546BC3001FBD8C /* ISAdMobResources */ = {
			isa = PBXNativeTarget;
			buildConfigurationList = FDA2182C29546BC3001FBD8C /* Build configuration list for PBXNativeTarget "ISAdMobResources" */;
			buildPhases = (
				FDA2182729546BC3001FBD8C /* Sources */,
				FDA2182829546BC3001FBD8C /* Frameworks */,
				FDA2182929546BC3001FBD8C /* Resources */,
				FDA2183B29547027001FBD8C /* ShellScript */,
			);
			buildRules = (
			);
			dependencies = (
			);
			name = ISAdMobResources;
			productName = ISAdMobResources;
			productReference = FDA2182B29546BC3001FBD8C /* ISAdMobResources.bundle */;
			productType = "com.apple.product-type.bundle";
		};
/* End PBXNativeTarget section */

/* Begin PBXProject section */
		EFAEC70827AFFB2600C424B7 /* Project object */ = {
			isa = PBXProject;
			attributes = {
				BuildIndependentTargetsInParallel = 1;
				LastUpgradeCheck = 1320;
				TargetAttributes = {
					EFAEC71027AFFB2600C424B7 = {
						CreatedOnToolsVersion = 13.2.1;
					};
					FDA2182A29546BC3001FBD8C = {
						CreatedOnToolsVersion = 13.4.1;
					};
				};
			};
			buildConfigurationList = EFAEC70B27AFFB2600C424B7 /* Build configuration list for PBXProject "ISAdMobAdapter" */;
			compatibilityVersion = "Xcode 13.0";
			developmentRegion = en;
			hasScannedForEncodings = 0;
			knownRegions = (
				en,
				Base,
			);
			mainGroup = EFAEC70727AFFB2600C424B7;
			productRefGroup = EFAEC71227AFFB2600C424B7 /* Products */;
			projectDirPath = "";
			projectRoot = "";
			targets = (
				EFAEC71027AFFB2600C424B7 /* ISAdMobAdapter */,
				FDA2182A29546BC3001FBD8C /* ISAdMobResources */,
			);
		};
/* End PBXProject section */

/* Begin PBXResourcesBuildPhase section */
		EFAEC70F27AFFB2600C424B7 /* Resources */ = {
			isa = PBXResourcesBuildPhase;
			buildActionMask = 2147483647;
			files = (
			);
			runOnlyForDeploymentPostprocessing = 0;
		};
		FDA2182929546BC3001FBD8C /* Resources */ = {
			isa = PBXResourcesBuildPhase;
			buildActionMask = 2147483647;
			files = (
				FD665D2F2B1DFAB20009FDE5 /* ISAdMobNativeBannerTemplateTextCTAView.xib in Resources */,
				FD665D2D2B1DFAAC0009FDE5 /* ISAdMobNativeBannerTemplateRectView.xib in Resources */,
				FD665D302B1DFAB50009FDE5 /* ISAdMobNativeBannerTemplateBasicView.xib in Resources */,
				FD665D2E2B1DFAAF0009FDE5 /* ISAdMobNativeBannerTemplateIconTextView.xib in Resources */,
			);
			runOnlyForDeploymentPostprocessing = 0;
		};
/* End PBXResourcesBuildPhase section */

/* Begin PBXShellScriptBuildPhase section */
		AB49DDB36B32F65EBB45643C /* [CP] Check Pods Manifest.lock */ = {
			isa = PBXShellScriptBuildPhase;
			buildActionMask = 2147483647;
			files = (
			);
			inputFileListPaths = (
			);
			inputPaths = (
				"${PODS_PODFILE_DIR_PATH}/Podfile.lock",
				"${PODS_ROOT}/Manifest.lock",
			);
			name = "[CP] Check Pods Manifest.lock";
			outputFileListPaths = (
			);
			outputPaths = (
				"$(DERIVED_FILE_DIR)/Pods-ISAdMobAdapter-checkManifestLockResult.txt",
			);
			runOnlyForDeploymentPostprocessing = 0;
			shellPath = /bin/sh;
			shellScript = "diff \"${PODS_PODFILE_DIR_PATH}/Podfile.lock\" \"${PODS_ROOT}/Manifest.lock\" > /dev/null\nif [ $? != 0 ] ; then\n    # print error to STDERR\n    echo \"error: The sandbox is not in sync with the Podfile.lock. Run 'pod install' or update your CocoaPods installation.\" >&2\n    exit 1\nfi\n# This output is used by Xcode 'outputs' to avoid re-running this script phase.\necho \"SUCCESS\" > \"${SCRIPT_OUTPUT_FILE_0}\"\n";
			showEnvVarsInLog = 0;
		};
		B73C7038A14A4BE293635A82 /* [CP] Copy Pods Resources */ = {
			isa = PBXShellScriptBuildPhase;
			buildActionMask = 2147483647;
			files = (
			);
			inputFileListPaths = (
				"${PODS_ROOT}/Target Support Files/Pods-ISAdMobAdapter/Pods-ISAdMobAdapter-resources-${CONFIGURATION}-input-files.xcfilelist",
			);
			name = "[CP] Copy Pods Resources";
			outputFileListPaths = (
				"${PODS_ROOT}/Target Support Files/Pods-ISAdMobAdapter/Pods-ISAdMobAdapter-resources-${CONFIGURATION}-output-files.xcfilelist",
			);
			runOnlyForDeploymentPostprocessing = 0;
			shellPath = /bin/sh;
			shellScript = "\"${PODS_ROOT}/Target Support Files/Pods-ISAdMobAdapter/Pods-ISAdMobAdapter-resources.sh\"\n";
			showEnvVarsInLog = 0;
		};
		EFAEC72527AFFC2800C424B7 /* Create XCFramework */ = {
			isa = PBXShellScriptBuildPhase;
			buildActionMask = 2147483647;
			files = (
			);
			inputFileListPaths = (
			);
			inputPaths = (
			);
			name = "Create XCFramework";
			outputFileListPaths = (
			);
			outputPaths = (
			);
			runOnlyForDeploymentPostprocessing = 0;
			shellPath = /bin/sh;
			shellScript = "chmod +x BuildScript/add_Git_Hash.sh\nBuildScript/add_Git_Hash.sh\nBuildScript/build_XCFramework.sh\n\n";
		};
		FDA2183B29547027001FBD8C /* ShellScript */ = {
			isa = PBXShellScriptBuildPhase;
			buildActionMask = 2147483647;
			files = (
			);
			inputFileListPaths = (
			);
			inputPaths = (
			);
			outputFileListPaths = (
			);
			outputPaths = (
			);
			runOnlyForDeploymentPostprocessing = 0;
			shellPath = /bin/sh;
			shellScript = "[ -d \"${PWD}/ReleaseCandidates/${ADAPTER}\" ] || mkdir -p \"${PWD}/ReleaseCandidates/${ADAPTER}\"\ncp -a ''${BUILT_PRODUCTS_DIR}/ISAdMobResources.bundle'' 'ReleaseCandidates/ISAdMobAdapter/'\nrm -f 'ReleaseCandidates/ISAdMobAdapter/ISAdMobNativeBannerTemplateBasicView.nib'\nrm -f 'ReleaseCandidates/ISAdMobAdapter/ISAdMobNativeBannerTemplateRectView.nib'\nrm -f 'ReleaseCandidates/ISAdMobAdapter/ISAdMobNativeBannerTemplateIconTextView.nib'\nrm -f 'ReleaseCandidates/ISAdMobAdapter/ISAdMobNativeBannerTemplateTextCTAView.nib'\nrm -f 'ReleaseCandidates/ISAdMobAdapter/ISAdMobResources'\nrm -f 'ReleaseCandidates/ISAdMobAdapter/Info.plist'\nrm -f 'ReleaseCandidates/ISAdMobAdapter/ISAdMobResources.bundle/Info.plist'\nrm -f 'ReleaseCandidates/ISAdMobAdapter/ISAdMobResources.bundle/ISAdMobResources'\n";
		};
/* End PBXShellScriptBuildPhase section */

/* Begin PBXSourcesBuildPhase section */
		EFAEC70D27AFFB2600C424B7 /* Sources */ = {
			isa = PBXSourcesBuildPhase;
			buildActionMask = 2147483647;
			files = (
				C79A074E2A9E26B60033502E /* ISAdMobBannerAdapter.m in Sources */,
				C79A07542A9E26B60033502E /* ISAdMobNativeBannerTemplate.m in Sources */,
				C79A07582A9E26B60033502E /* ISAdMobInterstitialDelegate.m in Sources */,
				C79A075D2A9E26B60033502E /* ISAdMobRewardedVideoDelegate.m in Sources */,
				FD665D252B1DFAA40009FDE5 /* ISAdMobNativeAdDelegate.m in Sources */,
				FD665D282B1DFAA40009FDE5 /* ISAdMobNativeAdData.m in Sources */,
				C79A075B2A9E26B60033502E /* ISAdMobAdapter.m in Sources */,
				C79A07492A9E26B60033502E /* ISAdMobBannerDelegate.m in Sources */,
				FD665D2B2B1DFAA40009FDE5 /* ISAdMobNativeAdViewBinder.m in Sources */,
				FD665D292B1DFAA40009FDE5 /* ISAdMobNativeAdAdapter.m in Sources */,
				C79A07592A9E26B60033502E /* ISAdMobInterstitialAdapter.m in Sources */,
				C79A074B2A9E26B60033502E /* ISAdMobNativeView.m in Sources */,
				C79A074F2A9E26B60033502E /* ISAdMobNativeBannerDelegate.m in Sources */,
				C79A075E2A9E26B60033502E /* ISAdMobRewardedVideoAdapter.m in Sources */,
			);
			runOnlyForDeploymentPostprocessing = 0;
		};
		FDA2182729546BC3001FBD8C /* Sources */ = {
			isa = PBXSourcesBuildPhase;
			buildActionMask = 2147483647;
			files = (
			);
			runOnlyForDeploymentPostprocessing = 0;
		};
/* End PBXSourcesBuildPhase section */

/* Begin PBXTargetDependency section */
		FDA2183029546BCA001FBD8C /* PBXTargetDependency */ = {
			isa = PBXTargetDependency;
			target = FDA2182A29546BC3001FBD8C /* ISAdMobResources */;
			targetProxy = FDA2182F29546BCA001FBD8C /* PBXContainerItemProxy */;
		};
/* End PBXTargetDependency section */

/* Begin XCBuildConfiguration section */
		EFAEC71627AFFB2600C424B7 /* Debug */ = {
			isa = XCBuildConfiguration;
			buildSettings = {
				ALWAYS_SEARCH_USER_PATHS = NO;
				CLANG_ANALYZER_NONNULL = YES;
				CLANG_ANALYZER_NUMBER_OBJECT_CONVERSION = YES_AGGRESSIVE;
				CLANG_CXX_LANGUAGE_STANDARD = "gnu++17";
				CLANG_CXX_LIBRARY = "libc++";
				CLANG_ENABLE_MODULES = YES;
				CLANG_ENABLE_OBJC_ARC = YES;
				CLANG_ENABLE_OBJC_WEAK = YES;
				CLANG_WARN_BLOCK_CAPTURE_AUTORELEASING = YES;
				CLANG_WARN_BOOL_CONVERSION = YES;
				CLANG_WARN_COMMA = YES;
				CLANG_WARN_CONSTANT_CONVERSION = YES;
				CLANG_WARN_DEPRECATED_OBJC_IMPLEMENTATIONS = YES;
				CLANG_WARN_DIRECT_OBJC_ISA_USAGE = YES_ERROR;
				CLANG_WARN_DOCUMENTATION_COMMENTS = YES;
				CLANG_WARN_EMPTY_BODY = YES;
				CLANG_WARN_ENUM_CONVERSION = YES;
				CLANG_WARN_INFINITE_RECURSION = YES;
				CLANG_WARN_INT_CONVERSION = YES;
				CLANG_WARN_NON_LITERAL_NULL_CONVERSION = YES;
				CLANG_WARN_OBJC_IMPLICIT_RETAIN_SELF = YES;
				CLANG_WARN_OBJC_LITERAL_CONVERSION = YES;
				CLANG_WARN_OBJC_ROOT_CLASS = YES_ERROR;
				CLANG_WARN_QUOTED_INCLUDE_IN_FRAMEWORK_HEADER = YES;
				CLANG_WARN_RANGE_LOOP_ANALYSIS = YES;
				CLANG_WARN_STRICT_PROTOTYPES = YES;
				CLANG_WARN_SUSPICIOUS_MOVE = YES;
				CLANG_WARN_UNGUARDED_AVAILABILITY = YES_AGGRESSIVE;
				CLANG_WARN_UNREACHABLE_CODE = YES;
				CLANG_WARN__DUPLICATE_METHOD_MATCH = YES;
				COPY_PHASE_STRIP = NO;
				CURRENT_PROJECT_VERSION = 1;
				DEBUG_INFORMATION_FORMAT = dwarf;
				ENABLE_STRICT_OBJC_MSGSEND = YES;
				ENABLE_TESTABILITY = YES;
				GCC_C_LANGUAGE_STANDARD = gnu11;
				GCC_DYNAMIC_NO_PIC = NO;
				GCC_NO_COMMON_BLOCKS = YES;
				GCC_OPTIMIZATION_LEVEL = 0;
				GCC_PREPROCESSOR_DEFINITIONS = (
					"DEBUG=1",
					"$(inherited)",
				);
				GCC_WARN_64_TO_32_BIT_CONVERSION = YES;
				GCC_WARN_ABOUT_RETURN_TYPE = YES_ERROR;
				GCC_WARN_UNDECLARED_SELECTOR = YES;
				GCC_WARN_UNINITIALIZED_AUTOS = YES_AGGRESSIVE;
				GCC_WARN_UNUSED_FUNCTION = YES;
				GCC_WARN_UNUSED_VARIABLE = YES;
				IPHONEOS_DEPLOYMENT_TARGET = 11.0;
				MTL_ENABLE_DEBUG_INFO = INCLUDE_SOURCE;
				MTL_FAST_MATH = YES;
				ONLY_ACTIVE_ARCH = YES;
				SDKROOT = iphoneos;
				VERSIONING_SYSTEM = "apple-generic";
				VERSION_INFO_PREFIX = "";
			};
			name = Debug;
		};
		EFAEC71727AFFB2600C424B7 /* Release */ = {
			isa = XCBuildConfiguration;
			buildSettings = {
				ALWAYS_SEARCH_USER_PATHS = NO;
				CLANG_ANALYZER_NONNULL = YES;
				CLANG_ANALYZER_NUMBER_OBJECT_CONVERSION = YES_AGGRESSIVE;
				CLANG_CXX_LANGUAGE_STANDARD = "gnu++17";
				CLANG_CXX_LIBRARY = "libc++";
				CLANG_ENABLE_MODULES = YES;
				CLANG_ENABLE_OBJC_ARC = YES;
				CLANG_ENABLE_OBJC_WEAK = YES;
				CLANG_WARN_BLOCK_CAPTURE_AUTORELEASING = YES;
				CLANG_WARN_BOOL_CONVERSION = YES;
				CLANG_WARN_COMMA = YES;
				CLANG_WARN_CONSTANT_CONVERSION = YES;
				CLANG_WARN_DEPRECATED_OBJC_IMPLEMENTATIONS = YES;
				CLANG_WARN_DIRECT_OBJC_ISA_USAGE = YES_ERROR;
				CLANG_WARN_DOCUMENTATION_COMMENTS = YES;
				CLANG_WARN_EMPTY_BODY = YES;
				CLANG_WARN_ENUM_CONVERSION = YES;
				CLANG_WARN_INFINITE_RECURSION = YES;
				CLANG_WARN_INT_CONVERSION = YES;
				CLANG_WARN_NON_LITERAL_NULL_CONVERSION = YES;
				CLANG_WARN_OBJC_IMPLICIT_RETAIN_SELF = YES;
				CLANG_WARN_OBJC_LITERAL_CONVERSION = YES;
				CLANG_WARN_OBJC_ROOT_CLASS = YES_ERROR;
				CLANG_WARN_QUOTED_INCLUDE_IN_FRAMEWORK_HEADER = YES;
				CLANG_WARN_RANGE_LOOP_ANALYSIS = YES;
				CLANG_WARN_STRICT_PROTOTYPES = YES;
				CLANG_WARN_SUSPICIOUS_MOVE = YES;
				CLANG_WARN_UNGUARDED_AVAILABILITY = YES_AGGRESSIVE;
				CLANG_WARN_UNREACHABLE_CODE = YES;
				CLANG_WARN__DUPLICATE_METHOD_MATCH = YES;
				COPY_PHASE_STRIP = NO;
				CURRENT_PROJECT_VERSION = 1;
				DEBUG_INFORMATION_FORMAT = "dwarf-with-dsym";
				ENABLE_NS_ASSERTIONS = NO;
				ENABLE_STRICT_OBJC_MSGSEND = YES;
				GCC_C_LANGUAGE_STANDARD = gnu11;
				GCC_NO_COMMON_BLOCKS = YES;
				GCC_WARN_64_TO_32_BIT_CONVERSION = YES;
				GCC_WARN_ABOUT_RETURN_TYPE = YES_ERROR;
				GCC_WARN_UNDECLARED_SELECTOR = YES;
				GCC_WARN_UNINITIALIZED_AUTOS = YES_AGGRESSIVE;
				GCC_WARN_UNUSED_FUNCTION = YES;
				GCC_WARN_UNUSED_VARIABLE = YES;
				IPHONEOS_DEPLOYMENT_TARGET = 11.0;
				MTL_ENABLE_DEBUG_INFO = NO;
				MTL_FAST_MATH = YES;
				SDKROOT = iphoneos;
				VALIDATE_PRODUCT = YES;
				VERSIONING_SYSTEM = "apple-generic";
				VERSION_INFO_PREFIX = "";
			};
			name = Release;
		};
		EFAEC71927AFFB2600C424B7 /* Debug */ = {
			isa = XCBuildConfiguration;
			baseConfigurationReference = F1702D79B324CA9EF4BC9487 /* Pods-ISAdMobAdapter.debug.xcconfig */;
			buildSettings = {
				CODE_SIGN_STYLE = Automatic;
				CURRENT_PROJECT_VERSION = 1;
				DEFINES_MODULE = YES;
				DEVELOPMENT_TEAM = NLKYWCU5C3;
				DYLIB_COMPATIBILITY_VERSION = "";
				DYLIB_CURRENT_VERSION = "";
				DYLIB_INSTALL_NAME_BASE = "@rpath";
				GENERATE_INFOPLIST_FILE = YES;
				INFOPLIST_KEY_NSHumanReadableCopyright = "";
				INSTALL_PATH = "$(LOCAL_LIBRARY_DIR)/Frameworks";
				IPHONEOS_DEPLOYMENT_TARGET = 11.0;
				LD_RUNPATH_SEARCH_PATHS = (
					"$(inherited)",
					"@executable_path/Frameworks",
					"@loader_path/Frameworks",
				);
				MACH_O_TYPE = staticlib;
				MARKETING_VERSION = 1.0;
				OTHER_CFLAGS = "-fno-objc-msgsend-selector-stubs";
				PRODUCT_BUNDLE_IDENTIFIER = com.ironsource.ISAdMobAdapter;
				PRODUCT_NAME = "$(TARGET_NAME:c99extidentifier)";
				SKIP_INSTALL = YES;
				SUPPORTS_MACCATALYST = NO;
				SWIFT_EMIT_LOC_STRINGS = YES;
				TARGETED_DEVICE_FAMILY = "1,2";
			};
			name = Debug;
		};
		EFAEC71A27AFFB2600C424B7 /* Release */ = {
			isa = XCBuildConfiguration;
			baseConfigurationReference = AB91FCCE2B689D573579E9C6 /* Pods-ISAdMobAdapter.release.xcconfig */;
			buildSettings = {
				CODE_SIGN_STYLE = Automatic;
				CURRENT_PROJECT_VERSION = 1;
				DEFINES_MODULE = YES;
				DEVELOPMENT_TEAM = NLKYWCU5C3;
				DYLIB_COMPATIBILITY_VERSION = "";
				DYLIB_CURRENT_VERSION = "";
				DYLIB_INSTALL_NAME_BASE = "@rpath";
				GENERATE_INFOPLIST_FILE = YES;
				INFOPLIST_KEY_NSHumanReadableCopyright = "";
				INSTALL_PATH = "$(LOCAL_LIBRARY_DIR)/Frameworks";
				IPHONEOS_DEPLOYMENT_TARGET = 11.0;
				LD_RUNPATH_SEARCH_PATHS = (
					"$(inherited)",
					"@executable_path/Frameworks",
					"@loader_path/Frameworks",
				);
				MACH_O_TYPE = staticlib;
				MARKETING_VERSION = 1.0;
				OTHER_CFLAGS = "-fno-objc-msgsend-selector-stubs";
				PRODUCT_BUNDLE_IDENTIFIER = com.ironsource.ISAdMobAdapter;
				PRODUCT_NAME = "$(TARGET_NAME:c99extidentifier)";
				SKIP_INSTALL = YES;
				SUPPORTS_MACCATALYST = NO;
				SWIFT_EMIT_LOC_STRINGS = YES;
				TARGETED_DEVICE_FAMILY = "1,2";
			};
			name = Release;
		};
		FDA2182D29546BC3001FBD8C /* Debug */ = {
			isa = XCBuildConfiguration;
			buildSettings = {
				CODE_SIGN_STYLE = Automatic;
				COMBINE_HIDPI_IMAGES = YES;
				CURRENT_PROJECT_VERSION = 1;
				DEVELOPMENT_TEAM = NLKYWCU5C3;
				ENABLE_BITCODE = NO;
				GENERATE_INFOPLIST_FILE = YES;
				INFOPLIST_KEY_NSHumanReadableCopyright = "";
				INFOPLIST_KEY_NSPrincipalClass = "";
				INSTALL_PATH = "$(LOCAL_LIBRARY_DIR)/Bundles";
				IPHONEOS_DEPLOYMENT_TARGET = 12.0;
				MACOSX_DEPLOYMENT_TARGET = 15.1;
				MARKETING_VERSION = 1.0;
				PRODUCT_BUNDLE_IDENTIFIER = com.ironsrcmobile.ISAdMobResources;
				PRODUCT_NAME = "$(TARGET_NAME)";
				SDKROOT = iphoneos;
				SKIP_INSTALL = YES;
				SUPPORTS_MACCATALYST = NO;
				SWIFT_EMIT_LOC_STRINGS = YES;
				TARGETED_DEVICE_FAMILY = "1,2";
				WRAPPER_EXTENSION = bundle;
			};
			name = Debug;
		};
		FDA2182E29546BC3001FBD8C /* Release */ = {
			isa = XCBuildConfiguration;
			buildSettings = {
				CODE_SIGN_STYLE = Automatic;
				COMBINE_HIDPI_IMAGES = YES;
				CURRENT_PROJECT_VERSION = 1;
				DEVELOPMENT_TEAM = NLKYWCU5C3;
				ENABLE_BITCODE = NO;
				GENERATE_INFOPLIST_FILE = YES;
				INFOPLIST_KEY_NSHumanReadableCopyright = "";
				INFOPLIST_KEY_NSPrincipalClass = "";
				INSTALL_PATH = "$(LOCAL_LIBRARY_DIR)/Bundles";
				IPHONEOS_DEPLOYMENT_TARGET = 12.0;
				MACOSX_DEPLOYMENT_TARGET = 15.1;
				MARKETING_VERSION = 1.0;
				PRODUCT_BUNDLE_IDENTIFIER = com.ironsrcmobile.ISAdMobResources;
				PRODUCT_NAME = "$(TARGET_NAME)";
				SDKROOT = iphoneos;
				SKIP_INSTALL = YES;
				SUPPORTS_MACCATALYST = NO;
				SWIFT_EMIT_LOC_STRINGS = YES;
				TARGETED_DEVICE_FAMILY = "1,2";
				WRAPPER_EXTENSION = bundle;
			};
			name = Release;
		};
/* End XCBuildConfiguration section */

/* Begin XCConfigurationList section */
		EFAEC70B27AFFB2600C424B7 /* Build configuration list for PBXProject "ISAdMobAdapter" */ = {
			isa = XCConfigurationList;
			buildConfigurations = (
				EFAEC71627AFFB2600C424B7 /* Debug */,
				EFAEC71727AFFB2600C424B7 /* Release */,
			);
			defaultConfigurationIsVisible = 0;
			defaultConfigurationName = Release;
		};
		EFAEC71827AFFB2600C424B7 /* Build configuration list for PBXNativeTarget "ISAdMobAdapter" */ = {
			isa = XCConfigurationList;
			buildConfigurations = (
				EFAEC71927AFFB2600C424B7 /* Debug */,
				EFAEC71A27AFFB2600C424B7 /* Release */,
			);
			defaultConfigurationIsVisible = 0;
			defaultConfigurationName = Release;
		};
		FDA2182C29546BC3001FBD8C /* Build configuration list for PBXNativeTarget "ISAdMobResources" */ = {
			isa = XCConfigurationList;
			buildConfigurations = (
				FDA2182D29546BC3001FBD8C /* Debug */,
				FDA2182E29546BC3001FBD8C /* Release */,
			);
			defaultConfigurationIsVisible = 0;
			defaultConfigurationName = Release;
		};
/* End XCConfigurationList section */
	};
	rootObject = EFAEC70827AFFB2600C424B7 /* Project object */;
}
