// !$*UTF8*$!
{
	archiveVersion = 1;
	classes = {
	};
	objectVersion = 54;
	objects = {

/* Begin PBXBuildFile section */
		05A06B528211AE4D302A35F5 /* ISMolocoAdapter+Internal.h in Headers */ = {isa = PBXBuildFile; fileRef = C5EDA31AFAD925BDC0BBD181 /* ISMolocoAdapter+Internal.h */; };
		09E70C446996578E6FA63AF5 /* ISMolocoInterstitialAdapter.m in Sources */ = {isa = PBXBuildFile; fileRef = 054F5AB31D365F118C40B070 /* ISMolocoInterstitialAdapter.m */; };
		10B66C6629D7196E28B45112 /* ISMolocoRewardedVideoAdapter.h in Headers */ = {isa = PBXBuildFile; fileRef = BB533510F1D2D60A0CA255C9 /* ISMolocoRewardedVideoAdapter.h */; };
		1674146C43FAA175D1BA8E48 /* ISMolocoInterstitialAdapter.h in Headers */ = {isa = PBXBuildFile; fileRef = 456BE58F598D3C638FF4C5CC /* ISMolocoInterstitialAdapter.h */; };
		170A0E6D4D14ED62EDD39626 /* ISMolocoConstants.h in Headers */ = {isa = PBXBuildFile; fileRef = BC3CCBAF2BBCD533C0A833D8 /* ISMolocoConstants.h */; };
		1B7F364E5E8EE8978974111B /* ISMolocoInterstitialDelegate.h in Headers */ = {isa = PBXBuildFile; fileRef = 402453B2D612045AD99967C4 /* ISMolocoInterstitialDelegate.h */; };
		220F1FCD60ACDEF3584CDECC /* ISMolocoBannerAdapter.m in Sources */ = {isa = PBXBuildFile; fileRef = 1961FDC2CBE14C4E45202294 /* ISMolocoBannerAdapter.m */; };
		2F0243CB5FD76D5D838679CE /* ISMolocoRewardedVideoDelegate.h in Headers */ = {isa = PBXBuildFile; fileRef = D10B4CCEDC3D2E7BBC44A5C0 /* ISMolocoRewardedVideoDelegate.h */; };
		41921AFD388652CE09DF18B0 /* ISMolocoBannerAdapter.h in Headers */ = {isa = PBXBuildFile; fileRef = B49D8B677916E5EBCDB2F8FC /* ISMolocoBannerAdapter.h */; };
		43FACE7D5CA3C6F2583C86EC /* ISMolocoBannerDelegate.h in Headers */ = {isa = PBXBuildFile; fileRef = 51EE71F6C791FD759892C480 /* ISMolocoBannerDelegate.h */; };
		4E57ABF7C2DBADFCDB6D0D59 /* ISMolocoBannerDelegate.m in Sources */ = {isa = PBXBuildFile; fileRef = DF737030E3ACB60FEA95004B /* ISMolocoBannerDelegate.m */; };
		56B833F29E566B05F01CAB21 /* ISMolocoAdapter.m in Sources */ = {isa = PBXBuildFile; fileRef = BBCBC9B2E6CC39C1A7E53363 /* ISMolocoAdapter.m */; };
		86A2F681C2B80568CA1E6917 /* ISMolocoInterstitialDelegate.m in Sources */ = {isa = PBXBuildFile; fileRef = 5E4FEA514AC149D82BAC629E /* ISMolocoInterstitialDelegate.m */; };
		8BFA0A4A93E6CD159A464528 /* ISMolocoAdapter.h in Headers */ = {isa = PBXBuildFile; fileRef = 8180972C8A34C2FC11B6FC8A /* ISMolocoAdapter.h */; settings = {ATTRIBUTES = (Public, ); }; };
		9BE31AE835380E8E58AC7C5C /* ISMolocoRewardedVideoAdapter.m in Sources */ = {isa = PBXBuildFile; fileRef = D858915C8F5F3652D2813430 /* ISMolocoRewardedVideoAdapter.m */; };
		D3B537A269C6D5610AC3D662 /* ISMolocoRewardedVideoDelegate.m in Sources */ = {isa = PBXBuildFile; fileRef = 0FE2CFB2B7674CEE2A6C523A /* ISMolocoRewardedVideoDelegate.m */; };
/* End PBXBuildFile section */

/* Begin PBXFileReference section */
		054F5AB31D365F118C40B070 /* ISMolocoInterstitialAdapter.m */ = {isa = PBXFileReference; lastKnownFileType = sourcecode.c.objc; path = ISMolocoInterstitialAdapter.m; sourceTree = "<group>"; };
		0FE2CFB2B7674CEE2A6C523A /* ISMolocoRewardedVideoDelegate.m */ = {isa = PBXFileReference; lastKnownFileType = sourcecode.c.objc; path = ISMolocoRewardedVideoDelegate.m; sourceTree = "<group>"; };
		1961FDC2CBE14C4E45202294 /* ISMolocoBannerAdapter.m */ = {isa = PBXFileReference; lastKnownFileType = sourcecode.c.objc; path = ISMolocoBannerAdapter.m; sourceTree = "<group>"; };
		402453B2D612045AD99967C4 /* ISMolocoInterstitialDelegate.h */ = {isa = PBXFileReference; lastKnownFileType = sourcecode.c.h; path = ISMolocoInterstitialDelegate.h; sourceTree = "<group>"; };
		456BE58F598D3C638FF4C5CC /* ISMolocoInterstitialAdapter.h */ = {isa = PBXFileReference; lastKnownFileType = sourcecode.c.h; path = ISMolocoInterstitialAdapter.h; sourceTree = "<group>"; };
		51EE71F6C791FD759892C480 /* ISMolocoBannerDelegate.h */ = {isa = PBXFileReference; lastKnownFileType = sourcecode.c.h; path = ISMolocoBannerDelegate.h; sourceTree = "<group>"; };
		5E4FEA514AC149D82BAC629E /* ISMolocoInterstitialDelegate.m */ = {isa = PBXFileReference; lastKnownFileType = sourcecode.c.objc; path = ISMolocoInterstitialDelegate.m; sourceTree = "<group>"; };
		8180972C8A34C2FC11B6FC8A /* ISMolocoAdapter.h */ = {isa = PBXFileReference; lastKnownFileType = sourcecode.c.h; path = ISMolocoAdapter.h; sourceTree = "<group>"; };
		B49D8B677916E5EBCDB2F8FC /* ISMolocoBannerAdapter.h */ = {isa = PBXFileReference; lastKnownFileType = sourcecode.c.h; path = ISMolocoBannerAdapter.h; sourceTree = "<group>"; };
		BB533510F1D2D60A0CA255C9 /* ISMolocoRewardedVideoAdapter.h */ = {isa = PBXFileReference; lastKnownFileType = sourcecode.c.h; path = ISMolocoRewardedVideoAdapter.h; sourceTree = "<group>"; };
		BBCBC9B2E6CC39C1A7E53363 /* ISMolocoAdapter.m */ = {isa = PBXFileReference; lastKnownFileType = sourcecode.c.objc; path = ISMolocoAdapter.m; sourceTree = "<group>"; };
		BC3CCBAF2BBCD533C0A833D8 /* ISMolocoConstants.h */ = {isa = PBXFileReference; lastKnownFileType = sourcecode.c.h; path = ISMolocoConstants.h; sourceTree = "<group>"; };
		C5EDA31AFAD925BDC0BBD181 /* ISMolocoAdapter+Internal.h */ = {isa = PBXFileReference; lastKnownFileType = sourcecode.c.h; path = "ISMolocoAdapter+Internal.h"; sourceTree = "<group>"; };
		D10B4CCEDC3D2E7BBC44A5C0 /* ISMolocoRewardedVideoDelegate.h */ = {isa = PBXFileReference; lastKnownFileType = sourcecode.c.h; path = ISMolocoRewardedVideoDelegate.h; sourceTree = "<group>"; };
		D858915C8F5F3652D2813430 /* ISMolocoRewardedVideoAdapter.m */ = {isa = PBXFileReference; lastKnownFileType = sourcecode.c.objc; path = ISMolocoRewardedVideoAdapter.m; sourceTree = "<group>"; };
		DA9DE395DB6EC290EAA25C42 /* ISMolocoAdapter.framework */ = {isa = PBXFileReference; explicitFileType = wrapper.framework; includeInIndex = 0; path = ISMolocoAdapter.framework; sourceTree = BUILT_PRODUCTS_DIR; };
		DF737030E3ACB60FEA95004B /* ISMolocoBannerDelegate.m */ = {isa = PBXFileReference; lastKnownFileType = sourcecode.c.objc; path = ISMolocoBannerDelegate.m; sourceTree = "<group>"; };
/* End PBXFileReference section */

/* Begin PBXGroup section */
		26FA99F5DDC313E34AFD7AC7 /* Banner */ = {
			isa = PBXGroup;
			children = (
				B49D8B677916E5EBCDB2F8FC /* ISMolocoBannerAdapter.h */,
				1961FDC2CBE14C4E45202294 /* ISMolocoBannerAdapter.m */,
				51EE71F6C791FD759892C480 /* ISMolocoBannerDelegate.h */,
				DF737030E3ACB60FEA95004B /* ISMolocoBannerDelegate.m */,
			);
			path = Banner;
			sourceTree = "<group>";
		};
		2ECABF3DD51B6F32758857BB /* Interstitial */ = {
			isa = PBXGroup;
			children = (
				456BE58F598D3C638FF4C5CC /* ISMolocoInterstitialAdapter.h */,
				054F5AB31D365F118C40B070 /* ISMolocoInterstitialAdapter.m */,
				402453B2D612045AD99967C4 /* ISMolocoInterstitialDelegate.h */,
				5E4FEA514AC149D82BAC629E /* ISMolocoInterstitialDelegate.m */,
			);
			path = Interstitial;
			sourceTree = "<group>";
		};
		4786E57AC2A2EC3029E75E57 = {
			isa = PBXGroup;
			children = (
				887E01702C2F34F4F2307468 /* ISMolocoAdapter */,
				C38F2CAFDF1D0163DA7BBCDD /* Products */,
			);
			sourceTree = "<group>";
		};
		7CBCAADD9700F95E446F91DF /* RewardedVideo */ = {
			isa = PBXGroup;
			children = (
				BB533510F1D2D60A0CA255C9 /* ISMolocoRewardedVideoAdapter.h */,
				D858915C8F5F3652D2813430 /* ISMolocoRewardedVideoAdapter.m */,
				D10B4CCEDC3D2E7BBC44A5C0 /* ISMolocoRewardedVideoDelegate.h */,
				0FE2CFB2B7674CEE2A6C523A /* ISMolocoRewardedVideoDelegate.m */,
			);
			path = RewardedVideo;
			sourceTree = "<group>";
		};
		887E01702C2F34F4F2307468 /* ISMolocoAdapter */ = {
			isa = PBXGroup;
			children = (
				8180972C8A34C2FC11B6FC8A /* ISMolocoAdapter.h */,
				BBCBC9B2E6CC39C1A7E53363 /* ISMolocoAdapter.m */,
				C5EDA31AFAD925BDC0BBD181 /* ISMolocoAdapter+Internal.h */,
				BC3CCBAF2BBCD533C0A833D8 /* ISMolocoConstants.h */,
				26FA99F5DDC313E34AFD7AC7 /* Banner */,
				2ECABF3DD51B6F32758857BB /* Interstitial */,
				7CBCAADD9700F95E446F91DF /* RewardedVideo */,
			);
			path = ISMolocoAdapter;
			sourceTree = "<group>";
		};
		C38F2CAFDF1D0163DA7BBCDD /* Products */ = {
			isa = PBXGroup;
			children = (
				DA9DE395DB6EC290EAA25C42 /* ISMolocoAdapter.framework */,
			);
			name = Products;
			sourceTree = "<group>";
		};
/* End PBXGroup section */

/* Begin PBXHeadersBuildPhase section */
		7D8E4A4222B7D2D1B7BFFF1D /* Headers */ = {
			isa = PBXHeadersBuildPhase;
			buildActionMask = 2147483647;
			files = (
				05A06B528211AE4D302A35F5 /* ISMolocoAdapter+Internal.h in Headers */,
				8BFA0A4A93E6CD159A464528 /* ISMolocoAdapter.h in Headers */,
				41921AFD388652CE09DF18B0 /* ISMolocoBannerAdapter.h in Headers */,
				43FACE7D5CA3C6F2583C86EC /* ISMolocoBannerDelegate.h in Headers */,
				170A0E6D4D14ED62EDD39626 /* ISMolocoConstants.h in Headers */,
				1674146C43FAA175D1BA8E48 /* ISMolocoInterstitialAdapter.h in Headers */,
				1B7F364E5E8EE8978974111B /* ISMolocoInterstitialDelegate.h in Headers */,
				10B66C6629D7196E28B45112 /* ISMolocoRewardedVideoAdapter.h in Headers */,
				2F0243CB5FD76D5D838679CE /* ISMolocoRewardedVideoDelegate.h in Headers */,
			);
			runOnlyForDeploymentPostprocessing = 0;
		};
/* End PBXHeadersBuildPhase section */

/* Begin PBXNativeTarget section */
		33732BA7DBE559FBF1E846D8 /* ISMolocoAdapter */ = {
			isa = PBXNativeTarget;
			buildConfigurationList = 67A1DF67D979790FEEF81F08 /* Build configuration list for PBXNativeTarget "ISMolocoAdapter" */;
			buildPhases = (
				58310AC7E770F98D30F8BFA0 /* Create XCFramework */,
				7D8E4A4222B7D2D1B7BFFF1D /* Headers */,
				6F89075EEB347F5DA170F990 /* Sources */,
			);
			buildRules = (
			);
			dependencies = (
			);
			name = ISMolocoAdapter;
			productName = ISMolocoAdapter;
			productReference = DA9DE395DB6EC290EAA25C42 /* ISMolocoAdapter.framework */;
			productType = "com.apple.product-type.framework";
		};
/* End PBXNativeTarget section */

/* Begin PBXProject section */
		F43EC670A70977AAE7626E1A /* Project object */ = {
			isa = PBXProject;
			attributes = {
				BuildIndependentTargetsInParallel = YES;
				LastUpgradeCheck = 1430;
				TargetAttributes = {
					33732BA7DBE559FBF1E846D8 = {
						DevelopmentTeam = NLKYWCU5C3;
						ProvisioningStyle = AUTOMATIC;
					};
				};
			};
			buildConfigurationList = ED7E396AFA268954E965EF55 /* Build configuration list for PBXProject "ISMolocoAdapter" */;
			compatibilityVersion = "Xcode 14.0";
			developmentRegion = en;
			hasScannedForEncodings = 0;
			knownRegions = (
				Base,
				en,
			);
			mainGroup = 4786E57AC2A2EC3029E75E57;
			projectDirPath = "";
			projectRoot = "";
			targets = (
				33732BA7DBE559FBF1E846D8 /* ISMolocoAdapter */,
			);
		};
/* End PBXProject section */

/* Begin PBXShellScriptBuildPhase section */
		58310AC7E770F98D30F8BFA0 /* Create XCFramework */ = {
			isa = PBXShellScriptBuildPhase;
			buildActionMask = 2147483647;
			files = (
			);
			inputFileListPaths = (
			);
			inputPaths = (
			);
			name = "Create XCFramework";
			outputFileListPaths = (
			);
			outputPaths = (
			);
			runOnlyForDeploymentPostprocessing = 0;
			shellPath = /bin/sh;
			shellScript = "chmod +x BuildScript/add_Git_Hash.sh\nBuildScript/add_Git_Hash.sh\nBuildScript/build_XCFramework.sh";
		};
/* End PBXShellScriptBuildPhase section */

/* Begin PBXSourcesBuildPhase section */
		6F89075EEB347F5DA170F990 /* Sources */ = {
			isa = PBXSourcesBuildPhase;
			buildActionMask = 2147483647;
			files = (
				56B833F29E566B05F01CAB21 /* ISMolocoAdapter.m in Sources */,
				220F1FCD60ACDEF3584CDECC /* ISMolocoBannerAdapter.m in Sources */,
				4E57ABF7C2DBADFCDB6D0D59 /* ISMolocoBannerDelegate.m in Sources */,
				09E70C446996578E6FA63AF5 /* ISMolocoInterstitialAdapter.m in Sources */,
				86A2F681C2B80568CA1E6917 /* ISMolocoInterstitialDelegate.m in Sources */,
				9BE31AE835380E8E58AC7C5C /* ISMolocoRewardedVideoAdapter.m in Sources */,
				D3B537A269C6D5610AC3D662 /* ISMolocoRewardedVideoDelegate.m in Sources */,
			);
			runOnlyForDeploymentPostprocessing = 0;
		};
/* End PBXSourcesBuildPhase section */

/* Begin XCBuildConfiguration section */
		5DF56E800E7F118EDB546BDE /* Debug */ = {
			isa = XCBuildConfiguration;
			buildSettings = {
				BUILD_LIBRARY_FOR_DISTRIBUTION = YES;
				CODE_SIGN_IDENTITY = "";
				CODE_SIGN_STYLE = AUTOMATIC;
				CURRENT_PROJECT_VERSION = 1;
				DEFINES_MODULE = YES;
				DEVELOPMENT_TEAM = NLKYWCU5C3;
				DYLIB_COMPATIBILITY_VERSION = 1;
				DYLIB_CURRENT_VERSION = 1;
				DYLIB_INSTALL_NAME_BASE = "@rpath";
				INFOPLIST_FILE = ISMolocoAdapter/Info.plist;
				INSTALL_PATH = "$(LOCAL_LIBRARY_DIR)/Frameworks";
				IPHONEOS_DEPLOYMENT_TARGET = 12.0;
				LD_RUNPATH_SEARCH_PATHS = (
					"$(inherited)",
					"@executable_path/Frameworks",
				);
				MACH_O_TYPE = staticlib;
				PRODUCT_BUNDLE_IDENTIFIER = com.ironsrcmobile.ISMolocoAdapter;
				SDKROOT = iphoneos;
				SKIP_INSTALL = NO;
				SUPPORTS_MACCATALYST = NO;
				TARGETED_DEVICE_FAMILY = "1,2";
				VERSIONING_SYSTEM = "apple-generic";
			};
			name = Debug;
		};
		D458199109E6DEA747BA4A00 /* Release */ = {
			isa = XCBuildConfiguration;
			buildSettings = {
				ALWAYS_SEARCH_USER_PATHS = NO;
				CLANG_ANALYZER_NONNULL = YES;
				CLANG_ANALYZER_NUMBER_OBJECT_CONVERSION = YES_AGGRESSIVE;
				CLANG_CXX_LANGUAGE_STANDARD = "gnu++14";
				CLANG_CXX_LIBRARY = "libc++";
				CLANG_ENABLE_MODULES = YES;
				CLANG_ENABLE_OBJC_ARC = YES;
				CLANG_ENABLE_OBJC_WEAK = YES;
				CLANG_WARN_BLOCK_CAPTURE_AUTORELEASING = YES;
				CLANG_WARN_BOOL_CONVERSION = YES;
				CLANG_WARN_COMMA = YES;
				CLANG_WARN_CONSTANT_CONVERSION = YES;
				CLANG_WARN_DEPRECATED_OBJC_IMPLEMENTATIONS = YES;
				CLANG_WARN_DIRECT_OBJC_ISA_USAGE = YES_ERROR;
				CLANG_WARN_DOCUMENTATION_COMMENTS = YES;
				CLANG_WARN_EMPTY_BODY = YES;
				CLANG_WARN_ENUM_CONVERSION = YES;
				CLANG_WARN_INFINITE_RECURSION = YES;
				CLANG_WARN_INT_CONVERSION = YES;
				CLANG_WARN_NON_LITERAL_NULL_CONVERSION = YES;
				CLANG_WARN_OBJC_IMPLICIT_RETAIN_SELF = YES;
				CLANG_WARN_OBJC_LITERAL_CONVERSION = YES;
				CLANG_WARN_OBJC_ROOT_CLASS = YES_ERROR;
				CLANG_WARN_QUOTED_INCLUDE_IN_FRAMEWORK_HEADER = YES;
				CLANG_WARN_RANGE_LOOP_ANALYSIS = YES;
				CLANG_WARN_STRICT_PROTOTYPES = YES;
				CLANG_WARN_SUSPICIOUS_MOVE = YES;
				CLANG_WARN_UNGUARDED_AVAILABILITY = YES_AGGRESSIVE;
				CLANG_WARN_UNREACHABLE_CODE = YES;
				CLANG_WARN__DUPLICATE_METHOD_MATCH = YES;
				COPY_PHASE_STRIP = NO;
				DEBUG_INFORMATION_FORMAT = "dwarf-with-dsym";
				ENABLE_NS_ASSERTIONS = NO;
				ENABLE_STRICT_OBJC_MSGSEND = YES;
				GCC_C_LANGUAGE_STANDARD = gnu11;
				GCC_NO_COMMON_BLOCKS = YES;
				GCC_WARN_64_TO_32_BIT_CONVERSION = YES;
				GCC_WARN_ABOUT_RETURN_TYPE = YES_ERROR;
				GCC_WARN_UNDECLARED_SELECTOR = YES;
				GCC_WARN_UNINITIALIZED_AUTOS = YES_AGGRESSIVE;
				GCC_WARN_UNUSED_FUNCTION = YES;
				GCC_WARN_UNUSED_VARIABLE = YES;
				MTL_ENABLE_DEBUG_INFO = NO;
				MTL_FAST_MATH = YES;
				PRODUCT_NAME = "$(TARGET_NAME)";
				SDKROOT = iphoneos;
				SWIFT_COMPILATION_MODE = wholemodule;
				SWIFT_OPTIMIZATION_LEVEL = "-O";
				SWIFT_VERSION = 5.0;
			};
			name = Release;
		};
		DA3A7CB265B55A964FFCA0AF /* Release */ = {
			isa = XCBuildConfiguration;
			buildSettings = {
				BUILD_LIBRARY_FOR_DISTRIBUTION = YES;
				CODE_SIGN_IDENTITY = "";
				CODE_SIGN_STYLE = AUTOMATIC;
				CURRENT_PROJECT_VERSION = 1;
				DEFINES_MODULE = YES;
				DEVELOPMENT_TEAM = NLKYWCU5C3;
				DYLIB_COMPATIBILITY_VERSION = 1;
				DYLIB_CURRENT_VERSION = 1;
				DYLIB_INSTALL_NAME_BASE = "@rpath";
				INFOPLIST_FILE = ISMolocoAdapter/Info.plist;
				INSTALL_PATH = "$(LOCAL_LIBRARY_DIR)/Frameworks";
				IPHONEOS_DEPLOYMENT_TARGET = 12.0;
				LD_RUNPATH_SEARCH_PATHS = (
					"$(inherited)",
					"@executable_path/Frameworks",
				);
				MACH_O_TYPE = staticlib;
				PRODUCT_BUNDLE_IDENTIFIER = com.ironsrcmobile.ISMolocoAdapter;
				SDKROOT = iphoneos;
				SKIP_INSTALL = NO;
				SUPPORTS_MACCATALYST = NO;
				TARGETED_DEVICE_FAMILY = "1,2";
				VERSIONING_SYSTEM = "apple-generic";
			};
			name = Release;
		};
		E7CB54AE4D6E6FEA2028D05B /* Debug */ = {
			isa = XCBuildConfiguration;
			buildSettings = {
				ALWAYS_SEARCH_USER_PATHS = NO;
				CLANG_ANALYZER_NONNULL = YES;
				CLANG_ANALYZER_NUMBER_OBJECT_CONVERSION = YES_AGGRESSIVE;
				CLANG_CXX_LANGUAGE_STANDARD = "gnu++14";
				CLANG_CXX_LIBRARY = "libc++";
				CLANG_ENABLE_MODULES = YES;
				CLANG_ENABLE_OBJC_ARC = YES;
				CLANG_ENABLE_OBJC_WEAK = YES;
				CLANG_WARN_BLOCK_CAPTURE_AUTORELEASING = YES;
				CLANG_WARN_BOOL_CONVERSION = YES;
				CLANG_WARN_COMMA = YES;
				CLANG_WARN_CONSTANT_CONVERSION = YES;
				CLANG_WARN_DEPRECATED_OBJC_IMPLEMENTATIONS = YES;
				CLANG_WARN_DIRECT_OBJC_ISA_USAGE = YES_ERROR;
				CLANG_WARN_DOCUMENTATION_COMMENTS = YES;
				CLANG_WARN_EMPTY_BODY = YES;
				CLANG_WARN_ENUM_CONVERSION = YES;
				CLANG_WARN_INFINITE_RECURSION = YES;
				CLANG_WARN_INT_CONVERSION = YES;
				CLANG_WARN_NON_LITERAL_NULL_CONVERSION = YES;
				CLANG_WARN_OBJC_IMPLICIT_RETAIN_SELF = YES;
				CLANG_WARN_OBJC_LITERAL_CONVERSION = YES;
				CLANG_WARN_OBJC_ROOT_CLASS = YES_ERROR;
				CLANG_WARN_QUOTED_INCLUDE_IN_FRAMEWORK_HEADER = YES;
				CLANG_WARN_RANGE_LOOP_ANALYSIS = YES;
				CLANG_WARN_STRICT_PROTOTYPES = YES;
				CLANG_WARN_SUSPICIOUS_MOVE = YES;
				CLANG_WARN_UNGUARDED_AVAILABILITY = YES_AGGRESSIVE;
				CLANG_WARN_UNREACHABLE_CODE = YES;
				CLANG_WARN__DUPLICATE_METHOD_MATCH = YES;
				COPY_PHASE_STRIP = NO;
				DEBUG_INFORMATION_FORMAT = dwarf;
				ENABLE_STRICT_OBJC_MSGSEND = YES;
				ENABLE_TESTABILITY = YES;
				GCC_C_LANGUAGE_STANDARD = gnu11;
				GCC_DYNAMIC_NO_PIC = NO;
				GCC_NO_COMMON_BLOCKS = YES;
				GCC_OPTIMIZATION_LEVEL = 0;
				GCC_PREPROCESSOR_DEFINITIONS = (
					"$(inherited)",
					"DEBUG=1",
				);
				GCC_WARN_64_TO_32_BIT_CONVERSION = YES;
				GCC_WARN_ABOUT_RETURN_TYPE = YES_ERROR;
				GCC_WARN_UNDECLARED_SELECTOR = YES;
				GCC_WARN_UNINITIALIZED_AUTOS = YES_AGGRESSIVE;
				GCC_WARN_UNUSED_FUNCTION = YES;
				GCC_WARN_UNUSED_VARIABLE = YES;
				MTL_ENABLE_DEBUG_INFO = INCLUDE_SOURCE;
				MTL_FAST_MATH = YES;
				ONLY_ACTIVE_ARCH = YES;
				PRODUCT_NAME = "$(TARGET_NAME)";
				SDKROOT = iphoneos;
				SWIFT_ACTIVE_COMPILATION_CONDITIONS = DEBUG;
				SWIFT_OPTIMIZATION_LEVEL = "-Onone";
				SWIFT_VERSION = 5.0;
			};
			name = Debug;
		};
/* End XCBuildConfiguration section */

/* Begin XCConfigurationList section */
		67A1DF67D979790FEEF81F08 /* Build configuration list for PBXNativeTarget "ISMolocoAdapter" */ = {
			isa = XCConfigurationList;
			buildConfigurations = (
				5DF56E800E7F118EDB546BDE /* Debug */,
				DA3A7CB265B55A964FFCA0AF /* Release */,
			);
			defaultConfigurationIsVisible = 0;
			defaultConfigurationName = Debug;
		};
		ED7E396AFA268954E965EF55 /* Build configuration list for PBXProject "ISMolocoAdapter" */ = {
			isa = XCConfigurationList;
			buildConfigurations = (
				E7CB54AE4D6E6FEA2028D05B /* Debug */,
				D458199109E6DEA747BA4A00 /* Release */,
			);
			defaultConfigurationIsVisible = 0;
			defaultConfigurationName = Debug;
		};
/* End XCConfigurationList section */
	};
	rootObject = F43EC670A70977AAE7626E1A /* Project object */;
}
