// !$*UTF8*$!
{
	archiveVersion = 1;
	classes = {
	};
	objectVersion = 77;
	objects = {

/* Begin PBXBuildFile section */
		0329364EBA4E6EA9FE41EBFF /* ISInMobiBannerDelegate.m in Sources */ = {isa = PBXBuildFile; fileRef = 2F27F8A5F2B160F17FAB4C4B /* ISInMobiBannerDelegate.m */; };
		0579BE8F178A52669E1CCC03 /* ISInMobiBannerAdapter.m in Sources */ = {isa = PBXBuildFile; fileRef = 491BCFE714C795F64E72A45F /* ISInMobiBannerAdapter.m */; };
		059162A44CF2827CA79FCED9 /* ISInMobiBannerDelegate.h in Headers */ = {isa = PBXBuildFile; fileRef = 332225C6BDDA1CC5FEF00267 /* ISInMobiBannerDelegate.h */; };
		0B8F7521D06939FB54F27F7D /* ISInMobiAdapter.m in Sources */ = {isa = PBXBuildFile; fileRef = 12BD94CFB27F40917D52121E /* ISInMobiAdapter.m */; };
		0D5EB39507DE36670EB6FBCD /* ISInMobiRewardedAdapter.m in Sources */ = {isa = PBXBuildFile; fileRef = 5D29D441D35B7580C836DC2F /* ISInMobiRewardedAdapter.m */; };
		0FD7F977A029E155E178CC8C /* ISInMobiInterstitialDelegate.h in Headers */ = {isa = PBXBuildFile; fileRef = CFC87DA48C1189A80A9556EB /* ISInMobiInterstitialDelegate.h */; };
		19588774B417C90AF4652C29 /* ISInMobiRewardedDelegate.m in Sources */ = {isa = PBXBuildFile; fileRef = 268E86FDA7018DA5E003D583 /* ISInMobiRewardedDelegate.m */; };
		78D68E4CC0724038A7BB5EBE /* ISInMobiAdapter+Internal.h in Headers */ = {isa = PBXBuildFile; fileRef = 6DF864F9DC33B7055B84D920 /* ISInMobiAdapter+Internal.h */; };
		98B5CA2255E214A46B502BA1 /* ISInMobiInterstitialAdapter.m in Sources */ = {isa = PBXBuildFile; fileRef = 746E36F00CFAF56BABD68D3C /* ISInMobiInterstitialAdapter.m */; };
		9947ACE9FDEB4FF5CCC80F05 /* ISInMobiConstants.h in Headers */ = {isa = PBXBuildFile; fileRef = 2D7C36883C7D82DAE6B46B57 /* ISInMobiConstants.h */; };
		9B60BC62E5BAA63179A90BE7 /* ISInMobiRewardedDelegate.h in Headers */ = {isa = PBXBuildFile; fileRef = D9CE0B1CCF688C690C030778 /* ISInMobiRewardedDelegate.h */; };
		B04088A21D3A98846F31D0AE /* ISInMobiInterstitialAdapter.h in Headers */ = {isa = PBXBuildFile; fileRef = A57D9ECE940043E935888F1B /* ISInMobiInterstitialAdapter.h */; };
		CF1F22D02291F0072B6FC554 /* ISInMobiAdapter.h in Headers */ = {isa = PBXBuildFile; fileRef = B8E768B9B1A4F9D2CF5D024F /* ISInMobiAdapter.h */; settings = {ATTRIBUTES = (Public, ); }; };
		E91A6D5EECD1DC3E64D53F69 /* ISInMobiBannerAdapter.h in Headers */ = {isa = PBXBuildFile; fileRef = 3886A715D5E497E05A250609 /* ISInMobiBannerAdapter.h */; };
		EC4EBB82F074632C64F50C73 /* ISInMobiRewardedAdapter.h in Headers */ = {isa = PBXBuildFile; fileRef = 468BB2A50EC6D629D175A23C /* ISInMobiRewardedAdapter.h */; };
		EEE53D4F0F8AD1F46F86AB32 /* ISInMobiInterstitialDelegate.m in Sources */ = {isa = PBXBuildFile; fileRef = 5FE4CB12144F4A2D55D7659F /* ISInMobiInterstitialDelegate.m */; };
/* End PBXBuildFile section */

/* Begin PBXFileReference section */
		1293275B6B2032849722760A /* ISInMobiAdapter.framework */ = {isa = PBXFileReference; explicitFileType = wrapper.framework; includeInIndex = 0; path = ISInMobiAdapter.framework; sourceTree = BUILT_PRODUCTS_DIR; };
		12BD94CFB27F40917D52121E /* ISInMobiAdapter.m */ = {isa = PBXFileReference; lastKnownFileType = sourcecode.c.objc; path = ISInMobiAdapter.m; sourceTree = "<group>"; };
		268E86FDA7018DA5E003D583 /* ISInMobiRewardedDelegate.m */ = {isa = PBXFileReference; lastKnownFileType = sourcecode.c.objc; path = ISInMobiRewardedDelegate.m; sourceTree = "<group>"; };
		2D7C36883C7D82DAE6B46B57 /* ISInMobiConstants.h */ = {isa = PBXFileReference; lastKnownFileType = sourcecode.c.h; path = ISInMobiConstants.h; sourceTree = "<group>"; };
		2F27F8A5F2B160F17FAB4C4B /* ISInMobiBannerDelegate.m */ = {isa = PBXFileReference; lastKnownFileType = sourcecode.c.objc; path = ISInMobiBannerDelegate.m; sourceTree = "<group>"; };
		332225C6BDDA1CC5FEF00267 /* ISInMobiBannerDelegate.h */ = {isa = PBXFileReference; lastKnownFileType = sourcecode.c.h; path = ISInMobiBannerDelegate.h; sourceTree = "<group>"; };
		3886A715D5E497E05A250609 /* ISInMobiBannerAdapter.h */ = {isa = PBXFileReference; lastKnownFileType = sourcecode.c.h; path = ISInMobiBannerAdapter.h; sourceTree = "<group>"; };
		468BB2A50EC6D629D175A23C /* ISInMobiRewardedAdapter.h */ = {isa = PBXFileReference; lastKnownFileType = sourcecode.c.h; path = ISInMobiRewardedAdapter.h; sourceTree = "<group>"; };
		491BCFE714C795F64E72A45F /* ISInMobiBannerAdapter.m */ = {isa = PBXFileReference; lastKnownFileType = sourcecode.c.objc; path = ISInMobiBannerAdapter.m; sourceTree = "<group>"; };
		5D29D441D35B7580C836DC2F /* ISInMobiRewardedAdapter.m */ = {isa = PBXFileReference; lastKnownFileType = sourcecode.c.objc; path = ISInMobiRewardedAdapter.m; sourceTree = "<group>"; };
		5FE4CB12144F4A2D55D7659F /* ISInMobiInterstitialDelegate.m */ = {isa = PBXFileReference; lastKnownFileType = sourcecode.c.objc; path = ISInMobiInterstitialDelegate.m; sourceTree = "<group>"; };
		6DF864F9DC33B7055B84D920 /* ISInMobiAdapter+Internal.h */ = {isa = PBXFileReference; lastKnownFileType = sourcecode.c.h; path = "ISInMobiAdapter+Internal.h"; sourceTree = "<group>"; };
		746E36F00CFAF56BABD68D3C /* ISInMobiInterstitialAdapter.m */ = {isa = PBXFileReference; lastKnownFileType = sourcecode.c.objc; path = ISInMobiInterstitialAdapter.m; sourceTree = "<group>"; };
		A57D9ECE940043E935888F1B /* ISInMobiInterstitialAdapter.h */ = {isa = PBXFileReference; lastKnownFileType = sourcecode.c.h; path = ISInMobiInterstitialAdapter.h; sourceTree = "<group>"; };
		B8E768B9B1A4F9D2CF5D024F /* ISInMobiAdapter.h */ = {isa = PBXFileReference; lastKnownFileType = sourcecode.c.h; path = ISInMobiAdapter.h; sourceTree = "<group>"; };
		CFC87DA48C1189A80A9556EB /* ISInMobiInterstitialDelegate.h */ = {isa = PBXFileReference; lastKnownFileType = sourcecode.c.h; path = ISInMobiInterstitialDelegate.h; sourceTree = "<group>"; };
		D9CE0B1CCF688C690C030778 /* ISInMobiRewardedDelegate.h */ = {isa = PBXFileReference; lastKnownFileType = sourcecode.c.h; path = ISInMobiRewardedDelegate.h; sourceTree = "<group>"; };
/* End PBXFileReference section */

/* Begin PBXGroup section */
		11689ED8964A7C5B3B2CAF5E /* Rewarded */ = {
			isa = PBXGroup;
			children = (
				468BB2A50EC6D629D175A23C /* ISInMobiRewardedAdapter.h */,
				5D29D441D35B7580C836DC2F /* ISInMobiRewardedAdapter.m */,
				D9CE0B1CCF688C690C030778 /* ISInMobiRewardedDelegate.h */,
				268E86FDA7018DA5E003D583 /* ISInMobiRewardedDelegate.m */,
			);
			path = Rewarded;
			sourceTree = "<group>";
		};
		1EEA773AB482835C8E4EA8D6 /* ISInMobiAdapter */ = {
			isa = PBXGroup;
			children = (
				B8E768B9B1A4F9D2CF5D024F /* ISInMobiAdapter.h */,
				12BD94CFB27F40917D52121E /* ISInMobiAdapter.m */,
				6DF864F9DC33B7055B84D920 /* ISInMobiAdapter+Internal.h */,
				2D7C36883C7D82DAE6B46B57 /* ISInMobiConstants.h */,
				37CD2FC8369DA78EF2C9A545 /* Banner */,
				75216C764CBE6F6C6DDAA466 /* Interstitial */,
				11689ED8964A7C5B3B2CAF5E /* Rewarded */,
			);
			path = ISInMobiAdapter;
			sourceTree = "<group>";
		};
		2A4CCB7FA38318E6B8A8082C /* Products */ = {
			isa = PBXGroup;
			children = (
				1293275B6B2032849722760A /* ISInMobiAdapter.framework */,
			);
			name = Products;
			sourceTree = "<group>";
		};
		37CD2FC8369DA78EF2C9A545 /* Banner */ = {
			isa = PBXGroup;
			children = (
				3886A715D5E497E05A250609 /* ISInMobiBannerAdapter.h */,
				491BCFE714C795F64E72A45F /* ISInMobiBannerAdapter.m */,
				332225C6BDDA1CC5FEF00267 /* ISInMobiBannerDelegate.h */,
				2F27F8A5F2B160F17FAB4C4B /* ISInMobiBannerDelegate.m */,
			);
			path = Banner;
			sourceTree = "<group>";
		};
		5860FA0B38D99FDC34DD98BC = {
			isa = PBXGroup;
			children = (
				1EEA773AB482835C8E4EA8D6 /* ISInMobiAdapter */,
				2A4CCB7FA38318E6B8A8082C /* Products */,
			);
			sourceTree = "<group>";
		};
		75216C764CBE6F6C6DDAA466 /* Interstitial */ = {
			isa = PBXGroup;
			children = (
				A57D9ECE940043E935888F1B /* ISInMobiInterstitialAdapter.h */,
				746E36F00CFAF56BABD68D3C /* ISInMobiInterstitialAdapter.m */,
				CFC87DA48C1189A80A9556EB /* ISInMobiInterstitialDelegate.h */,
				5FE4CB12144F4A2D55D7659F /* ISInMobiInterstitialDelegate.m */,
			);
			path = Interstitial;
			sourceTree = "<group>";
		};
/* End PBXGroup section */

/* Begin PBXHeadersBuildPhase section */
		1B8DC65B04AB68F293749D45 /* Headers */ = {
			isa = PBXHeadersBuildPhase;
			buildActionMask = 2147483647;
			files = (
				78D68E4CC0724038A7BB5EBE /* ISInMobiAdapter+Internal.h in Headers */,
				CF1F22D02291F0072B6FC554 /* ISInMobiAdapter.h in Headers */,
				E91A6D5EECD1DC3E64D53F69 /* ISInMobiBannerAdapter.h in Headers */,
				059162A44CF2827CA79FCED9 /* ISInMobiBannerDelegate.h in Headers */,
				9947ACE9FDEB4FF5CCC80F05 /* ISInMobiConstants.h in Headers */,
				B04088A21D3A98846F31D0AE /* ISInMobiInterstitialAdapter.h in Headers */,
				0FD7F977A029E155E178CC8C /* ISInMobiInterstitialDelegate.h in Headers */,
				EC4EBB82F074632C64F50C73 /* ISInMobiRewardedAdapter.h in Headers */,
				9B60BC62E5BAA63179A90BE7 /* ISInMobiRewardedDelegate.h in Headers */,
			);
			runOnlyForDeploymentPostprocessing = 0;
		};
/* End PBXHeadersBuildPhase section */

/* Begin PBXNativeTarget section */
		A74C03E3A2FD4783AD8044F5 /* ISInMobiAdapter */ = {
			isa = PBXNativeTarget;
			buildConfigurationList = D210A03498C459C35FBAF3BB /* Build configuration list for PBXNativeTarget "ISInMobiAdapter" */;
			buildPhases = (
				FE7C99F6C74A867ED6BDE416 /* Create XCFramework */,
				1B8DC65B04AB68F293749D45 /* Headers */,
				84A30A7EFBFC958E992ADD21 /* Sources */,
			);
			buildRules = (
			);
			dependencies = (
			);
			name = ISInMobiAdapter;
			packageProductDependencies = (
			);
			productName = ISInMobiAdapter;
			productReference = 1293275B6B2032849722760A /* ISInMobiAdapter.framework */;
			productType = "com.apple.product-type.framework";
		};
/* End PBXNativeTarget section */

/* Begin PBXProject section */
		10D0B4A69FD2040518C5FBCE /* Project object */ = {
			isa = PBXProject;
			attributes = {
				BuildIndependentTargetsInParallel = YES;
				LastUpgradeCheck = 1430;
				TargetAttributes = {
					A74C03E3A2FD4783AD8044F5 = {
						DevelopmentTeam = NLKYWCU5C3;
						ProvisioningStyle = AUTOMATIC;
					};
				};
			};
			buildConfigurationList = FACA308597AB64A8EAD2FAF8 /* Build configuration list for PBXProject "ISInMobiAdapter" */;
			developmentRegion = en;
			hasScannedForEncodings = 0;
			knownRegions = (
				Base,
				en,
			);
			mainGroup = 5860FA0B38D99FDC34DD98BC;
			minimizedProjectReferenceProxies = 1;
			preferredProjectObjectVersion = 77;
			productRefGroup = 2A4CCB7FA38318E6B8A8082C /* Products */;
			projectDirPath = "";
			projectRoot = "";
			targets = (
				A74C03E3A2FD4783AD8044F5 /* ISInMobiAdapter */,
			);
		};
/* End PBXProject section */

/* Begin PBXShellScriptBuildPhase section */
		FE7C99F6C74A867ED6BDE416 /* Create XCFramework */ = {
			isa = PBXShellScriptBuildPhase;
			buildActionMask = 2147483647;
			files = (
			);
			inputFileListPaths = (
			);
			inputPaths = (
			);
			name = "Create XCFramework";
			outputFileListPaths = (
			);
			outputPaths = (
			);
			runOnlyForDeploymentPostprocessing = 0;
			shellPath = /bin/sh;
			shellScript = "chmod +x BuildScript/add_Git_Hash.sh\nBuildScript/add_Git_Hash.sh\nBuildScript/build_XCFramework.sh";
		};
/* End PBXShellScriptBuildPhase section */

/* Begin PBXSourcesBuildPhase section */
		84A30A7EFBFC958E992ADD21 /* Sources */ = {
			isa = PBXSourcesBuildPhase;
			buildActionMask = 2147483647;
			files = (
				0B8F7521D06939FB54F27F7D /* ISInMobiAdapter.m in Sources */,
				0579BE8F178A52669E1CCC03 /* ISInMobiBannerAdapter.m in Sources */,
				0329364EBA4E6EA9FE41EBFF /* ISInMobiBannerDelegate.m in Sources */,
				98B5CA2255E214A46B502BA1 /* ISInMobiInterstitialAdapter.m in Sources */,
				EEE53D4F0F8AD1F46F86AB32 /* ISInMobiInterstitialDelegate.m in Sources */,
				0D5EB39507DE36670EB6FBCD /* ISInMobiRewardedAdapter.m in Sources */,
				19588774B417C90AF4652C29 /* ISInMobiRewardedDelegate.m in Sources */,
			);
			runOnlyForDeploymentPostprocessing = 0;
		};
/* End PBXSourcesBuildPhase section */

/* Begin XCBuildConfiguration section */
		0242B6FD972673CFA107B453 /* Release */ = {
			isa = XCBuildConfiguration;
			buildSettings = {
				ALWAYS_SEARCH_USER_PATHS = NO;
				CLANG_ANALYZER_NONNULL = YES;
				CLANG_ANALYZER_NUMBER_OBJECT_CONVERSION = YES_AGGRESSIVE;
				CLANG_CXX_LANGUAGE_STANDARD = "gnu++14";
				CLANG_CXX_LIBRARY = "libc++";
				CLANG_ENABLE_MODULES = YES;
				CLANG_ENABLE_OBJC_ARC = YES;
				CLANG_ENABLE_OBJC_WEAK = YES;
				CLANG_WARN_BLOCK_CAPTURE_AUTORELEASING = YES;
				CLANG_WARN_BOOL_CONVERSION = YES;
				CLANG_WARN_COMMA = YES;
				CLANG_WARN_CONSTANT_CONVERSION = YES;
				CLANG_WARN_DEPRECATED_OBJC_IMPLEMENTATIONS = YES;
				CLANG_WARN_DIRECT_OBJC_ISA_USAGE = YES_ERROR;
				CLANG_WARN_DOCUMENTATION_COMMENTS = YES;
				CLANG_WARN_EMPTY_BODY = YES;
				CLANG_WARN_ENUM_CONVERSION = YES;
				CLANG_WARN_INFINITE_RECURSION = YES;
				CLANG_WARN_INT_CONVERSION = YES;
				CLANG_WARN_NON_LITERAL_NULL_CONVERSION = YES;
				CLANG_WARN_OBJC_IMPLICIT_RETAIN_SELF = YES;
				CLANG_WARN_OBJC_LITERAL_CONVERSION = YES;
				CLANG_WARN_OBJC_ROOT_CLASS = YES_ERROR;
				CLANG_WARN_QUOTED_INCLUDE_IN_FRAMEWORK_HEADER = YES;
				CLANG_WARN_RANGE_LOOP_ANALYSIS = YES;
				CLANG_WARN_STRICT_PROTOTYPES = YES;
				CLANG_WARN_SUSPICIOUS_MOVE = YES;
				CLANG_WARN_UNGUARDED_AVAILABILITY = YES_AGGRESSIVE;
				CLANG_WARN_UNREACHABLE_CODE = YES;
				CLANG_WARN__DUPLICATE_METHOD_MATCH = YES;
				COPY_PHASE_STRIP = NO;
				DEBUG_INFORMATION_FORMAT = "dwarf-with-dsym";
				ENABLE_NS_ASSERTIONS = NO;
				ENABLE_STRICT_OBJC_MSGSEND = YES;
				GCC_C_LANGUAGE_STANDARD = gnu11;
				GCC_NO_COMMON_BLOCKS = YES;
				GCC_WARN_64_TO_32_BIT_CONVERSION = YES;
				GCC_WARN_ABOUT_RETURN_TYPE = YES_ERROR;
				GCC_WARN_UNDECLARED_SELECTOR = YES;
				GCC_WARN_UNINITIALIZED_AUTOS = YES_AGGRESSIVE;
				GCC_WARN_UNUSED_FUNCTION = YES;
				GCC_WARN_UNUSED_VARIABLE = YES;
				MTL_ENABLE_DEBUG_INFO = NO;
				MTL_FAST_MATH = YES;
				PRODUCT_NAME = "$(TARGET_NAME)";
				SDKROOT = iphoneos;
				SWIFT_COMPILATION_MODE = wholemodule;
				SWIFT_OPTIMIZATION_LEVEL = "-O";
				SWIFT_VERSION = 5.0;
			};
			name = Release;
		};
		0B857A9954B339C6F9D4FC62 /* Release */ = {
			isa = XCBuildConfiguration;
			buildSettings = {
				BUILD_LIBRARY_FOR_DISTRIBUTION = YES;
				CODE_SIGN_IDENTITY = "";
				CODE_SIGN_STYLE = AUTOMATIC;
				CURRENT_PROJECT_VERSION = 1;
				DEFINES_MODULE = YES;
				DEVELOPMENT_TEAM = NLKYWCU5C3;
				DYLIB_COMPATIBILITY_VERSION = 1;
				DYLIB_CURRENT_VERSION = 1;
				DYLIB_INSTALL_NAME_BASE = "@rpath";
				INFOPLIST_FILE = ISInMobiAdapter/Info.plist;
				INSTALL_PATH = "$(LOCAL_LIBRARY_DIR)/Frameworks";
				IPHONEOS_DEPLOYMENT_TARGET = 12.0;
				LD_RUNPATH_SEARCH_PATHS = (
					"$(inherited)",
					"@executable_path/Frameworks",
				);
				MACH_O_TYPE = staticlib;
				PRODUCT_BUNDLE_IDENTIFIER = com.ironsrcmobile.ISInMobiAdapter;
				SDKROOT = iphoneos;
				SKIP_INSTALL = NO;
				SUPPORTS_MACCATALYST = NO;
				TARGETED_DEVICE_FAMILY = "1,2";
				VERSIONING_SYSTEM = "apple-generic";
			};
			name = Release;
		};
		F319BEC6D0DB96D2E640DB0B /* Debug */ = {
			isa = XCBuildConfiguration;
			buildSettings = {
				BUILD_LIBRARY_FOR_DISTRIBUTION = YES;
				CODE_SIGN_IDENTITY = "";
				CODE_SIGN_STYLE = AUTOMATIC;
				CURRENT_PROJECT_VERSION = 1;
				DEFINES_MODULE = YES;
				DEVELOPMENT_TEAM = NLKYWCU5C3;
				DYLIB_COMPATIBILITY_VERSION = 1;
				DYLIB_CURRENT_VERSION = 1;
				DYLIB_INSTALL_NAME_BASE = "@rpath";
				INFOPLIST_FILE = ISInMobiAdapter/Info.plist;
				INSTALL_PATH = "$(LOCAL_LIBRARY_DIR)/Frameworks";
				IPHONEOS_DEPLOYMENT_TARGET = 12.0;
				LD_RUNPATH_SEARCH_PATHS = (
					"$(inherited)",
					"@executable_path/Frameworks",
				);
				MACH_O_TYPE = staticlib;
				PRODUCT_BUNDLE_IDENTIFIER = com.ironsrcmobile.ISInMobiAdapter;
				SDKROOT = iphoneos;
				SKIP_INSTALL = NO;
				SUPPORTS_MACCATALYST = NO;
				TARGETED_DEVICE_FAMILY = "1,2";
				VERSIONING_SYSTEM = "apple-generic";
			};
			name = Debug;
		};
		FED346336A15774BEF13611D /* Debug */ = {
			isa = XCBuildConfiguration;
			buildSettings = {
				ALWAYS_SEARCH_USER_PATHS = NO;
				CLANG_ANALYZER_NONNULL = YES;
				CLANG_ANALYZER_NUMBER_OBJECT_CONVERSION = YES_AGGRESSIVE;
				CLANG_CXX_LANGUAGE_STANDARD = "gnu++14";
				CLANG_CXX_LIBRARY = "libc++";
				CLANG_ENABLE_MODULES = YES;
				CLANG_ENABLE_OBJC_ARC = YES;
				CLANG_ENABLE_OBJC_WEAK = YES;
				CLANG_WARN_BLOCK_CAPTURE_AUTORELEASING = YES;
				CLANG_WARN_BOOL_CONVERSION = YES;
				CLANG_WARN_COMMA = YES;
				CLANG_WARN_CONSTANT_CONVERSION = YES;
				CLANG_WARN_DEPRECATED_OBJC_IMPLEMENTATIONS = YES;
				CLANG_WARN_DIRECT_OBJC_ISA_USAGE = YES_ERROR;
				CLANG_WARN_DOCUMENTATION_COMMENTS = YES;
				CLANG_WARN_EMPTY_BODY = YES;
				CLANG_WARN_ENUM_CONVERSION = YES;
				CLANG_WARN_INFINITE_RECURSION = YES;
				CLANG_WARN_INT_CONVERSION = YES;
				CLANG_WARN_NON_LITERAL_NULL_CONVERSION = YES;
				CLANG_WARN_OBJC_IMPLICIT_RETAIN_SELF = YES;
				CLANG_WARN_OBJC_LITERAL_CONVERSION = YES;
				CLANG_WARN_OBJC_ROOT_CLASS = YES_ERROR;
				CLANG_WARN_QUOTED_INCLUDE_IN_FRAMEWORK_HEADER = YES;
				CLANG_WARN_RANGE_LOOP_ANALYSIS = YES;
				CLANG_WARN_STRICT_PROTOTYPES = YES;
				CLANG_WARN_SUSPICIOUS_MOVE = YES;
				CLANG_WARN_UNGUARDED_AVAILABILITY = YES_AGGRESSIVE;
				CLANG_WARN_UNREACHABLE_CODE = YES;
				CLANG_WARN__DUPLICATE_METHOD_MATCH = YES;
				COPY_PHASE_STRIP = NO;
				DEBUG_INFORMATION_FORMAT = dwarf;
				ENABLE_STRICT_OBJC_MSGSEND = YES;
				ENABLE_TESTABILITY = YES;
				GCC_C_LANGUAGE_STANDARD = gnu11;
				GCC_DYNAMIC_NO_PIC = NO;
				GCC_NO_COMMON_BLOCKS = YES;
				GCC_OPTIMIZATION_LEVEL = 0;
				GCC_PREPROCESSOR_DEFINITIONS = (
					"$(inherited)",
					"DEBUG=1",
				);
				GCC_WARN_64_TO_32_BIT_CONVERSION = YES;
				GCC_WARN_ABOUT_RETURN_TYPE = YES_ERROR;
				GCC_WARN_UNDECLARED_SELECTOR = YES;
				GCC_WARN_UNINITIALIZED_AUTOS = YES_AGGRESSIVE;
				GCC_WARN_UNUSED_FUNCTION = YES;
				GCC_WARN_UNUSED_VARIABLE = YES;
				MTL_ENABLE_DEBUG_INFO = INCLUDE_SOURCE;
				MTL_FAST_MATH = YES;
				ONLY_ACTIVE_ARCH = YES;
				PRODUCT_NAME = "$(TARGET_NAME)";
				SDKROOT = iphoneos;
				SWIFT_ACTIVE_COMPILATION_CONDITIONS = DEBUG;
				SWIFT_OPTIMIZATION_LEVEL = "-Onone";
				SWIFT_VERSION = 5.0;
			};
			name = Debug;
		};
/* End XCBuildConfiguration section */

/* Begin XCConfigurationList section */
		D210A03498C459C35FBAF3BB /* Build configuration list for PBXNativeTarget "ISInMobiAdapter" */ = {
			isa = XCConfigurationList;
			buildConfigurations = (
				F319BEC6D0DB96D2E640DB0B /* Debug */,
				0B857A9954B339C6F9D4FC62 /* Release */,
			);
			defaultConfigurationIsVisible = 0;
			defaultConfigurationName = Debug;
		};
		FACA308597AB64A8EAD2FAF8 /* Build configuration list for PBXProject "ISInMobiAdapter" */ = {
			isa = XCConfigurationList;
			buildConfigurations = (
				FED346336A15774BEF13611D /* Debug */,
				0242B6FD972673CFA107B453 /* Release */,
			);
			defaultConfigurationIsVisible = 0;
			defaultConfigurationName = Debug;
		};
/* End XCConfigurationList section */
	};
	rootObject = 10D0B4A69FD2040518C5FBCE /* Project object */;
}
